
Microsoft Visual Studio Solution File, Format Version 11.00
# Visual Studio 2010
Project("{FAE04EC0-301F-11D3-BF4B-00C04F79EFBC}") = "BytecodeTranslator", "BytecodeTranslator\BytecodeTranslator.csproj", "{9C8E4D74-0251-479D-ADAC-A9A469977301}"
EndProject
Project("{2150E333-8FDC-42A3-9474-1A3956D46DE8}") = "RegressionTests", "RegressionTests", "{AA77A7CB-972F-4A5C-A16C-3810B448F6EA}"
EndProject
Project("{FAE04EC0-301F-11D3-BF4B-00C04F79EFBC}") = "RegressionTestInput", "RegressionTests\RegressionTestInput\RegressionTestInput.csproj", "{3D13D2CC-6387-46FA-BDC2-4BEEFC460118}"
EndProject
Project("{FAE04EC0-301F-11D3-BF4B-00C04F79EFBC}") = "TranslationTest", "RegressionTests\TranslationTest\TranslationTest.csproj", "{A112AFBA-D6F6-44A4-A683-C3D458A68D84}"
EndProject
Project("{2150E333-8FDC-42A3-9474-1A3956D46DE8}") = "Solution Items", "Solution Items", "{45E691A6-BFA4-4545-93AC-EA7290A6B565}"
	ProjectSection(SolutionItems) = preProject
		BCT.vsmdi = BCT.vsmdi
		Local.testsettings = Local.testsettings
		TraceAndTestImpact.testsettings = TraceAndTestImpact.testsettings
	EndProjectSection
EndProject
Project("{FAE04EC0-301F-11D3-BF4B-00C04F79EFBC}") = "TranslationPlugins", "TranslationPlugins\TranslationPlugins.csproj", "{8C242D42-9714-440F-884D-F64F09E78C7B}"
EndProject
Project("{FAE04EC0-301F-11D3-BF4B-00C04F79EFBC}") = "AssertionInjector", "GetMeHere\AssertionInjector\AssertionInjector.csproj", "{F55B9215-F618-4DCD-AD4C-2DB72CAE5A99}"
EndProject
Project("{FAE04EC0-301F-11D3-BF4B-00C04F79EFBC}") = "CodeModel", "..\..\CCICodeBox\CoreObjectModel\CodeModel\CodeModel.csproj", "{035FEA7F-0D36-4AE4-B694-EC45191B9AF2}"
EndProject
Project("{FAE04EC0-301F-11D3-BF4B-00C04F79EFBC}") = "ContractExtractor", "..\..\CCICodeBox\Converters\ContractExtractor\ContractExtractor.csproj", "{0703D916-A881-45E6-A5CD-6BC50E2E30E2}"
EndProject
Project("{FAE04EC0-301F-11D3-BF4B-00C04F79EFBC}") = "ILToCodeModel", "..\..\CCICodeBox\Converters\ILToCodeModel\ILToCodeModel.csproj", "{27F2A417-B6ED-43AD-A38E-A0B6142216F6}"
EndProject
Project("{FAE04EC0-301F-11D3-BF4B-00C04F79EFBC}") = "MetadataHelper", "..\..\CCICodeBox\CoreObjectModel\MetadataHelper\MetadataHelper.csproj", "{4A34A3C5-6176-49D7-A4C5-B2B671247F8F}"
EndProject
Project("{FAE04EC0-301F-11D3-BF4B-00C04F79EFBC}") = "MetadataModel", "..\..\CCICodeBox\CoreObjectModel\MetadataModel\MetadataModel.csproj", "{33CAB640-0D03-43DF-81BD-22CDC6C0A597}"
EndProject
Project("{FAE04EC0-301F-11D3-BF4B-00C04F79EFBC}") = "MutableCodeModel", "..\..\CCICodeBox\CoreObjectModel\MutableCodeModel\MutableCodeModel.csproj", "{319E150C-8F33-49E7-81CA-30F02F9BA90A}"
EndProject
Project("{FAE04EC0-301F-11D3-BF4B-00C04F79EFBC}") = "MutableMetadataModel", "..\..\CCICodeBox\CoreObjectModel\MutableMetadataModel\MutableMetadataModel.csproj", "{319E151C-8F33-49E7-81C9-30F02F9BA90A}"
EndProject
Project("{FAE04EC0-301F-11D3-BF4B-00C04F79EFBC}") = "PdbReader", "..\..\CCICodeBox\PDBReaderAndWriter\PdbReader\PdbReader.csproj", "{A6A31B03-7C3D-4DE6-AA73-BE88116BC40A}"
EndProject
Project("{FAE04EC0-301F-11D3-BF4B-00C04F79EFBC}") = "PeReader", "..\..\CCICodeBox\PEReaderAndWriter\PEReader\PeReader.csproj", "{34B9A0CE-DF18-4CBC-8F7A-90C2B74338D5}"
EndProject
Project("{FAE04EC0-301F-11D3-BF4B-00C04F79EFBC}") = "SourceModel", "..\..\CCICodeBox\CoreObjectModel\SourceModel\SourceModel.csproj", "{4B0054FD-124A-4037-9965-BDB55E6BF389}"
EndProject
Project("{FAE04EC0-301F-11D3-BF4B-00C04F79EFBC}") = "ILGenerator", "..\..\CCICodeBox\Converters\ILGenerator\ILGenerator.csproj", "{08156C78-403A-4112-AD81-8646AC51CD2F}"
EndProject
Project("{FAE04EC0-301F-11D3-BF4B-00C04F79EFBC}") = "PeWriter", "..\..\CCICodeBox\PEReaderAndWriter\PEWriter\PeWriter.csproj", "{304A8B0B-851B-4AA6-A17D-5F87F39C5E5C}"
EndProject
Project("{FAE04EC0-301F-11D3-BF4B-00C04F79EFBC}") = "CodeModelToIL", "..\..\CCICodeBox\Converters\CodeModelToIL\CodeModelToIL.csproj", "{CEB76EA1-A168-49B0-A410-2C4195FEE86F}"
EndProject
Project("{FAE04EC0-301F-11D3-BF4B-00C04F79EFBC}") = "PdbWriter", "..\..\CCICodeBox\PDBReaderAndWriter\PdbWriter\PdbWriter.csproj", "{6D83F687-ABB5-40B3-915E-CA53DA0EB7F3}"
EndProject
Project("{FAE04EC0-301F-11D3-BF4B-00C04F79EFBC}") = "Microsoft.Contracts", "..\..\CCICodeBox\Microsoft.Contracts\Microsoft.Contracts.csproj", "{B114E5FF-F2A2-4BE7-8AF1-936FC87030F0}"
EndProject
Project("{FAE04EC0-301F-11D3-BF4B-00C04F79EFBC}") = "ILGarbageCollect", "..\..\CCICodeBox\Samples\ILGarbageCollect\ILGarbageCollect.csproj", "{60CD0C85-1E4A-4068-A4EC-D15B7981A908}"
EndProject
Global
	GlobalSection(TeamFoundationVersionControl) = preSolution
		SccNumberOfProjects = 16
		SccEnterpriseProvider = {4CA58AB2-18FA-4F8D-95D4-32DDF27D184C}
		SccTeamFoundationServer = http://vstfcodebox:8080/tfs/psi
		SccProjectUniqueName0 = ..\\..\\CCICodeBox\\CoreObjectModel\\CodeModel\\CodeModel.csproj
		SccProjectName0 = $/cci/CoreObjectModel/CodeModel
		SccAuxPath0 = http://vstfcodebox:8080/tfs/psi
		SccLocalPath0 = ..\\..\\CCICodeBox\\CoreObjectModel\\CodeModel
		SccProvider0 = {4CA58AB2-18FA-4F8D-95D4-32DDF27D184C}
		SccProjectUniqueName1 = ..\\..\\CCICodeBox\\Converters\\ContractExtractor\\ContractExtractor.csproj
		SccProjectName1 = $/cci/Converters/ContractExtractor
		SccAuxPath1 = http://vstfcodebox:8080/tfs/psi
		SccLocalPath1 = ..\\..\\CCICodeBox\\Converters\\ContractExtractor
		SccProvider1 = {4CA58AB2-18FA-4F8D-95D4-32DDF27D184C}
		SccProjectUniqueName2 = ..\\..\\CCICodeBox\\Converters\\ILToCodeModel\\ILToCodeModel.csproj
		SccProjectName2 = $/cci/Converters/ILToCodeModel
		SccAuxPath2 = http://vstfcodebox:8080/tfs/psi
		SccLocalPath2 = ..\\..\\CCICodeBox\\Converters\\ILToCodeModel
		SccProvider2 = {4CA58AB2-18FA-4F8D-95D4-32DDF27D184C}
		SccProjectUniqueName3 = ..\\..\\CCICodeBox\\CoreObjectModel\\MetadataHelper\\MetadataHelper.csproj
		SccProjectName3 = $/cci/CoreObjectModel/MetadataHelper
		SccAuxPath3 = http://vstfcodebox:8080/tfs/psi
		SccLocalPath3 = ..\\..\\CCICodeBox\\CoreObjectModel\\MetadataHelper
		SccProvider3 = {4CA58AB2-18FA-4F8D-95D4-32DDF27D184C}
		SccProjectUniqueName4 = ..\\..\\CCICodeBox\\CoreObjectModel\\MetadataModel\\MetadataModel.csproj
		SccProjectName4 = $/cci/CoreObjectModel/MetadataModel
		SccAuxPath4 = http://vstfcodebox:8080/tfs/psi
		SccLocalPath4 = ..\\..\\CCICodeBox\\CoreObjectModel\\MetadataModel
		SccProvider4 = {4CA58AB2-18FA-4F8D-95D4-32DDF27D184C}
		SccProjectUniqueName5 = ..\\..\\CCICodeBox\\CoreObjectModel\\MutableCodeModel\\MutableCodeModel.csproj
		SccProjectName5 = $/cci/CoreObjectModel/MutableCodeModel
		SccAuxPath5 = http://vstfcodebox:8080/tfs/psi
		SccLocalPath5 = ..\\..\\CCICodeBox\\CoreObjectModel\\MutableCodeModel
		SccProvider5 = {4CA58AB2-18FA-4F8D-95D4-32DDF27D184C}
		SccProjectUniqueName6 = ..\\..\\CCICodeBox\\CoreObjectModel\\MutableMetadataModel\\MutableMetadataModel.csproj
		SccProjectName6 = $/cci/CoreObjectModel/MutableMetadataModel
		SccAuxPath6 = http://vstfcodebox:8080/tfs/psi
		SccLocalPath6 = ..\\..\\CCICodeBox\\CoreObjectModel\\MutableMetadataModel
		SccProvider6 = {4CA58AB2-18FA-4F8D-95D4-32DDF27D184C}
		SccProjectUniqueName7 = ..\\..\\CCICodeBox\\PDBReaderAndWriter\\PdbReader\\PdbReader.csproj
		SccProjectName7 = $/cci/PDBReaderAndWriter/PdbReader
		SccAuxPath7 = http://vstfcodebox:8080/tfs/psi
		SccLocalPath7 = ..\\..\\CCICodeBox\\PDBReaderAndWriter\\PdbReader
		SccProvider7 = {4CA58AB2-18FA-4F8D-95D4-32DDF27D184C}
		SccProjectUniqueName8 = ..\\..\\CCICodeBox\\PEReaderAndWriter\\PEReader\\PeReader.csproj
		SccProjectName8 = $/cci/PEReaderAndWriter/PEReader
		SccAuxPath8 = http://vstfcodebox:8080/tfs/psi
		SccLocalPath8 = ..\\..\\CCICodeBox\\PEReaderAndWriter\\PEReader
		SccProvider8 = {4CA58AB2-18FA-4F8D-95D4-32DDF27D184C}
		SccProjectUniqueName9 = ..\\..\\CCICodeBox\\CoreObjectModel\\SourceModel\\SourceModel.csproj
		SccProjectName9 = $/cci/CoreObjectModel/SourceModel
		SccAuxPath9 = http://vstfcodebox:8080/tfs/psi
		SccLocalPath9 = ..\\..\\CCICodeBox\\CoreObjectModel\\SourceModel
		SccProvider9 = {4CA58AB2-18FA-4F8D-95D4-32DDF27D184C}
		SccProjectUniqueName10 = ..\\..\\CCICodeBox\\Converters\\ILGenerator\\ILGenerator.csproj
		SccProjectName10 = $/cci/Converters/ILGenerator
		SccAuxPath10 = http://vstfcodebox:8080/tfs/psi
		SccLocalPath10 = ..\\..\\CCICodeBox\\Converters\\ILGenerator
		SccProvider10 = {4CA58AB2-18FA-4F8D-95D4-32DDF27D184C}
		SccProjectUniqueName11 = ..\\..\\CCICodeBox\\PEReaderAndWriter\\PEWriter\\PeWriter.csproj
		SccProjectName11 = $/cci/PEReaderAndWriter/PEWriter
		SccAuxPath11 = http://vstfcodebox:8080/tfs/psi
		SccLocalPath11 = ..\\..\\CCICodeBox\\PEReaderAndWriter\\PEWriter
		SccProvider11 = {4CA58AB2-18FA-4F8D-95D4-32DDF27D184C}
		SccProjectUniqueName12 = ..\\..\\CCICodeBox\\Converters\\CodeModelToIL\\CodeModelToIL.csproj
		SccProjectName12 = $/cci/Converters/CodeModelToIL
		SccAuxPath12 = http://vstfcodebox:8080/tfs/psi
		SccLocalPath12 = ..\\..\\CCICodeBox\\Converters\\CodeModelToIL
		SccProvider12 = {4CA58AB2-18FA-4F8D-95D4-32DDF27D184C}
		SccProjectUniqueName13 = ..\\..\\CCICodeBox\\PDBReaderAndWriter\\PdbWriter\\PdbWriter.csproj
		SccProjectName13 = $/cci/PDBReaderAndWriter/PdbWriter
		SccAuxPath13 = http://vstfcodebox:8080/tfs/psi
		SccLocalPath13 = ..\\..\\CCICodeBox\\PDBReaderAndWriter\\PdbWriter
		SccProvider13 = {4CA58AB2-18FA-4F8D-95D4-32DDF27D184C}
		SccProjectUniqueName14 = ..\\..\\CCICodeBox\\Microsoft.Contracts\\Microsoft.Contracts.csproj
		SccProjectName14 = $/cci/Microsoft.Contracts
		SccAuxPath14 = http://vstfcodebox:8080/tfs/psi
		SccLocalPath14 = ..\\..\\CCICodeBox\\Microsoft.Contracts
		SccProvider14 = {4CA58AB2-18FA-4F8D-95D4-32DDF27D184C}
		SccProjectUniqueName15 = ..\\..\\CCICodeBox\\Samples\\ILGarbageCollect\\ILGarbageCollect.csproj
		SccProjectName15 = $/cci/Samples/ILGarbageCollect
		SccAuxPath15 = http://vstfcodebox:8080/tfs/psi
		SccLocalPath15 = ..\\..\\CCICodeBox\\Samples\\ILGarbageCollect
		SccProvider15 = {4CA58AB2-18FA-4F8D-95D4-32DDF27D184C}
	EndGlobalSection
	GlobalSection(TestCaseManagementSettings) = postSolution
		CategoryFile = BCT.vsmdi
	EndGlobalSection
	GlobalSection(SolutionConfigurationPlatforms) = preSolution
		CompilerOnly|Any CPU = CompilerOnly|Any CPU
		CompilerOnly|Mixed Platforms = CompilerOnly|Mixed Platforms
		CompilerOnly|x86 = CompilerOnly|x86
		Debug|Any CPU = Debug|Any CPU
		Debug|Mixed Platforms = Debug|Mixed Platforms
		Debug|x86 = Debug|x86
		FastpathSim|Any CPU = FastpathSim|Any CPU
		FastpathSim|Mixed Platforms = FastpathSim|Mixed Platforms
		FastpathSim|x86 = FastpathSim|x86
		NightlyDebug|Any CPU = NightlyDebug|Any CPU
		NightlyDebug|Mixed Platforms = NightlyDebug|Mixed Platforms
		NightlyDebug|x86 = NightlyDebug|x86
		NightlyRelease|Any CPU = NightlyRelease|Any CPU
		NightlyRelease|Mixed Platforms = NightlyRelease|Mixed Platforms
		NightlyRelease|x86 = NightlyRelease|x86
		Release|Any CPU = Release|Any CPU
		Release|Mixed Platforms = Release|Mixed Platforms
		Release|x86 = Release|x86
	EndGlobalSection
	GlobalSection(ProjectConfigurationPlatforms) = postSolution
		{9C8E4D74-0251-479D-ADAC-A9A469977301}.CompilerOnly|Any CPU.ActiveCfg = Release|Any CPU
		{9C8E4D74-0251-479D-ADAC-A9A469977301}.CompilerOnly|Any CPU.Build.0 = Release|Any CPU
		{9C8E4D74-0251-479D-ADAC-A9A469977301}.CompilerOnly|Mixed Platforms.ActiveCfg = Release|Any CPU
		{9C8E4D74-0251-479D-ADAC-A9A469977301}.CompilerOnly|Mixed Platforms.Build.0 = Release|Any CPU
		{9C8E4D74-0251-479D-ADAC-A9A469977301}.CompilerOnly|x86.ActiveCfg = Release|Any CPU
		{9C8E4D74-0251-479D-ADAC-A9A469977301}.Debug|Any CPU.ActiveCfg = Debug|Any CPU
		{9C8E4D74-0251-479D-ADAC-A9A469977301}.Debug|Any CPU.Build.0 = Debug|Any CPU
		{9C8E4D74-0251-479D-ADAC-A9A469977301}.Debug|Mixed Platforms.ActiveCfg = Debug|Any CPU
		{9C8E4D74-0251-479D-ADAC-A9A469977301}.Debug|Mixed Platforms.Build.0 = Debug|Any CPU
		{9C8E4D74-0251-479D-ADAC-A9A469977301}.Debug|x86.ActiveCfg = Debug|Any CPU
		{9C8E4D74-0251-479D-ADAC-A9A469977301}.FastpathSim|Any CPU.ActiveCfg = Release|Any CPU
		{9C8E4D74-0251-479D-ADAC-A9A469977301}.FastpathSim|Any CPU.Build.0 = Release|Any CPU
		{9C8E4D74-0251-479D-ADAC-A9A469977301}.FastpathSim|Mixed Platforms.ActiveCfg = Release|Any CPU
		{9C8E4D74-0251-479D-ADAC-A9A469977301}.FastpathSim|Mixed Platforms.Build.0 = Release|Any CPU
		{9C8E4D74-0251-479D-ADAC-A9A469977301}.FastpathSim|x86.ActiveCfg = Release|Any CPU
		{9C8E4D74-0251-479D-ADAC-A9A469977301}.NightlyDebug|Any CPU.ActiveCfg = Debug|Any CPU
		{9C8E4D74-0251-479D-ADAC-A9A469977301}.NightlyDebug|Any CPU.Build.0 = Debug|Any CPU
		{9C8E4D74-0251-479D-ADAC-A9A469977301}.NightlyDebug|Mixed Platforms.ActiveCfg = Debug|Any CPU
		{9C8E4D74-0251-479D-ADAC-A9A469977301}.NightlyDebug|Mixed Platforms.Build.0 = Debug|Any CPU
		{9C8E4D74-0251-479D-ADAC-A9A469977301}.NightlyDebug|x86.ActiveCfg = Debug|Any CPU
		{9C8E4D74-0251-479D-ADAC-A9A469977301}.NightlyRelease|Any CPU.ActiveCfg = Release|Any CPU
		{9C8E4D74-0251-479D-ADAC-A9A469977301}.NightlyRelease|Any CPU.Build.0 = Release|Any CPU
		{9C8E4D74-0251-479D-ADAC-A9A469977301}.NightlyRelease|Mixed Platforms.ActiveCfg = Release|Any CPU
		{9C8E4D74-0251-479D-ADAC-A9A469977301}.NightlyRelease|Mixed Platforms.Build.0 = Release|Any CPU
		{9C8E4D74-0251-479D-ADAC-A9A469977301}.NightlyRelease|x86.ActiveCfg = Release|Any CPU
		{9C8E4D74-0251-479D-ADAC-A9A469977301}.Release|Any CPU.ActiveCfg = Release|Any CPU
		{9C8E4D74-0251-479D-ADAC-A9A469977301}.Release|Any CPU.Build.0 = Release|Any CPU
		{9C8E4D74-0251-479D-ADAC-A9A469977301}.Release|Mixed Platforms.ActiveCfg = Release|Any CPU
		{9C8E4D74-0251-479D-ADAC-A9A469977301}.Release|Mixed Platforms.Build.0 = Release|Any CPU
		{9C8E4D74-0251-479D-ADAC-A9A469977301}.Release|x86.ActiveCfg = Release|Any CPU
		{3D13D2CC-6387-46FA-BDC2-4BEEFC460118}.CompilerOnly|Any CPU.ActiveCfg = Release|Any CPU
		{3D13D2CC-6387-46FA-BDC2-4BEEFC460118}.CompilerOnly|Any CPU.Build.0 = Release|Any CPU
		{3D13D2CC-6387-46FA-BDC2-4BEEFC460118}.CompilerOnly|Mixed Platforms.ActiveCfg = Release|Any CPU
		{3D13D2CC-6387-46FA-BDC2-4BEEFC460118}.CompilerOnly|Mixed Platforms.Build.0 = Release|Any CPU
		{3D13D2CC-6387-46FA-BDC2-4BEEFC460118}.CompilerOnly|x86.ActiveCfg = Release|Any CPU
		{3D13D2CC-6387-46FA-BDC2-4BEEFC460118}.Debug|Any CPU.ActiveCfg = Debug|Any CPU
		{3D13D2CC-6387-46FA-BDC2-4BEEFC460118}.Debug|Any CPU.Build.0 = Debug|Any CPU
		{3D13D2CC-6387-46FA-BDC2-4BEEFC460118}.Debug|Mixed Platforms.ActiveCfg = Debug|Any CPU
		{3D13D2CC-6387-46FA-BDC2-4BEEFC460118}.Debug|Mixed Platforms.Build.0 = Debug|Any CPU
		{3D13D2CC-6387-46FA-BDC2-4BEEFC460118}.Debug|x86.ActiveCfg = Debug|Any CPU
		{3D13D2CC-6387-46FA-BDC2-4BEEFC460118}.FastpathSim|Any CPU.ActiveCfg = Release|Any CPU
		{3D13D2CC-6387-46FA-BDC2-4BEEFC460118}.FastpathSim|Any CPU.Build.0 = Release|Any CPU
		{3D13D2CC-6387-46FA-BDC2-4BEEFC460118}.FastpathSim|Mixed Platforms.ActiveCfg = Release|Any CPU
		{3D13D2CC-6387-46FA-BDC2-4BEEFC460118}.FastpathSim|Mixed Platforms.Build.0 = Release|Any CPU
		{3D13D2CC-6387-46FA-BDC2-4BEEFC460118}.FastpathSim|x86.ActiveCfg = Release|Any CPU
		{3D13D2CC-6387-46FA-BDC2-4BEEFC460118}.NightlyDebug|Any CPU.ActiveCfg = Debug|Any CPU
		{3D13D2CC-6387-46FA-BDC2-4BEEFC460118}.NightlyDebug|Any CPU.Build.0 = Debug|Any CPU
		{3D13D2CC-6387-46FA-BDC2-4BEEFC460118}.NightlyDebug|Mixed Platforms.ActiveCfg = Debug|Any CPU
		{3D13D2CC-6387-46FA-BDC2-4BEEFC460118}.NightlyDebug|Mixed Platforms.Build.0 = Debug|Any CPU
		{3D13D2CC-6387-46FA-BDC2-4BEEFC460118}.NightlyDebug|x86.ActiveCfg = Debug|Any CPU
		{3D13D2CC-6387-46FA-BDC2-4BEEFC460118}.NightlyRelease|Any CPU.ActiveCfg = Release|Any CPU
		{3D13D2CC-6387-46FA-BDC2-4BEEFC460118}.NightlyRelease|Any CPU.Build.0 = Release|Any CPU
		{3D13D2CC-6387-46FA-BDC2-4BEEFC460118}.NightlyRelease|Mixed Platforms.ActiveCfg = Release|Any CPU
		{3D13D2CC-6387-46FA-BDC2-4BEEFC460118}.NightlyRelease|Mixed Platforms.Build.0 = Release|Any CPU
		{3D13D2CC-6387-46FA-BDC2-4BEEFC460118}.NightlyRelease|x86.ActiveCfg = Release|Any CPU
		{3D13D2CC-6387-46FA-BDC2-4BEEFC460118}.Release|Any CPU.ActiveCfg = Release|Any CPU
		{3D13D2CC-6387-46FA-BDC2-4BEEFC460118}.Release|Any CPU.Build.0 = Release|Any CPU
		{3D13D2CC-6387-46FA-BDC2-4BEEFC460118}.Release|Mixed Platforms.ActiveCfg = Release|Any CPU
		{3D13D2CC-6387-46FA-BDC2-4BEEFC460118}.Release|Mixed Platforms.Build.0 = Release|Any CPU
		{3D13D2CC-6387-46FA-BDC2-4BEEFC460118}.Release|x86.ActiveCfg = Release|Any CPU
		{A112AFBA-D6F6-44A4-A683-C3D458A68D84}.CompilerOnly|Any CPU.ActiveCfg = Release|Any CPU
		{A112AFBA-D6F6-44A4-A683-C3D458A68D84}.CompilerOnly|Any CPU.Build.0 = Release|Any CPU
		{A112AFBA-D6F6-44A4-A683-C3D458A68D84}.CompilerOnly|Mixed Platforms.ActiveCfg = Release|Any CPU
		{A112AFBA-D6F6-44A4-A683-C3D458A68D84}.CompilerOnly|Mixed Platforms.Build.0 = Release|Any CPU
		{A112AFBA-D6F6-44A4-A683-C3D458A68D84}.CompilerOnly|x86.ActiveCfg = Release|Any CPU
		{A112AFBA-D6F6-44A4-A683-C3D458A68D84}.Debug|Any CPU.ActiveCfg = Debug|Any CPU
		{A112AFBA-D6F6-44A4-A683-C3D458A68D84}.Debug|Any CPU.Build.0 = Debug|Any CPU
		{A112AFBA-D6F6-44A4-A683-C3D458A68D84}.Debug|Mixed Platforms.ActiveCfg = Debug|Any CPU
		{A112AFBA-D6F6-44A4-A683-C3D458A68D84}.Debug|Mixed Platforms.Build.0 = Debug|Any CPU
		{A112AFBA-D6F6-44A4-A683-C3D458A68D84}.Debug|x86.ActiveCfg = Debug|Any CPU
		{A112AFBA-D6F6-44A4-A683-C3D458A68D84}.FastpathSim|Any CPU.ActiveCfg = Release|Any CPU
		{A112AFBA-D6F6-44A4-A683-C3D458A68D84}.FastpathSim|Any CPU.Build.0 = Release|Any CPU
		{A112AFBA-D6F6-44A4-A683-C3D458A68D84}.FastpathSim|Mixed Platforms.ActiveCfg = Release|Any CPU
		{A112AFBA-D6F6-44A4-A683-C3D458A68D84}.FastpathSim|Mixed Platforms.Build.0 = Release|Any CPU
		{A112AFBA-D6F6-44A4-A683-C3D458A68D84}.FastpathSim|x86.ActiveCfg = Release|Any CPU
		{A112AFBA-D6F6-44A4-A683-C3D458A68D84}.NightlyDebug|Any CPU.ActiveCfg = Debug|Any CPU
		{A112AFBA-D6F6-44A4-A683-C3D458A68D84}.NightlyDebug|Any CPU.Build.0 = Debug|Any CPU
		{A112AFBA-D6F6-44A4-A683-C3D458A68D84}.NightlyDebug|Mixed Platforms.ActiveCfg = Debug|Any CPU
		{A112AFBA-D6F6-44A4-A683-C3D458A68D84}.NightlyDebug|Mixed Platforms.Build.0 = Debug|Any CPU
		{A112AFBA-D6F6-44A4-A683-C3D458A68D84}.NightlyDebug|x86.ActiveCfg = Debug|Any CPU
		{A112AFBA-D6F6-44A4-A683-C3D458A68D84}.NightlyRelease|Any CPU.ActiveCfg = Release|Any CPU
		{A112AFBA-D6F6-44A4-A683-C3D458A68D84}.NightlyRelease|Any CPU.Build.0 = Release|Any CPU
		{A112AFBA-D6F6-44A4-A683-C3D458A68D84}.NightlyRelease|Mixed Platforms.ActiveCfg = Release|Any CPU
		{A112AFBA-D6F6-44A4-A683-C3D458A68D84}.NightlyRelease|Mixed Platforms.Build.0 = Release|Any CPU
		{A112AFBA-D6F6-44A4-A683-C3D458A68D84}.NightlyRelease|x86.ActiveCfg = Release|Any CPU
		{A112AFBA-D6F6-44A4-A683-C3D458A68D84}.Release|Any CPU.ActiveCfg = Release|Any CPU
		{A112AFBA-D6F6-44A4-A683-C3D458A68D84}.Release|Any CPU.Build.0 = Release|Any CPU
		{A112AFBA-D6F6-44A4-A683-C3D458A68D84}.Release|Mixed Platforms.ActiveCfg = Release|Any CPU
		{A112AFBA-D6F6-44A4-A683-C3D458A68D84}.Release|Mixed Platforms.Build.0 = Release|Any CPU
		{A112AFBA-D6F6-44A4-A683-C3D458A68D84}.Release|x86.ActiveCfg = Release|Any CPU
		{8C242D42-9714-440F-884D-F64F09E78C7B}.CompilerOnly|Any CPU.ActiveCfg = Release|Any CPU
		{8C242D42-9714-440F-884D-F64F09E78C7B}.CompilerOnly|Any CPU.Build.0 = Release|Any CPU
		{8C242D42-9714-440F-884D-F64F09E78C7B}.CompilerOnly|Mixed Platforms.ActiveCfg = Release|Any CPU
		{8C242D42-9714-440F-884D-F64F09E78C7B}.CompilerOnly|Mixed Platforms.Build.0 = Release|Any CPU
		{8C242D42-9714-440F-884D-F64F09E78C7B}.CompilerOnly|x86.ActiveCfg = Release|Any CPU
		{8C242D42-9714-440F-884D-F64F09E78C7B}.Debug|Any CPU.ActiveCfg = Debug|Any CPU
		{8C242D42-9714-440F-884D-F64F09E78C7B}.Debug|Any CPU.Build.0 = Debug|Any CPU
		{8C242D42-9714-440F-884D-F64F09E78C7B}.Debug|Mixed Platforms.ActiveCfg = Debug|Any CPU
		{8C242D42-9714-440F-884D-F64F09E78C7B}.Debug|Mixed Platforms.Build.0 = Debug|Any CPU
		{8C242D42-9714-440F-884D-F64F09E78C7B}.Debug|x86.ActiveCfg = Debug|Any CPU
		{8C242D42-9714-440F-884D-F64F09E78C7B}.FastpathSim|Any CPU.ActiveCfg = Release|Any CPU
		{8C242D42-9714-440F-884D-F64F09E78C7B}.FastpathSim|Any CPU.Build.0 = Release|Any CPU
		{8C242D42-9714-440F-884D-F64F09E78C7B}.FastpathSim|Mixed Platforms.ActiveCfg = Release|Any CPU
		{8C242D42-9714-440F-884D-F64F09E78C7B}.FastpathSim|Mixed Platforms.Build.0 = Release|Any CPU
		{8C242D42-9714-440F-884D-F64F09E78C7B}.FastpathSim|x86.ActiveCfg = Release|Any CPU
		{8C242D42-9714-440F-884D-F64F09E78C7B}.NightlyDebug|Any CPU.ActiveCfg = Debug|Any CPU
		{8C242D42-9714-440F-884D-F64F09E78C7B}.NightlyDebug|Any CPU.Build.0 = Debug|Any CPU
		{8C242D42-9714-440F-884D-F64F09E78C7B}.NightlyDebug|Mixed Platforms.ActiveCfg = Debug|Any CPU
		{8C242D42-9714-440F-884D-F64F09E78C7B}.NightlyDebug|Mixed Platforms.Build.0 = Debug|Any CPU
		{8C242D42-9714-440F-884D-F64F09E78C7B}.NightlyDebug|x86.ActiveCfg = Debug|Any CPU
		{8C242D42-9714-440F-884D-F64F09E78C7B}.NightlyRelease|Any CPU.ActiveCfg = Release|Any CPU
		{8C242D42-9714-440F-884D-F64F09E78C7B}.NightlyRelease|Any CPU.Build.0 = Release|Any CPU
		{8C242D42-9714-440F-884D-F64F09E78C7B}.NightlyRelease|Mixed Platforms.ActiveCfg = Release|Any CPU
		{8C242D42-9714-440F-884D-F64F09E78C7B}.NightlyRelease|Mixed Platforms.Build.0 = Release|Any CPU
		{8C242D42-9714-440F-884D-F64F09E78C7B}.NightlyRelease|x86.ActiveCfg = Release|Any CPU
		{8C242D42-9714-440F-884D-F64F09E78C7B}.Release|Any CPU.ActiveCfg = Release|Any CPU
		{8C242D42-9714-440F-884D-F64F09E78C7B}.Release|Any CPU.Build.0 = Release|Any CPU
		{8C242D42-9714-440F-884D-F64F09E78C7B}.Release|Mixed Platforms.ActiveCfg = Release|Any CPU
		{8C242D42-9714-440F-884D-F64F09E78C7B}.Release|Mixed Platforms.Build.0 = Release|Any CPU
		{8C242D42-9714-440F-884D-F64F09E78C7B}.Release|x86.ActiveCfg = Release|Any CPU
		{F55B9215-F618-4DCD-AD4C-2DB72CAE5A99}.CompilerOnly|Any CPU.ActiveCfg = Release|x86
		{F55B9215-F618-4DCD-AD4C-2DB72CAE5A99}.CompilerOnly|Mixed Platforms.ActiveCfg = Release|x86
		{F55B9215-F618-4DCD-AD4C-2DB72CAE5A99}.CompilerOnly|Mixed Platforms.Build.0 = Release|x86
		{F55B9215-F618-4DCD-AD4C-2DB72CAE5A99}.CompilerOnly|x86.ActiveCfg = Release|x86
		{F55B9215-F618-4DCD-AD4C-2DB72CAE5A99}.CompilerOnly|x86.Build.0 = Release|x86
		{F55B9215-F618-4DCD-AD4C-2DB72CAE5A99}.Debug|Any CPU.ActiveCfg = Debug|x86
		{F55B9215-F618-4DCD-AD4C-2DB72CAE5A99}.Debug|Mixed Platforms.ActiveCfg = Debug|x86
		{F55B9215-F618-4DCD-AD4C-2DB72CAE5A99}.Debug|Mixed Platforms.Build.0 = Debug|x86
		{F55B9215-F618-4DCD-AD4C-2DB72CAE5A99}.Debug|x86.ActiveCfg = Debug|x86
		{F55B9215-F618-4DCD-AD4C-2DB72CAE5A99}.Debug|x86.Build.0 = Debug|x86
		{F55B9215-F618-4DCD-AD4C-2DB72CAE5A99}.FastpathSim|Any CPU.ActiveCfg = Release|x86
		{F55B9215-F618-4DCD-AD4C-2DB72CAE5A99}.FastpathSim|Mixed Platforms.ActiveCfg = Release|x86
		{F55B9215-F618-4DCD-AD4C-2DB72CAE5A99}.FastpathSim|Mixed Platforms.Build.0 = Release|x86
		{F55B9215-F618-4DCD-AD4C-2DB72CAE5A99}.FastpathSim|x86.ActiveCfg = Release|x86
		{F55B9215-F618-4DCD-AD4C-2DB72CAE5A99}.FastpathSim|x86.Build.0 = Release|x86
		{F55B9215-F618-4DCD-AD4C-2DB72CAE5A99}.NightlyDebug|Any CPU.ActiveCfg = Debug|x86
		{F55B9215-F618-4DCD-AD4C-2DB72CAE5A99}.NightlyDebug|Mixed Platforms.ActiveCfg = Debug|x86
		{F55B9215-F618-4DCD-AD4C-2DB72CAE5A99}.NightlyDebug|Mixed Platforms.Build.0 = Debug|x86
		{F55B9215-F618-4DCD-AD4C-2DB72CAE5A99}.NightlyDebug|x86.ActiveCfg = Debug|x86
		{F55B9215-F618-4DCD-AD4C-2DB72CAE5A99}.NightlyDebug|x86.Build.0 = Debug|x86
		{F55B9215-F618-4DCD-AD4C-2DB72CAE5A99}.NightlyRelease|Any CPU.ActiveCfg = Release|x86
		{F55B9215-F618-4DCD-AD4C-2DB72CAE5A99}.NightlyRelease|Mixed Platforms.ActiveCfg = Release|x86
		{F55B9215-F618-4DCD-AD4C-2DB72CAE5A99}.NightlyRelease|Mixed Platforms.Build.0 = Release|x86
		{F55B9215-F618-4DCD-AD4C-2DB72CAE5A99}.NightlyRelease|x86.ActiveCfg = Release|x86
		{F55B9215-F618-4DCD-AD4C-2DB72CAE5A99}.NightlyRelease|x86.Build.0 = Release|x86
		{F55B9215-F618-4DCD-AD4C-2DB72CAE5A99}.Release|Any CPU.ActiveCfg = Release|x86
		{F55B9215-F618-4DCD-AD4C-2DB72CAE5A99}.Release|Mixed Platforms.ActiveCfg = Release|x86
		{F55B9215-F618-4DCD-AD4C-2DB72CAE5A99}.Release|Mixed Platforms.Build.0 = Release|x86
		{F55B9215-F618-4DCD-AD4C-2DB72CAE5A99}.Release|x86.ActiveCfg = Release|x86
		{F55B9215-F618-4DCD-AD4C-2DB72CAE5A99}.Release|x86.Build.0 = Release|x86
		{035FEA7F-0D36-4AE4-B694-EC45191B9AF2}.CompilerOnly|Any CPU.ActiveCfg = Release|Any CPU
		{035FEA7F-0D36-4AE4-B694-EC45191B9AF2}.CompilerOnly|Any CPU.Build.0 = Release|Any CPU
		{035FEA7F-0D36-4AE4-B694-EC45191B9AF2}.CompilerOnly|Mixed Platforms.ActiveCfg = Release|Any CPU
		{035FEA7F-0D36-4AE4-B694-EC45191B9AF2}.CompilerOnly|Mixed Platforms.Build.0 = Release|Any CPU
		{035FEA7F-0D36-4AE4-B694-EC45191B9AF2}.CompilerOnly|x86.ActiveCfg = Release|Any CPU
		{035FEA7F-0D36-4AE4-B694-EC45191B9AF2}.Debug|Any CPU.ActiveCfg = Debug|Any CPU
		{035FEA7F-0D36-4AE4-B694-EC45191B9AF2}.Debug|Any CPU.Build.0 = Debug|Any CPU
		{035FEA7F-0D36-4AE4-B694-EC45191B9AF2}.Debug|Mixed Platforms.ActiveCfg = Debug|Any CPU
		{035FEA7F-0D36-4AE4-B694-EC45191B9AF2}.Debug|Mixed Platforms.Build.0 = Debug|Any CPU
		{035FEA7F-0D36-4AE4-B694-EC45191B9AF2}.Debug|x86.ActiveCfg = Debug|Any CPU
		{035FEA7F-0D36-4AE4-B694-EC45191B9AF2}.FastpathSim|Any CPU.ActiveCfg = Release|Any CPU
		{035FEA7F-0D36-4AE4-B694-EC45191B9AF2}.FastpathSim|Any CPU.Build.0 = Release|Any CPU
		{035FEA7F-0D36-4AE4-B694-EC45191B9AF2}.FastpathSim|Mixed Platforms.ActiveCfg = Release|Any CPU
		{035FEA7F-0D36-4AE4-B694-EC45191B9AF2}.FastpathSim|Mixed Platforms.Build.0 = Release|Any CPU
		{035FEA7F-0D36-4AE4-B694-EC45191B9AF2}.FastpathSim|x86.ActiveCfg = Release|Any CPU
		{035FEA7F-0D36-4AE4-B694-EC45191B9AF2}.NightlyDebug|Any CPU.ActiveCfg = Debug|Any CPU
		{035FEA7F-0D36-4AE4-B694-EC45191B9AF2}.NightlyDebug|Any CPU.Build.0 = Debug|Any CPU
		{035FEA7F-0D36-4AE4-B694-EC45191B9AF2}.NightlyDebug|Mixed Platforms.ActiveCfg = Debug|Any CPU
		{035FEA7F-0D36-4AE4-B694-EC45191B9AF2}.NightlyDebug|Mixed Platforms.Build.0 = Debug|Any CPU
		{035FEA7F-0D36-4AE4-B694-EC45191B9AF2}.NightlyDebug|x86.ActiveCfg = Debug|Any CPU
		{035FEA7F-0D36-4AE4-B694-EC45191B9AF2}.NightlyRelease|Any CPU.ActiveCfg = Release|Any CPU
		{035FEA7F-0D36-4AE4-B694-EC45191B9AF2}.NightlyRelease|Any CPU.Build.0 = Release|Any CPU
		{035FEA7F-0D36-4AE4-B694-EC45191B9AF2}.NightlyRelease|Mixed Platforms.ActiveCfg = Release|Any CPU
		{035FEA7F-0D36-4AE4-B694-EC45191B9AF2}.NightlyRelease|Mixed Platforms.Build.0 = Release|Any CPU
		{035FEA7F-0D36-4AE4-B694-EC45191B9AF2}.NightlyRelease|x86.ActiveCfg = Release|Any CPU
		{035FEA7F-0D36-4AE4-B694-EC45191B9AF2}.Release|Any CPU.ActiveCfg = Release|Any CPU
		{035FEA7F-0D36-4AE4-B694-EC45191B9AF2}.Release|Any CPU.Build.0 = Release|Any CPU
		{035FEA7F-0D36-4AE4-B694-EC45191B9AF2}.Release|Mixed Platforms.ActiveCfg = Release|Any CPU
		{035FEA7F-0D36-4AE4-B694-EC45191B9AF2}.Release|Mixed Platforms.Build.0 = Release|Any CPU
		{035FEA7F-0D36-4AE4-B694-EC45191B9AF2}.Release|x86.ActiveCfg = Release|Any CPU
		{0703D916-A881-45E6-A5CD-6BC50E2E30E2}.CompilerOnly|Any CPU.ActiveCfg = Release|Any CPU
		{0703D916-A881-45E6-A5CD-6BC50E2E30E2}.CompilerOnly|Any CPU.Build.0 = Release|Any CPU
		{0703D916-A881-45E6-A5CD-6BC50E2E30E2}.CompilerOnly|Mixed Platforms.ActiveCfg = Release|Any CPU
		{0703D916-A881-45E6-A5CD-6BC50E2E30E2}.CompilerOnly|Mixed Platforms.Build.0 = Release|Any CPU
		{0703D916-A881-45E6-A5CD-6BC50E2E30E2}.CompilerOnly|x86.ActiveCfg = Release|Any CPU
		{0703D916-A881-45E6-A5CD-6BC50E2E30E2}.Debug|Any CPU.ActiveCfg = Debug|Any CPU
		{0703D916-A881-45E6-A5CD-6BC50E2E30E2}.Debug|Any CPU.Build.0 = Debug|Any CPU
		{0703D916-A881-45E6-A5CD-6BC50E2E30E2}.Debug|Mixed Platforms.ActiveCfg = Debug|Any CPU
		{0703D916-A881-45E6-A5CD-6BC50E2E30E2}.Debug|Mixed Platforms.Build.0 = Debug|Any CPU
		{0703D916-A881-45E6-A5CD-6BC50E2E30E2}.Debug|x86.ActiveCfg = Debug|Any CPU
		{0703D916-A881-45E6-A5CD-6BC50E2E30E2}.FastpathSim|Any CPU.ActiveCfg = Release|Any CPU
		{0703D916-A881-45E6-A5CD-6BC50E2E30E2}.FastpathSim|Any CPU.Build.0 = Release|Any CPU
		{0703D916-A881-45E6-A5CD-6BC50E2E30E2}.FastpathSim|Mixed Platforms.ActiveCfg = Release|Any CPU
		{0703D916-A881-45E6-A5CD-6BC50E2E30E2}.FastpathSim|Mixed Platforms.Build.0 = Release|Any CPU
		{0703D916-A881-45E6-A5CD-6BC50E2E30E2}.FastpathSim|x86.ActiveCfg = Release|Any CPU
		{0703D916-A881-45E6-A5CD-6BC50E2E30E2}.NightlyDebug|Any CPU.ActiveCfg = Debug|Any CPU
		{0703D916-A881-45E6-A5CD-6BC50E2E30E2}.NightlyDebug|Any CPU.Build.0 = Debug|Any CPU
		{0703D916-A881-45E6-A5CD-6BC50E2E30E2}.NightlyDebug|Mixed Platforms.ActiveCfg = Debug|Any CPU
		{0703D916-A881-45E6-A5CD-6BC50E2E30E2}.NightlyDebug|Mixed Platforms.Build.0 = Debug|Any CPU
		{0703D916-A881-45E6-A5CD-6BC50E2E30E2}.NightlyDebug|x86.ActiveCfg = Debug|Any CPU
		{0703D916-A881-45E6-A5CD-6BC50E2E30E2}.NightlyRelease|Any CPU.ActiveCfg = Release|Any CPU
		{0703D916-A881-45E6-A5CD-6BC50E2E30E2}.NightlyRelease|Any CPU.Build.0 = Release|Any CPU
		{0703D916-A881-45E6-A5CD-6BC50E2E30E2}.NightlyRelease|Mixed Platforms.ActiveCfg = Release|Any CPU
		{0703D916-A881-45E6-A5CD-6BC50E2E30E2}.NightlyRelease|Mixed Platforms.Build.0 = Release|Any CPU
		{0703D916-A881-45E6-A5CD-6BC50E2E30E2}.NightlyRelease|x86.ActiveCfg = Release|Any CPU
		{0703D916-A881-45E6-A5CD-6BC50E2E30E2}.Release|Any CPU.ActiveCfg = Release|Any CPU
		{0703D916-A881-45E6-A5CD-6BC50E2E30E2}.Release|Any CPU.Build.0 = Release|Any CPU
		{0703D916-A881-45E6-A5CD-6BC50E2E30E2}.Release|Mixed Platforms.ActiveCfg = Release|Any CPU
		{0703D916-A881-45E6-A5CD-6BC50E2E30E2}.Release|Mixed Platforms.Build.0 = Release|Any CPU
		{0703D916-A881-45E6-A5CD-6BC50E2E30E2}.Release|x86.ActiveCfg = Release|Any CPU
		{27F2A417-B6ED-43AD-A38E-A0B6142216F6}.CompilerOnly|Any CPU.ActiveCfg = Release|Any CPU
		{27F2A417-B6ED-43AD-A38E-A0B6142216F6}.CompilerOnly|Any CPU.Build.0 = Release|Any CPU
		{27F2A417-B6ED-43AD-A38E-A0B6142216F6}.CompilerOnly|Mixed Platforms.ActiveCfg = Release|Any CPU
		{27F2A417-B6ED-43AD-A38E-A0B6142216F6}.CompilerOnly|Mixed Platforms.Build.0 = Release|Any CPU
		{27F2A417-B6ED-43AD-A38E-A0B6142216F6}.CompilerOnly|x86.ActiveCfg = Release|Any CPU
		{27F2A417-B6ED-43AD-A38E-A0B6142216F6}.Debug|Any CPU.ActiveCfg = Debug|Any CPU
		{27F2A417-B6ED-43AD-A38E-A0B6142216F6}.Debug|Any CPU.Build.0 = Debug|Any CPU
		{27F2A417-B6ED-43AD-A38E-A0B6142216F6}.Debug|Mixed Platforms.ActiveCfg = Debug|Any CPU
		{27F2A417-B6ED-43AD-A38E-A0B6142216F6}.Debug|Mixed Platforms.Build.0 = Debug|Any CPU
		{27F2A417-B6ED-43AD-A38E-A0B6142216F6}.Debug|x86.ActiveCfg = Debug|Any CPU
		{27F2A417-B6ED-43AD-A38E-A0B6142216F6}.FastpathSim|Any CPU.ActiveCfg = Release|Any CPU
		{27F2A417-B6ED-43AD-A38E-A0B6142216F6}.FastpathSim|Any CPU.Build.0 = Release|Any CPU
		{27F2A417-B6ED-43AD-A38E-A0B6142216F6}.FastpathSim|Mixed Platforms.ActiveCfg = Release|Any CPU
		{27F2A417-B6ED-43AD-A38E-A0B6142216F6}.FastpathSim|Mixed Platforms.Build.0 = Release|Any CPU
		{27F2A417-B6ED-43AD-A38E-A0B6142216F6}.FastpathSim|x86.ActiveCfg = Release|Any CPU
		{27F2A417-B6ED-43AD-A38E-A0B6142216F6}.NightlyDebug|Any CPU.ActiveCfg = Debug|Any CPU
		{27F2A417-B6ED-43AD-A38E-A0B6142216F6}.NightlyDebug|Any CPU.Build.0 = Debug|Any CPU
		{27F2A417-B6ED-43AD-A38E-A0B6142216F6}.NightlyDebug|Mixed Platforms.ActiveCfg = Debug|Any CPU
		{27F2A417-B6ED-43AD-A38E-A0B6142216F6}.NightlyDebug|Mixed Platforms.Build.0 = Debug|Any CPU
		{27F2A417-B6ED-43AD-A38E-A0B6142216F6}.NightlyDebug|x86.ActiveCfg = Debug|Any CPU
		{27F2A417-B6ED-43AD-A38E-A0B6142216F6}.NightlyRelease|Any CPU.ActiveCfg = Release|Any CPU
		{27F2A417-B6ED-43AD-A38E-A0B6142216F6}.NightlyRelease|Any CPU.Build.0 = Release|Any CPU
		{27F2A417-B6ED-43AD-A38E-A0B6142216F6}.NightlyRelease|Mixed Platforms.ActiveCfg = Release|Any CPU
		{27F2A417-B6ED-43AD-A38E-A0B6142216F6}.NightlyRelease|Mixed Platforms.Build.0 = Release|Any CPU
		{27F2A417-B6ED-43AD-A38E-A0B6142216F6}.NightlyRelease|x86.ActiveCfg = Release|Any CPU
		{27F2A417-B6ED-43AD-A38E-A0B6142216F6}.Release|Any CPU.ActiveCfg = Release|Any CPU
		{27F2A417-B6ED-43AD-A38E-A0B6142216F6}.Release|Any CPU.Build.0 = Release|Any CPU
		{27F2A417-B6ED-43AD-A38E-A0B6142216F6}.Release|Mixed Platforms.ActiveCfg = Release|Any CPU
		{27F2A417-B6ED-43AD-A38E-A0B6142216F6}.Release|Mixed Platforms.Build.0 = Release|Any CPU
		{27F2A417-B6ED-43AD-A38E-A0B6142216F6}.Release|x86.ActiveCfg = Release|Any CPU
		{4A34A3C5-6176-49D7-A4C5-B2B671247F8F}.CompilerOnly|Any CPU.ActiveCfg = Release|Any CPU
		{4A34A3C5-6176-49D7-A4C5-B2B671247F8F}.CompilerOnly|Any CPU.Build.0 = Release|Any CPU
		{4A34A3C5-6176-49D7-A4C5-B2B671247F8F}.CompilerOnly|Mixed Platforms.ActiveCfg = Release|Any CPU
		{4A34A3C5-6176-49D7-A4C5-B2B671247F8F}.CompilerOnly|Mixed Platforms.Build.0 = Release|Any CPU
		{4A34A3C5-6176-49D7-A4C5-B2B671247F8F}.CompilerOnly|x86.ActiveCfg = Release|Any CPU
		{4A34A3C5-6176-49D7-A4C5-B2B671247F8F}.Debug|Any CPU.ActiveCfg = Debug|Any CPU
		{4A34A3C5-6176-49D7-A4C5-B2B671247F8F}.Debug|Any CPU.Build.0 = Debug|Any CPU
		{4A34A3C5-6176-49D7-A4C5-B2B671247F8F}.Debug|Mixed Platforms.ActiveCfg = Debug|Any CPU
		{4A34A3C5-6176-49D7-A4C5-B2B671247F8F}.Debug|Mixed Platforms.Build.0 = Debug|Any CPU
		{4A34A3C5-6176-49D7-A4C5-B2B671247F8F}.Debug|x86.ActiveCfg = Debug|Any CPU
		{4A34A3C5-6176-49D7-A4C5-B2B671247F8F}.FastpathSim|Any CPU.ActiveCfg = Release|Any CPU
		{4A34A3C5-6176-49D7-A4C5-B2B671247F8F}.FastpathSim|Any CPU.Build.0 = Release|Any CPU
		{4A34A3C5-6176-49D7-A4C5-B2B671247F8F}.FastpathSim|Mixed Platforms.ActiveCfg = Release|Any CPU
		{4A34A3C5-6176-49D7-A4C5-B2B671247F8F}.FastpathSim|Mixed Platforms.Build.0 = Release|Any CPU
		{4A34A3C5-6176-49D7-A4C5-B2B671247F8F}.FastpathSim|x86.ActiveCfg = Release|Any CPU
		{4A34A3C5-6176-49D7-A4C5-B2B671247F8F}.NightlyDebug|Any CPU.ActiveCfg = Debug|Any CPU
		{4A34A3C5-6176-49D7-A4C5-B2B671247F8F}.NightlyDebug|Any CPU.Build.0 = Debug|Any CPU
		{4A34A3C5-6176-49D7-A4C5-B2B671247F8F}.NightlyDebug|Mixed Platforms.ActiveCfg = Debug|Any CPU
		{4A34A3C5-6176-49D7-A4C5-B2B671247F8F}.NightlyDebug|Mixed Platforms.Build.0 = Debug|Any CPU
		{4A34A3C5-6176-49D7-A4C5-B2B671247F8F}.NightlyDebug|x86.ActiveCfg = Debug|Any CPU
		{4A34A3C5-6176-49D7-A4C5-B2B671247F8F}.NightlyRelease|Any CPU.ActiveCfg = Release|Any CPU
		{4A34A3C5-6176-49D7-A4C5-B2B671247F8F}.NightlyRelease|Any CPU.Build.0 = Release|Any CPU
		{4A34A3C5-6176-49D7-A4C5-B2B671247F8F}.NightlyRelease|Mixed Platforms.ActiveCfg = Release|Any CPU
		{4A34A3C5-6176-49D7-A4C5-B2B671247F8F}.NightlyRelease|Mixed Platforms.Build.0 = Release|Any CPU
		{4A34A3C5-6176-49D7-A4C5-B2B671247F8F}.NightlyRelease|x86.ActiveCfg = Release|Any CPU
		{4A34A3C5-6176-49D7-A4C5-B2B671247F8F}.Release|Any CPU.ActiveCfg = Release|Any CPU
		{4A34A3C5-6176-49D7-A4C5-B2B671247F8F}.Release|Any CPU.Build.0 = Release|Any CPU
		{4A34A3C5-6176-49D7-A4C5-B2B671247F8F}.Release|Mixed Platforms.ActiveCfg = Release|Any CPU
		{4A34A3C5-6176-49D7-A4C5-B2B671247F8F}.Release|Mixed Platforms.Build.0 = Release|Any CPU
		{4A34A3C5-6176-49D7-A4C5-B2B671247F8F}.Release|x86.ActiveCfg = Release|Any CPU
		{33CAB640-0D03-43DF-81BD-22CDC6C0A597}.CompilerOnly|Any CPU.ActiveCfg = Release|Any CPU
		{33CAB640-0D03-43DF-81BD-22CDC6C0A597}.CompilerOnly|Any CPU.Build.0 = Release|Any CPU
		{33CAB640-0D03-43DF-81BD-22CDC6C0A597}.CompilerOnly|Mixed Platforms.ActiveCfg = Release|Any CPU
		{33CAB640-0D03-43DF-81BD-22CDC6C0A597}.CompilerOnly|Mixed Platforms.Build.0 = Release|Any CPU
		{33CAB640-0D03-43DF-81BD-22CDC6C0A597}.CompilerOnly|x86.ActiveCfg = Release|Any CPU
		{33CAB640-0D03-43DF-81BD-22CDC6C0A597}.Debug|Any CPU.ActiveCfg = Debug|Any CPU
		{33CAB640-0D03-43DF-81BD-22CDC6C0A597}.Debug|Any CPU.Build.0 = Debug|Any CPU
		{33CAB640-0D03-43DF-81BD-22CDC6C0A597}.Debug|Mixed Platforms.ActiveCfg = Debug|Any CPU
		{33CAB640-0D03-43DF-81BD-22CDC6C0A597}.Debug|Mixed Platforms.Build.0 = Debug|Any CPU
		{33CAB640-0D03-43DF-81BD-22CDC6C0A597}.Debug|x86.ActiveCfg = Debug|Any CPU
		{33CAB640-0D03-43DF-81BD-22CDC6C0A597}.FastpathSim|Any CPU.ActiveCfg = Release|Any CPU
		{33CAB640-0D03-43DF-81BD-22CDC6C0A597}.FastpathSim|Any CPU.Build.0 = Release|Any CPU
		{33CAB640-0D03-43DF-81BD-22CDC6C0A597}.FastpathSim|Mixed Platforms.ActiveCfg = Release|Any CPU
		{33CAB640-0D03-43DF-81BD-22CDC6C0A597}.FastpathSim|Mixed Platforms.Build.0 = Release|Any CPU
		{33CAB640-0D03-43DF-81BD-22CDC6C0A597}.FastpathSim|x86.ActiveCfg = Release|Any CPU
		{33CAB640-0D03-43DF-81BD-22CDC6C0A597}.NightlyDebug|Any CPU.ActiveCfg = Debug|Any CPU
		{33CAB640-0D03-43DF-81BD-22CDC6C0A597}.NightlyDebug|Any CPU.Build.0 = Debug|Any CPU
		{33CAB640-0D03-43DF-81BD-22CDC6C0A597}.NightlyDebug|Mixed Platforms.ActiveCfg = Debug|Any CPU
		{33CAB640-0D03-43DF-81BD-22CDC6C0A597}.NightlyDebug|Mixed Platforms.Build.0 = Debug|Any CPU
		{33CAB640-0D03-43DF-81BD-22CDC6C0A597}.NightlyDebug|x86.ActiveCfg = Debug|Any CPU
		{33CAB640-0D03-43DF-81BD-22CDC6C0A597}.NightlyRelease|Any CPU.ActiveCfg = Release|Any CPU
		{33CAB640-0D03-43DF-81BD-22CDC6C0A597}.NightlyRelease|Any CPU.Build.0 = Release|Any CPU
		{33CAB640-0D03-43DF-81BD-22CDC6C0A597}.NightlyRelease|Mixed Platforms.ActiveCfg = Release|Any CPU
		{33CAB640-0D03-43DF-81BD-22CDC6C0A597}.NightlyRelease|Mixed Platforms.Build.0 = Release|Any CPU
		{33CAB640-0D03-43DF-81BD-22CDC6C0A597}.NightlyRelease|x86.ActiveCfg = Release|Any CPU
		{33CAB640-0D03-43DF-81BD-22CDC6C0A597}.Release|Any CPU.ActiveCfg = Release|Any CPU
		{33CAB640-0D03-43DF-81BD-22CDC6C0A597}.Release|Any CPU.Build.0 = Release|Any CPU
		{33CAB640-0D03-43DF-81BD-22CDC6C0A597}.Release|Mixed Platforms.ActiveCfg = Release|Any CPU
		{33CAB640-0D03-43DF-81BD-22CDC6C0A597}.Release|Mixed Platforms.Build.0 = Release|Any CPU
		{33CAB640-0D03-43DF-81BD-22CDC6C0A597}.Release|x86.ActiveCfg = Release|Any CPU
		{319E150C-8F33-49E7-81CA-30F02F9BA90A}.CompilerOnly|Any CPU.ActiveCfg = Release|Any CPU
		{319E150C-8F33-49E7-81CA-30F02F9BA90A}.CompilerOnly|Any CPU.Build.0 = Release|Any CPU
		{319E150C-8F33-49E7-81CA-30F02F9BA90A}.CompilerOnly|Mixed Platforms.ActiveCfg = Release|Any CPU
		{319E150C-8F33-49E7-81CA-30F02F9BA90A}.CompilerOnly|Mixed Platforms.Build.0 = Release|Any CPU
		{319E150C-8F33-49E7-81CA-30F02F9BA90A}.CompilerOnly|x86.ActiveCfg = Release|Any CPU
		{319E150C-8F33-49E7-81CA-30F02F9BA90A}.Debug|Any CPU.ActiveCfg = Debug|Any CPU
		{319E150C-8F33-49E7-81CA-30F02F9BA90A}.Debug|Any CPU.Build.0 = Debug|Any CPU
		{319E150C-8F33-49E7-81CA-30F02F9BA90A}.Debug|Mixed Platforms.ActiveCfg = Debug|Any CPU
		{319E150C-8F33-49E7-81CA-30F02F9BA90A}.Debug|Mixed Platforms.Build.0 = Debug|Any CPU
		{319E150C-8F33-49E7-81CA-30F02F9BA90A}.Debug|x86.ActiveCfg = Debug|Any CPU
		{319E150C-8F33-49E7-81CA-30F02F9BA90A}.FastpathSim|Any CPU.ActiveCfg = Release|Any CPU
		{319E150C-8F33-49E7-81CA-30F02F9BA90A}.FastpathSim|Any CPU.Build.0 = Release|Any CPU
		{319E150C-8F33-49E7-81CA-30F02F9BA90A}.FastpathSim|Mixed Platforms.ActiveCfg = Release|Any CPU
		{319E150C-8F33-49E7-81CA-30F02F9BA90A}.FastpathSim|Mixed Platforms.Build.0 = Release|Any CPU
		{319E150C-8F33-49E7-81CA-30F02F9BA90A}.FastpathSim|x86.ActiveCfg = Release|Any CPU
		{319E150C-8F33-49E7-81CA-30F02F9BA90A}.NightlyDebug|Any CPU.ActiveCfg = Debug|Any CPU
		{319E150C-8F33-49E7-81CA-30F02F9BA90A}.NightlyDebug|Any CPU.Build.0 = Debug|Any CPU
		{319E150C-8F33-49E7-81CA-30F02F9BA90A}.NightlyDebug|Mixed Platforms.ActiveCfg = Debug|Any CPU
		{319E150C-8F33-49E7-81CA-30F02F9BA90A}.NightlyDebug|Mixed Platforms.Build.0 = Debug|Any CPU
		{319E150C-8F33-49E7-81CA-30F02F9BA90A}.NightlyDebug|x86.ActiveCfg = Debug|Any CPU
		{319E150C-8F33-49E7-81CA-30F02F9BA90A}.NightlyRelease|Any CPU.ActiveCfg = Release|Any CPU
		{319E150C-8F33-49E7-81CA-30F02F9BA90A}.NightlyRelease|Any CPU.Build.0 = Release|Any CPU
		{319E150C-8F33-49E7-81CA-30F02F9BA90A}.NightlyRelease|Mixed Platforms.ActiveCfg = Release|Any CPU
		{319E150C-8F33-49E7-81CA-30F02F9BA90A}.NightlyRelease|Mixed Platforms.Build.0 = Release|Any CPU
		{319E150C-8F33-49E7-81CA-30F02F9BA90A}.NightlyRelease|x86.ActiveCfg = Release|Any CPU
		{319E150C-8F33-49E7-81CA-30F02F9BA90A}.Release|Any CPU.ActiveCfg = Release|Any CPU
		{319E150C-8F33-49E7-81CA-30F02F9BA90A}.Release|Any CPU.Build.0 = Release|Any CPU
		{319E150C-8F33-49E7-81CA-30F02F9BA90A}.Release|Mixed Platforms.ActiveCfg = Release|Any CPU
		{319E150C-8F33-49E7-81CA-30F02F9BA90A}.Release|Mixed Platforms.Build.0 = Release|Any CPU
		{319E150C-8F33-49E7-81CA-30F02F9BA90A}.Release|x86.ActiveCfg = Release|Any CPU
		{319E151C-8F33-49E7-81C9-30F02F9BA90A}.CompilerOnly|Any CPU.ActiveCfg = Release|Any CPU
		{319E151C-8F33-49E7-81C9-30F02F9BA90A}.CompilerOnly|Any CPU.Build.0 = Release|Any CPU
		{319E151C-8F33-49E7-81C9-30F02F9BA90A}.CompilerOnly|Mixed Platforms.ActiveCfg = Release|Any CPU
		{319E151C-8F33-49E7-81C9-30F02F9BA90A}.CompilerOnly|Mixed Platforms.Build.0 = Release|Any CPU
		{319E151C-8F33-49E7-81C9-30F02F9BA90A}.CompilerOnly|x86.ActiveCfg = Release|Any CPU
		{319E151C-8F33-49E7-81C9-30F02F9BA90A}.Debug|Any CPU.ActiveCfg = Debug|Any CPU
		{319E151C-8F33-49E7-81C9-30F02F9BA90A}.Debug|Any CPU.Build.0 = Debug|Any CPU
		{319E151C-8F33-49E7-81C9-30F02F9BA90A}.Debug|Mixed Platforms.ActiveCfg = Debug|Any CPU
		{319E151C-8F33-49E7-81C9-30F02F9BA90A}.Debug|Mixed Platforms.Build.0 = Debug|Any CPU
		{319E151C-8F33-49E7-81C9-30F02F9BA90A}.Debug|x86.ActiveCfg = Debug|Any CPU
		{319E151C-8F33-49E7-81C9-30F02F9BA90A}.FastpathSim|Any CPU.ActiveCfg = Release|Any CPU
		{319E151C-8F33-49E7-81C9-30F02F9BA90A}.FastpathSim|Any CPU.Build.0 = Release|Any CPU
		{319E151C-8F33-49E7-81C9-30F02F9BA90A}.FastpathSim|Mixed Platforms.ActiveCfg = Release|Any CPU
		{319E151C-8F33-49E7-81C9-30F02F9BA90A}.FastpathSim|Mixed Platforms.Build.0 = Release|Any CPU
		{319E151C-8F33-49E7-81C9-30F02F9BA90A}.FastpathSim|x86.ActiveCfg = Release|Any CPU
		{319E151C-8F33-49E7-81C9-30F02F9BA90A}.NightlyDebug|Any CPU.ActiveCfg = Debug|Any CPU
		{319E151C-8F33-49E7-81C9-30F02F9BA90A}.NightlyDebug|Any CPU.Build.0 = Debug|Any CPU
		{319E151C-8F33-49E7-81C9-30F02F9BA90A}.NightlyDebug|Mixed Platforms.ActiveCfg = Debug|Any CPU
		{319E151C-8F33-49E7-81C9-30F02F9BA90A}.NightlyDebug|Mixed Platforms.Build.0 = Debug|Any CPU
		{319E151C-8F33-49E7-81C9-30F02F9BA90A}.NightlyDebug|x86.ActiveCfg = Debug|Any CPU
		{319E151C-8F33-49E7-81C9-30F02F9BA90A}.NightlyRelease|Any CPU.ActiveCfg = Release|Any CPU
		{319E151C-8F33-49E7-81C9-30F02F9BA90A}.NightlyRelease|Any CPU.Build.0 = Release|Any CPU
		{319E151C-8F33-49E7-81C9-30F02F9BA90A}.NightlyRelease|Mixed Platforms.ActiveCfg = Release|Any CPU
		{319E151C-8F33-49E7-81C9-30F02F9BA90A}.NightlyRelease|Mixed Platforms.Build.0 = Release|Any CPU
		{319E151C-8F33-49E7-81C9-30F02F9BA90A}.NightlyRelease|x86.ActiveCfg = Release|Any CPU
		{319E151C-8F33-49E7-81C9-30F02F9BA90A}.Release|Any CPU.ActiveCfg = Release|Any CPU
		{319E151C-8F33-49E7-81C9-30F02F9BA90A}.Release|Any CPU.Build.0 = Release|Any CPU
		{319E151C-8F33-49E7-81C9-30F02F9BA90A}.Release|Mixed Platforms.ActiveCfg = Release|Any CPU
		{319E151C-8F33-49E7-81C9-30F02F9BA90A}.Release|Mixed Platforms.Build.0 = Release|Any CPU
		{319E151C-8F33-49E7-81C9-30F02F9BA90A}.Release|x86.ActiveCfg = Release|Any CPU
		{A6A31B03-7C3D-4DE6-AA73-BE88116BC40A}.CompilerOnly|Any CPU.ActiveCfg = Release|Any CPU
		{A6A31B03-7C3D-4DE6-AA73-BE88116BC40A}.CompilerOnly|Any CPU.Build.0 = Release|Any CPU
		{A6A31B03-7C3D-4DE6-AA73-BE88116BC40A}.CompilerOnly|Mixed Platforms.ActiveCfg = Release|Any CPU
		{A6A31B03-7C3D-4DE6-AA73-BE88116BC40A}.CompilerOnly|Mixed Platforms.Build.0 = Release|Any CPU
		{A6A31B03-7C3D-4DE6-AA73-BE88116BC40A}.CompilerOnly|x86.ActiveCfg = Release|Any CPU
		{A6A31B03-7C3D-4DE6-AA73-BE88116BC40A}.Debug|Any CPU.ActiveCfg = Debug|Any CPU
		{A6A31B03-7C3D-4DE6-AA73-BE88116BC40A}.Debug|Any CPU.Build.0 = Debug|Any CPU
		{A6A31B03-7C3D-4DE6-AA73-BE88116BC40A}.Debug|Mixed Platforms.ActiveCfg = Debug|Any CPU
		{A6A31B03-7C3D-4DE6-AA73-BE88116BC40A}.Debug|Mixed Platforms.Build.0 = Debug|Any CPU
		{A6A31B03-7C3D-4DE6-AA73-BE88116BC40A}.Debug|x86.ActiveCfg = Debug|Any CPU
		{A6A31B03-7C3D-4DE6-AA73-BE88116BC40A}.FastpathSim|Any CPU.ActiveCfg = Release|Any CPU
		{A6A31B03-7C3D-4DE6-AA73-BE88116BC40A}.FastpathSim|Any CPU.Build.0 = Release|Any CPU
		{A6A31B03-7C3D-4DE6-AA73-BE88116BC40A}.FastpathSim|Mixed Platforms.ActiveCfg = Release|Any CPU
		{A6A31B03-7C3D-4DE6-AA73-BE88116BC40A}.FastpathSim|Mixed Platforms.Build.0 = Release|Any CPU
		{A6A31B03-7C3D-4DE6-AA73-BE88116BC40A}.FastpathSim|x86.ActiveCfg = Release|Any CPU
		{A6A31B03-7C3D-4DE6-AA73-BE88116BC40A}.NightlyDebug|Any CPU.ActiveCfg = Debug|Any CPU
		{A6A31B03-7C3D-4DE6-AA73-BE88116BC40A}.NightlyDebug|Any CPU.Build.0 = Debug|Any CPU
		{A6A31B03-7C3D-4DE6-AA73-BE88116BC40A}.NightlyDebug|Mixed Platforms.ActiveCfg = Debug|Any CPU
		{A6A31B03-7C3D-4DE6-AA73-BE88116BC40A}.NightlyDebug|Mixed Platforms.Build.0 = Debug|Any CPU
		{A6A31B03-7C3D-4DE6-AA73-BE88116BC40A}.NightlyDebug|x86.ActiveCfg = Debug|Any CPU
		{A6A31B03-7C3D-4DE6-AA73-BE88116BC40A}.NightlyRelease|Any CPU.ActiveCfg = Release|Any CPU
		{A6A31B03-7C3D-4DE6-AA73-BE88116BC40A}.NightlyRelease|Any CPU.Build.0 = Release|Any CPU
		{A6A31B03-7C3D-4DE6-AA73-BE88116BC40A}.NightlyRelease|Mixed Platforms.ActiveCfg = Release|Any CPU
		{A6A31B03-7C3D-4DE6-AA73-BE88116BC40A}.NightlyRelease|Mixed Platforms.Build.0 = Release|Any CPU
		{A6A31B03-7C3D-4DE6-AA73-BE88116BC40A}.NightlyRelease|x86.ActiveCfg = Release|Any CPU
		{A6A31B03-7C3D-4DE6-AA73-BE88116BC40A}.Release|Any CPU.ActiveCfg = Release|Any CPU
		{A6A31B03-7C3D-4DE6-AA73-BE88116BC40A}.Release|Any CPU.Build.0 = Release|Any CPU
		{A6A31B03-7C3D-4DE6-AA73-BE88116BC40A}.Release|Mixed Platforms.ActiveCfg = Release|Any CPU
		{A6A31B03-7C3D-4DE6-AA73-BE88116BC40A}.Release|Mixed Platforms.Build.0 = Release|Any CPU
		{A6A31B03-7C3D-4DE6-AA73-BE88116BC40A}.Release|x86.ActiveCfg = Release|Any CPU
		{34B9A0CE-DF18-4CBC-8F7A-90C2B74338D5}.CompilerOnly|Any CPU.ActiveCfg = NightlyRelease|Any CPU
		{34B9A0CE-DF18-4CBC-8F7A-90C2B74338D5}.CompilerOnly|Any CPU.Build.0 = NightlyRelease|Any CPU
		{34B9A0CE-DF18-4CBC-8F7A-90C2B74338D5}.CompilerOnly|Mixed Platforms.ActiveCfg = NightlyRelease|Any CPU
		{34B9A0CE-DF18-4CBC-8F7A-90C2B74338D5}.CompilerOnly|Mixed Platforms.Build.0 = NightlyRelease|Any CPU
		{34B9A0CE-DF18-4CBC-8F7A-90C2B74338D5}.CompilerOnly|x86.ActiveCfg = NightlyRelease|Any CPU
		{34B9A0CE-DF18-4CBC-8F7A-90C2B74338D5}.Debug|Any CPU.ActiveCfg = Debug|Any CPU
		{34B9A0CE-DF18-4CBC-8F7A-90C2B74338D5}.Debug|Any CPU.Build.0 = Debug|Any CPU
		{34B9A0CE-DF18-4CBC-8F7A-90C2B74338D5}.Debug|Mixed Platforms.ActiveCfg = Debug|Any CPU
		{34B9A0CE-DF18-4CBC-8F7A-90C2B74338D5}.Debug|Mixed Platforms.Build.0 = Debug|Any CPU
		{34B9A0CE-DF18-4CBC-8F7A-90C2B74338D5}.Debug|x86.ActiveCfg = Debug|Any CPU
		{34B9A0CE-DF18-4CBC-8F7A-90C2B74338D5}.FastpathSim|Any CPU.ActiveCfg = NightlyRelease|Any CPU
		{34B9A0CE-DF18-4CBC-8F7A-90C2B74338D5}.FastpathSim|Any CPU.Build.0 = NightlyRelease|Any CPU
		{34B9A0CE-DF18-4CBC-8F7A-90C2B74338D5}.FastpathSim|Mixed Platforms.ActiveCfg = NightlyRelease|Any CPU
		{34B9A0CE-DF18-4CBC-8F7A-90C2B74338D5}.FastpathSim|Mixed Platforms.Build.0 = NightlyRelease|Any CPU
		{34B9A0CE-DF18-4CBC-8F7A-90C2B74338D5}.FastpathSim|x86.ActiveCfg = NightlyRelease|Any CPU
		{34B9A0CE-DF18-4CBC-8F7A-90C2B74338D5}.NightlyDebug|Any CPU.ActiveCfg = NightlyDebug|Any CPU
		{34B9A0CE-DF18-4CBC-8F7A-90C2B74338D5}.NightlyDebug|Any CPU.Build.0 = NightlyDebug|Any CPU
		{34B9A0CE-DF18-4CBC-8F7A-90C2B74338D5}.NightlyDebug|Mixed Platforms.ActiveCfg = NightlyDebug|Any CPU
		{34B9A0CE-DF18-4CBC-8F7A-90C2B74338D5}.NightlyDebug|Mixed Platforms.Build.0 = NightlyDebug|Any CPU
		{34B9A0CE-DF18-4CBC-8F7A-90C2B74338D5}.NightlyDebug|x86.ActiveCfg = NightlyDebug|Any CPU
		{34B9A0CE-DF18-4CBC-8F7A-90C2B74338D5}.NightlyRelease|Any CPU.ActiveCfg = NightlyRelease|Any CPU
		{34B9A0CE-DF18-4CBC-8F7A-90C2B74338D5}.NightlyRelease|Any CPU.Build.0 = NightlyRelease|Any CPU
		{34B9A0CE-DF18-4CBC-8F7A-90C2B74338D5}.NightlyRelease|Mixed Platforms.ActiveCfg = NightlyRelease|Any CPU
		{34B9A0CE-DF18-4CBC-8F7A-90C2B74338D5}.NightlyRelease|Mixed Platforms.Build.0 = NightlyRelease|Any CPU
		{34B9A0CE-DF18-4CBC-8F7A-90C2B74338D5}.NightlyRelease|x86.ActiveCfg = NightlyRelease|Any CPU
		{34B9A0CE-DF18-4CBC-8F7A-90C2B74338D5}.Release|Any CPU.ActiveCfg = Release|Any CPU
		{34B9A0CE-DF18-4CBC-8F7A-90C2B74338D5}.Release|Any CPU.Build.0 = Release|Any CPU
		{34B9A0CE-DF18-4CBC-8F7A-90C2B74338D5}.Release|Mixed Platforms.ActiveCfg = Release|Any CPU
		{34B9A0CE-DF18-4CBC-8F7A-90C2B74338D5}.Release|Mixed Platforms.Build.0 = Release|Any CPU
		{34B9A0CE-DF18-4CBC-8F7A-90C2B74338D5}.Release|x86.ActiveCfg = Release|Any CPU
		{4B0054FD-124A-4037-9965-BDB55E6BF389}.CompilerOnly|Any CPU.ActiveCfg = Release|Any CPU
		{4B0054FD-124A-4037-9965-BDB55E6BF389}.CompilerOnly|Any CPU.Build.0 = Release|Any CPU
		{4B0054FD-124A-4037-9965-BDB55E6BF389}.CompilerOnly|Mixed Platforms.ActiveCfg = Release|Any CPU
		{4B0054FD-124A-4037-9965-BDB55E6BF389}.CompilerOnly|Mixed Platforms.Build.0 = Release|Any CPU
		{4B0054FD-124A-4037-9965-BDB55E6BF389}.CompilerOnly|x86.ActiveCfg = Release|Any CPU
		{4B0054FD-124A-4037-9965-BDB55E6BF389}.Debug|Any CPU.ActiveCfg = Debug|Any CPU
		{4B0054FD-124A-4037-9965-BDB55E6BF389}.Debug|Any CPU.Build.0 = Debug|Any CPU
		{4B0054FD-124A-4037-9965-BDB55E6BF389}.Debug|Mixed Platforms.ActiveCfg = Debug|Any CPU
		{4B0054FD-124A-4037-9965-BDB55E6BF389}.Debug|Mixed Platforms.Build.0 = Debug|Any CPU
		{4B0054FD-124A-4037-9965-BDB55E6BF389}.Debug|x86.ActiveCfg = Debug|Any CPU
		{4B0054FD-124A-4037-9965-BDB55E6BF389}.FastpathSim|Any CPU.ActiveCfg = Release|Any CPU
		{4B0054FD-124A-4037-9965-BDB55E6BF389}.FastpathSim|Any CPU.Build.0 = Release|Any CPU
		{4B0054FD-124A-4037-9965-BDB55E6BF389}.FastpathSim|Mixed Platforms.ActiveCfg = Release|Any CPU
		{4B0054FD-124A-4037-9965-BDB55E6BF389}.FastpathSim|Mixed Platforms.Build.0 = Release|Any CPU
		{4B0054FD-124A-4037-9965-BDB55E6BF389}.FastpathSim|x86.ActiveCfg = Release|Any CPU
		{4B0054FD-124A-4037-9965-BDB55E6BF389}.NightlyDebug|Any CPU.ActiveCfg = Debug|Any CPU
		{4B0054FD-124A-4037-9965-BDB55E6BF389}.NightlyDebug|Any CPU.Build.0 = Debug|Any CPU
		{4B0054FD-124A-4037-9965-BDB55E6BF389}.NightlyDebug|Mixed Platforms.ActiveCfg = Debug|Any CPU
		{4B0054FD-124A-4037-9965-BDB55E6BF389}.NightlyDebug|Mixed Platforms.Build.0 = Debug|Any CPU
		{4B0054FD-124A-4037-9965-BDB55E6BF389}.NightlyDebug|x86.ActiveCfg = Debug|Any CPU
		{4B0054FD-124A-4037-9965-BDB55E6BF389}.NightlyRelease|Any CPU.ActiveCfg = Release|Any CPU
		{4B0054FD-124A-4037-9965-BDB55E6BF389}.NightlyRelease|Any CPU.Build.0 = Release|Any CPU
		{4B0054FD-124A-4037-9965-BDB55E6BF389}.NightlyRelease|Mixed Platforms.ActiveCfg = Release|Any CPU
		{4B0054FD-124A-4037-9965-BDB55E6BF389}.NightlyRelease|Mixed Platforms.Build.0 = Release|Any CPU
		{4B0054FD-124A-4037-9965-BDB55E6BF389}.NightlyRelease|x86.ActiveCfg = Release|Any CPU
		{4B0054FD-124A-4037-9965-BDB55E6BF389}.Release|Any CPU.ActiveCfg = Release|Any CPU
		{4B0054FD-124A-4037-9965-BDB55E6BF389}.Release|Any CPU.Build.0 = Release|Any CPU
		{4B0054FD-124A-4037-9965-BDB55E6BF389}.Release|Mixed Platforms.ActiveCfg = Release|Any CPU
		{4B0054FD-124A-4037-9965-BDB55E6BF389}.Release|Mixed Platforms.Build.0 = Release|Any CPU
		{4B0054FD-124A-4037-9965-BDB55E6BF389}.Release|x86.ActiveCfg = Release|Any CPU
		{08156C78-403A-4112-AD81-8646AC51CD2F}.CompilerOnly|Any CPU.ActiveCfg = Release|Any CPU
		{08156C78-403A-4112-AD81-8646AC51CD2F}.CompilerOnly|Any CPU.Build.0 = Release|Any CPU
		{08156C78-403A-4112-AD81-8646AC51CD2F}.CompilerOnly|Mixed Platforms.ActiveCfg = Release|Any CPU
		{08156C78-403A-4112-AD81-8646AC51CD2F}.CompilerOnly|Mixed Platforms.Build.0 = Release|Any CPU
		{08156C78-403A-4112-AD81-8646AC51CD2F}.CompilerOnly|x86.ActiveCfg = Release|Any CPU
		{08156C78-403A-4112-AD81-8646AC51CD2F}.Debug|Any CPU.ActiveCfg = Debug|Any CPU
		{08156C78-403A-4112-AD81-8646AC51CD2F}.Debug|Any CPU.Build.0 = Debug|Any CPU
		{08156C78-403A-4112-AD81-8646AC51CD2F}.Debug|Mixed Platforms.ActiveCfg = Debug|Any CPU
		{08156C78-403A-4112-AD81-8646AC51CD2F}.Debug|Mixed Platforms.Build.0 = Debug|Any CPU
		{08156C78-403A-4112-AD81-8646AC51CD2F}.Debug|x86.ActiveCfg = Debug|Any CPU
		{08156C78-403A-4112-AD81-8646AC51CD2F}.FastpathSim|Any CPU.ActiveCfg = Release|Any CPU
		{08156C78-403A-4112-AD81-8646AC51CD2F}.FastpathSim|Any CPU.Build.0 = Release|Any CPU
		{08156C78-403A-4112-AD81-8646AC51CD2F}.FastpathSim|Mixed Platforms.ActiveCfg = Release|Any CPU
		{08156C78-403A-4112-AD81-8646AC51CD2F}.FastpathSim|Mixed Platforms.Build.0 = Release|Any CPU
		{08156C78-403A-4112-AD81-8646AC51CD2F}.FastpathSim|x86.ActiveCfg = Release|Any CPU
		{08156C78-403A-4112-AD81-8646AC51CD2F}.NightlyDebug|Any CPU.ActiveCfg = Debug|Any CPU
		{08156C78-403A-4112-AD81-8646AC51CD2F}.NightlyDebug|Any CPU.Build.0 = Debug|Any CPU
		{08156C78-403A-4112-AD81-8646AC51CD2F}.NightlyDebug|Mixed Platforms.ActiveCfg = Debug|Any CPU
		{08156C78-403A-4112-AD81-8646AC51CD2F}.NightlyDebug|Mixed Platforms.Build.0 = Debug|Any CPU
		{08156C78-403A-4112-AD81-8646AC51CD2F}.NightlyDebug|x86.ActiveCfg = Debug|Any CPU
		{08156C78-403A-4112-AD81-8646AC51CD2F}.NightlyRelease|Any CPU.ActiveCfg = Release|Any CPU
		{08156C78-403A-4112-AD81-8646AC51CD2F}.NightlyRelease|Any CPU.Build.0 = Release|Any CPU
		{08156C78-403A-4112-AD81-8646AC51CD2F}.NightlyRelease|Mixed Platforms.ActiveCfg = Release|Any CPU
		{08156C78-403A-4112-AD81-8646AC51CD2F}.NightlyRelease|Mixed Platforms.Build.0 = Release|Any CPU
		{08156C78-403A-4112-AD81-8646AC51CD2F}.NightlyRelease|x86.ActiveCfg = Release|Any CPU
		{08156C78-403A-4112-AD81-8646AC51CD2F}.Release|Any CPU.ActiveCfg = Release|Any CPU
		{08156C78-403A-4112-AD81-8646AC51CD2F}.Release|Any CPU.Build.0 = Release|Any CPU
		{08156C78-403A-4112-AD81-8646AC51CD2F}.Release|Mixed Platforms.ActiveCfg = Release|Any CPU
		{08156C78-403A-4112-AD81-8646AC51CD2F}.Release|Mixed Platforms.Build.0 = Release|Any CPU
		{08156C78-403A-4112-AD81-8646AC51CD2F}.Release|x86.ActiveCfg = Release|Any CPU
		{304A8B0B-851B-4AA6-A17D-5F87F39C5E5C}.CompilerOnly|Any CPU.ActiveCfg = Release|Any CPU
		{304A8B0B-851B-4AA6-A17D-5F87F39C5E5C}.CompilerOnly|Any CPU.Build.0 = Release|Any CPU
		{304A8B0B-851B-4AA6-A17D-5F87F39C5E5C}.CompilerOnly|Mixed Platforms.ActiveCfg = Release|Any CPU
		{304A8B0B-851B-4AA6-A17D-5F87F39C5E5C}.CompilerOnly|Mixed Platforms.Build.0 = Release|Any CPU
		{304A8B0B-851B-4AA6-A17D-5F87F39C5E5C}.CompilerOnly|x86.ActiveCfg = Release|Any CPU
		{304A8B0B-851B-4AA6-A17D-5F87F39C5E5C}.Debug|Any CPU.ActiveCfg = Debug|Any CPU
		{304A8B0B-851B-4AA6-A17D-5F87F39C5E5C}.Debug|Any CPU.Build.0 = Debug|Any CPU
		{304A8B0B-851B-4AA6-A17D-5F87F39C5E5C}.Debug|Mixed Platforms.ActiveCfg = Debug|Any CPU
		{304A8B0B-851B-4AA6-A17D-5F87F39C5E5C}.Debug|Mixed Platforms.Build.0 = Debug|Any CPU
		{304A8B0B-851B-4AA6-A17D-5F87F39C5E5C}.Debug|x86.ActiveCfg = Debug|Any CPU
		{304A8B0B-851B-4AA6-A17D-5F87F39C5E5C}.FastpathSim|Any CPU.ActiveCfg = Release|Any CPU
		{304A8B0B-851B-4AA6-A17D-5F87F39C5E5C}.FastpathSim|Any CPU.Build.0 = Release|Any CPU
		{304A8B0B-851B-4AA6-A17D-5F87F39C5E5C}.FastpathSim|Mixed Platforms.ActiveCfg = Release|Any CPU
		{304A8B0B-851B-4AA6-A17D-5F87F39C5E5C}.FastpathSim|Mixed Platforms.Build.0 = Release|Any CPU
		{304A8B0B-851B-4AA6-A17D-5F87F39C5E5C}.FastpathSim|x86.ActiveCfg = Release|Any CPU
		{304A8B0B-851B-4AA6-A17D-5F87F39C5E5C}.NightlyDebug|Any CPU.ActiveCfg = Debug|Any CPU
		{304A8B0B-851B-4AA6-A17D-5F87F39C5E5C}.NightlyDebug|Any CPU.Build.0 = Debug|Any CPU
		{304A8B0B-851B-4AA6-A17D-5F87F39C5E5C}.NightlyDebug|Mixed Platforms.ActiveCfg = Debug|Any CPU
		{304A8B0B-851B-4AA6-A17D-5F87F39C5E5C}.NightlyDebug|Mixed Platforms.Build.0 = Debug|Any CPU
		{304A8B0B-851B-4AA6-A17D-5F87F39C5E5C}.NightlyDebug|x86.ActiveCfg = Debug|Any CPU
		{304A8B0B-851B-4AA6-A17D-5F87F39C5E5C}.NightlyRelease|Any CPU.ActiveCfg = Release|Any CPU
		{304A8B0B-851B-4AA6-A17D-5F87F39C5E5C}.NightlyRelease|Any CPU.Build.0 = Release|Any CPU
		{304A8B0B-851B-4AA6-A17D-5F87F39C5E5C}.NightlyRelease|Mixed Platforms.ActiveCfg = Release|Any CPU
		{304A8B0B-851B-4AA6-A17D-5F87F39C5E5C}.NightlyRelease|Mixed Platforms.Build.0 = Release|Any CPU
		{304A8B0B-851B-4AA6-A17D-5F87F39C5E5C}.NightlyRelease|x86.ActiveCfg = Release|Any CPU
		{304A8B0B-851B-4AA6-A17D-5F87F39C5E5C}.Release|Any CPU.ActiveCfg = Release|Any CPU
		{304A8B0B-851B-4AA6-A17D-5F87F39C5E5C}.Release|Any CPU.Build.0 = Release|Any CPU
		{304A8B0B-851B-4AA6-A17D-5F87F39C5E5C}.Release|Mixed Platforms.ActiveCfg = Release|Any CPU
		{304A8B0B-851B-4AA6-A17D-5F87F39C5E5C}.Release|Mixed Platforms.Build.0 = Release|Any CPU
		{304A8B0B-851B-4AA6-A17D-5F87F39C5E5C}.Release|x86.ActiveCfg = Release|Any CPU
		{CEB76EA1-A168-49B0-A410-2C4195FEE86F}.CompilerOnly|Any CPU.ActiveCfg = Release|Any CPU
		{CEB76EA1-A168-49B0-A410-2C4195FEE86F}.CompilerOnly|Any CPU.Build.0 = Release|Any CPU
		{CEB76EA1-A168-49B0-A410-2C4195FEE86F}.CompilerOnly|Mixed Platforms.ActiveCfg = Release|Any CPU
		{CEB76EA1-A168-49B0-A410-2C4195FEE86F}.CompilerOnly|Mixed Platforms.Build.0 = Release|Any CPU
		{CEB76EA1-A168-49B0-A410-2C4195FEE86F}.CompilerOnly|x86.ActiveCfg = Release|Any CPU
		{CEB76EA1-A168-49B0-A410-2C4195FEE86F}.Debug|Any CPU.ActiveCfg = Debug|Any CPU
		{CEB76EA1-A168-49B0-A410-2C4195FEE86F}.Debug|Any CPU.Build.0 = Debug|Any CPU
		{CEB76EA1-A168-49B0-A410-2C4195FEE86F}.Debug|Mixed Platforms.ActiveCfg = Debug|Any CPU
		{CEB76EA1-A168-49B0-A410-2C4195FEE86F}.Debug|Mixed Platforms.Build.0 = Debug|Any CPU
		{CEB76EA1-A168-49B0-A410-2C4195FEE86F}.Debug|x86.ActiveCfg = Debug|Any CPU
		{CEB76EA1-A168-49B0-A410-2C4195FEE86F}.FastpathSim|Any CPU.ActiveCfg = Release|Any CPU
		{CEB76EA1-A168-49B0-A410-2C4195FEE86F}.FastpathSim|Any CPU.Build.0 = Release|Any CPU
		{CEB76EA1-A168-49B0-A410-2C4195FEE86F}.FastpathSim|Mixed Platforms.ActiveCfg = Release|Any CPU
		{CEB76EA1-A168-49B0-A410-2C4195FEE86F}.FastpathSim|Mixed Platforms.Build.0 = Release|Any CPU
		{CEB76EA1-A168-49B0-A410-2C4195FEE86F}.FastpathSim|x86.ActiveCfg = Release|Any CPU
		{CEB76EA1-A168-49B0-A410-2C4195FEE86F}.NightlyDebug|Any CPU.ActiveCfg = Debug|Any CPU
		{CEB76EA1-A168-49B0-A410-2C4195FEE86F}.NightlyDebug|Any CPU.Build.0 = Debug|Any CPU
		{CEB76EA1-A168-49B0-A410-2C4195FEE86F}.NightlyDebug|Mixed Platforms.ActiveCfg = Debug|Any CPU
		{CEB76EA1-A168-49B0-A410-2C4195FEE86F}.NightlyDebug|Mixed Platforms.Build.0 = Debug|Any CPU
		{CEB76EA1-A168-49B0-A410-2C4195FEE86F}.NightlyDebug|x86.ActiveCfg = Debug|Any CPU
		{CEB76EA1-A168-49B0-A410-2C4195FEE86F}.NightlyRelease|Any CPU.ActiveCfg = Release|Any CPU
		{CEB76EA1-A168-49B0-A410-2C4195FEE86F}.NightlyRelease|Any CPU.Build.0 = Release|Any CPU
		{CEB76EA1-A168-49B0-A410-2C4195FEE86F}.NightlyRelease|Mixed Platforms.ActiveCfg = Release|Any CPU
		{CEB76EA1-A168-49B0-A410-2C4195FEE86F}.NightlyRelease|Mixed Platforms.Build.0 = Release|Any CPU
		{CEB76EA1-A168-49B0-A410-2C4195FEE86F}.NightlyRelease|x86.ActiveCfg = Release|Any CPU
		{CEB76EA1-A168-49B0-A410-2C4195FEE86F}.Release|Any CPU.ActiveCfg = Release|Any CPU
		{CEB76EA1-A168-49B0-A410-2C4195FEE86F}.Release|Any CPU.Build.0 = Release|Any CPU
		{CEB76EA1-A168-49B0-A410-2C4195FEE86F}.Release|Mixed Platforms.ActiveCfg = Release|Any CPU
		{CEB76EA1-A168-49B0-A410-2C4195FEE86F}.Release|Mixed Platforms.Build.0 = Release|Any CPU
		{CEB76EA1-A168-49B0-A410-2C4195FEE86F}.Release|x86.ActiveCfg = Release|Any CPU
		{6D83F687-ABB5-40B3-915E-CA53DA0EB7F3}.CompilerOnly|Any CPU.ActiveCfg = Release|Any CPU
		{6D83F687-ABB5-40B3-915E-CA53DA0EB7F3}.CompilerOnly|Any CPU.Build.0 = Release|Any CPU
		{6D83F687-ABB5-40B3-915E-CA53DA0EB7F3}.CompilerOnly|Mixed Platforms.ActiveCfg = Release|Any CPU
		{6D83F687-ABB5-40B3-915E-CA53DA0EB7F3}.CompilerOnly|Mixed Platforms.Build.0 = Release|Any CPU
		{6D83F687-ABB5-40B3-915E-CA53DA0EB7F3}.CompilerOnly|x86.ActiveCfg = Release|Any CPU
		{6D83F687-ABB5-40B3-915E-CA53DA0EB7F3}.Debug|Any CPU.ActiveCfg = Debug|Any CPU
		{6D83F687-ABB5-40B3-915E-CA53DA0EB7F3}.Debug|Any CPU.Build.0 = Debug|Any CPU
		{6D83F687-ABB5-40B3-915E-CA53DA0EB7F3}.Debug|Mixed Platforms.ActiveCfg = Debug|Any CPU
		{6D83F687-ABB5-40B3-915E-CA53DA0EB7F3}.Debug|Mixed Platforms.Build.0 = Debug|Any CPU
		{6D83F687-ABB5-40B3-915E-CA53DA0EB7F3}.Debug|x86.ActiveCfg = Debug|Any CPU
		{6D83F687-ABB5-40B3-915E-CA53DA0EB7F3}.FastpathSim|Any CPU.ActiveCfg = Release|Any CPU
		{6D83F687-ABB5-40B3-915E-CA53DA0EB7F3}.FastpathSim|Any CPU.Build.0 = Release|Any CPU
		{6D83F687-ABB5-40B3-915E-CA53DA0EB7F3}.FastpathSim|Mixed Platforms.ActiveCfg = Release|Any CPU
		{6D83F687-ABB5-40B3-915E-CA53DA0EB7F3}.FastpathSim|Mixed Platforms.Build.0 = Release|Any CPU
		{6D83F687-ABB5-40B3-915E-CA53DA0EB7F3}.FastpathSim|x86.ActiveCfg = Release|Any CPU
		{6D83F687-ABB5-40B3-915E-CA53DA0EB7F3}.NightlyDebug|Any CPU.ActiveCfg = Debug|Any CPU
		{6D83F687-ABB5-40B3-915E-CA53DA0EB7F3}.NightlyDebug|Any CPU.Build.0 = Debug|Any CPU
		{6D83F687-ABB5-40B3-915E-CA53DA0EB7F3}.NightlyDebug|Mixed Platforms.ActiveCfg = Debug|Any CPU
		{6D83F687-ABB5-40B3-915E-CA53DA0EB7F3}.NightlyDebug|Mixed Platforms.Build.0 = Debug|Any CPU
		{6D83F687-ABB5-40B3-915E-CA53DA0EB7F3}.NightlyDebug|x86.ActiveCfg = Debug|Any CPU
		{6D83F687-ABB5-40B3-915E-CA53DA0EB7F3}.NightlyRelease|Any CPU.ActiveCfg = Release|Any CPU
		{6D83F687-ABB5-40B3-915E-CA53DA0EB7F3}.NightlyRelease|Any CPU.Build.0 = Release|Any CPU
		{6D83F687-ABB5-40B3-915E-CA53DA0EB7F3}.NightlyRelease|Mixed Platforms.ActiveCfg = Release|Any CPU
		{6D83F687-ABB5-40B3-915E-CA53DA0EB7F3}.NightlyRelease|Mixed Platforms.Build.0 = Release|Any CPU
		{6D83F687-ABB5-40B3-915E-CA53DA0EB7F3}.NightlyRelease|x86.ActiveCfg = Release|Any CPU
		{6D83F687-ABB5-40B3-915E-CA53DA0EB7F3}.Release|Any CPU.ActiveCfg = Release|Any CPU
		{6D83F687-ABB5-40B3-915E-CA53DA0EB7F3}.Release|Any CPU.Build.0 = Release|Any CPU
		{6D83F687-ABB5-40B3-915E-CA53DA0EB7F3}.Release|Mixed Platforms.ActiveCfg = Release|Any CPU
		{6D83F687-ABB5-40B3-915E-CA53DA0EB7F3}.Release|Mixed Platforms.Build.0 = Release|Any CPU
		{6D83F687-ABB5-40B3-915E-CA53DA0EB7F3}.Release|x86.ActiveCfg = Release|Any CPU
		{B114E5FF-F2A2-4BE7-8AF1-936FC87030F0}.CompilerOnly|Any CPU.ActiveCfg = FastpathSim|Any CPU
		{B114E5FF-F2A2-4BE7-8AF1-936FC87030F0}.CompilerOnly|Any CPU.Build.0 = FastpathSim|Any CPU
		{B114E5FF-F2A2-4BE7-8AF1-936FC87030F0}.CompilerOnly|Mixed Platforms.ActiveCfg = FastpathSim|Any CPU
		{B114E5FF-F2A2-4BE7-8AF1-936FC87030F0}.CompilerOnly|Mixed Platforms.Build.0 = FastpathSim|Any CPU
		{B114E5FF-F2A2-4BE7-8AF1-936FC87030F0}.CompilerOnly|x86.ActiveCfg = FastpathSim|Any CPU
		{B114E5FF-F2A2-4BE7-8AF1-936FC87030F0}.Debug|Any CPU.ActiveCfg = Debug|Any CPU
		{B114E5FF-F2A2-4BE7-8AF1-936FC87030F0}.Debug|Any CPU.Build.0 = Debug|Any CPU
		{B114E5FF-F2A2-4BE7-8AF1-936FC87030F0}.Debug|Mixed Platforms.ActiveCfg = Debug|Any CPU
		{B114E5FF-F2A2-4BE7-8AF1-936FC87030F0}.Debug|Mixed Platforms.Build.0 = Debug|Any CPU
		{B114E5FF-F2A2-4BE7-8AF1-936FC87030F0}.Debug|x86.ActiveCfg = Debug|Any CPU
		{B114E5FF-F2A2-4BE7-8AF1-936FC87030F0}.FastpathSim|Any CPU.ActiveCfg = FastpathSim|Any CPU
		{B114E5FF-F2A2-4BE7-8AF1-936FC87030F0}.FastpathSim|Any CPU.Build.0 = FastpathSim|Any CPU
		{B114E5FF-F2A2-4BE7-8AF1-936FC87030F0}.FastpathSim|Mixed Platforms.ActiveCfg = FastpathSim|Any CPU
		{B114E5FF-F2A2-4BE7-8AF1-936FC87030F0}.FastpathSim|Mixed Platforms.Build.0 = FastpathSim|Any CPU
		{B114E5FF-F2A2-4BE7-8AF1-936FC87030F0}.FastpathSim|x86.ActiveCfg = FastpathSim|Any CPU
		{B114E5FF-F2A2-4BE7-8AF1-936FC87030F0}.NightlyDebug|Any CPU.ActiveCfg = Debug|Any CPU
		{B114E5FF-F2A2-4BE7-8AF1-936FC87030F0}.NightlyDebug|Any CPU.Build.0 = Debug|Any CPU
		{B114E5FF-F2A2-4BE7-8AF1-936FC87030F0}.NightlyDebug|Mixed Platforms.ActiveCfg = Debug|Any CPU
		{B114E5FF-F2A2-4BE7-8AF1-936FC87030F0}.NightlyDebug|Mixed Platforms.Build.0 = Debug|Any CPU
		{B114E5FF-F2A2-4BE7-8AF1-936FC87030F0}.NightlyDebug|x86.ActiveCfg = Debug|Any CPU
		{B114E5FF-F2A2-4BE7-8AF1-936FC87030F0}.NightlyRelease|Any CPU.ActiveCfg = Release|Any CPU
		{B114E5FF-F2A2-4BE7-8AF1-936FC87030F0}.NightlyRelease|Any CPU.Build.0 = Release|Any CPU
		{B114E5FF-F2A2-4BE7-8AF1-936FC87030F0}.NightlyRelease|Mixed Platforms.ActiveCfg = Release|Any CPU
		{B114E5FF-F2A2-4BE7-8AF1-936FC87030F0}.NightlyRelease|Mixed Platforms.Build.0 = Release|Any CPU
		{B114E5FF-F2A2-4BE7-8AF1-936FC87030F0}.NightlyRelease|x86.ActiveCfg = Release|Any CPU
		{B114E5FF-F2A2-4BE7-8AF1-936FC87030F0}.Release|Any CPU.ActiveCfg = Release|Any CPU
		{B114E5FF-F2A2-4BE7-8AF1-936FC87030F0}.Release|Any CPU.Build.0 = Release|Any CPU
		{B114E5FF-F2A2-4BE7-8AF1-936FC87030F0}.Release|Mixed Platforms.ActiveCfg = Release|Any CPU
		{B114E5FF-F2A2-4BE7-8AF1-936FC87030F0}.Release|Mixed Platforms.Build.0 = Release|Any CPU
		{B114E5FF-F2A2-4BE7-8AF1-936FC87030F0}.Release|x86.ActiveCfg = Release|Any CPU
		{60CD0C85-1E4A-4068-A4EC-D15B7981A908}.CompilerOnly|Any CPU.ActiveCfg = Release|x86
		{60CD0C85-1E4A-4068-A4EC-D15B7981A908}.CompilerOnly|Mixed Platforms.ActiveCfg = Release|x86
		{60CD0C85-1E4A-4068-A4EC-D15B7981A908}.CompilerOnly|Mixed Platforms.Build.0 = Release|x86
		{60CD0C85-1E4A-4068-A4EC-D15B7981A908}.CompilerOnly|x86.ActiveCfg = Release|x86
		{60CD0C85-1E4A-4068-A4EC-D15B7981A908}.CompilerOnly|x86.Build.0 = Release|x86
		{60CD0C85-1E4A-4068-A4EC-D15B7981A908}.Debug|Any CPU.ActiveCfg = Debug|Any CPU
		{60CD0C85-1E4A-4068-A4EC-D15B7981A908}.Debug|Any CPU.Build.0 = Debug|Any CPU
		{60CD0C85-1E4A-4068-A4EC-D15B7981A908}.Debug|Mixed Platforms.ActiveCfg = Debug|x86
		{60CD0C85-1E4A-4068-A4EC-D15B7981A908}.Debug|Mixed Platforms.Build.0 = Debug|x86
		{60CD0C85-1E4A-4068-A4EC-D15B7981A908}.Debug|x86.ActiveCfg = Debug|x86
		{60CD0C85-1E4A-4068-A4EC-D15B7981A908}.Debug|x86.Build.0 = Debug|x86
		{60CD0C85-1E4A-4068-A4EC-D15B7981A908}.FastpathSim|Any CPU.ActiveCfg = Release|x86
		{60CD0C85-1E4A-4068-A4EC-D15B7981A908}.FastpathSim|Mixed Platforms.ActiveCfg = Release|x86
		{60CD0C85-1E4A-4068-A4EC-D15B7981A908}.FastpathSim|Mixed Platforms.Build.0 = Release|x86
		{60CD0C85-1E4A-4068-A4EC-D15B7981A908}.FastpathSim|x86.ActiveCfg = Release|x86
		{60CD0C85-1E4A-4068-A4EC-D15B7981A908}.FastpathSim|x86.Build.0 = Release|x86
		{60CD0C85-1E4A-4068-A4EC-D15B7981A908}.NightlyDebug|Any CPU.ActiveCfg = Debug|x86
		{60CD0C85-1E4A-4068-A4EC-D15B7981A908}.NightlyDebug|Mixed Platforms.ActiveCfg = Debug|x86
		{60CD0C85-1E4A-4068-A4EC-D15B7981A908}.NightlyDebug|Mixed Platforms.Build.0 = Debug|x86
		{60CD0C85-1E4A-4068-A4EC-D15B7981A908}.NightlyDebug|x86.ActiveCfg = Debug|x86
		{60CD0C85-1E4A-4068-A4EC-D15B7981A908}.NightlyDebug|x86.Build.0 = Debug|x86
		{60CD0C85-1E4A-4068-A4EC-D15B7981A908}.NightlyRelease|Any CPU.ActiveCfg = Release|x86
		{60CD0C85-1E4A-4068-A4EC-D15B7981A908}.NightlyRelease|Mixed Platforms.ActiveCfg = Release|x86
		{60CD0C85-1E4A-4068-A4EC-D15B7981A908}.NightlyRelease|Mixed Platforms.Build.0 = Release|x86
		{60CD0C85-1E4A-4068-A4EC-D15B7981A908}.NightlyRelease|x86.ActiveCfg = Release|x86
		{60CD0C85-1E4A-4068-A4EC-D15B7981A908}.NightlyRelease|x86.Build.0 = Release|x86
		{60CD0C85-1E4A-4068-A4EC-D15B7981A908}.Release|Any CPU.ActiveCfg = Release|x86
		{60CD0C85-1E4A-4068-A4EC-D15B7981A908}.Release|Mixed Platforms.ActiveCfg = Release|x86
		{60CD0C85-1E4A-4068-A4EC-D15B7981A908}.Release|Mixed Platforms.Build.0 = Release|x86
		{60CD0C85-1E4A-4068-A4EC-D15B7981A908}.Release|x86.ActiveCfg = Release|x86
		{60CD0C85-1E4A-4068-A4EC-D15B7981A908}.Release|x86.Build.0 = Release|x86
	EndGlobalSection
	GlobalSection(SolutionProperties) = preSolution
		HideSolutionNode = FALSE
	EndGlobalSection
	GlobalSection(NestedProjects) = preSolution
		{3D13D2CC-6387-46FA-BDC2-4BEEFC460118} = {AA77A7CB-972F-4A5C-A16C-3810B448F6EA}
		{A112AFBA-D6F6-44A4-A683-C3D458A68D84} = {AA77A7CB-972F-4A5C-A16C-3810B448F6EA}
		{45E691A6-BFA4-4545-93AC-EA7290A6B565} = {AA77A7CB-972F-4A5C-A16C-3810B448F6EA}
	EndGlobalSection
EndGlobal
