
Microsoft Visual Studio Solution File, Format Version 11.00
# Visual Studio 2010
Project("{FAE04EC0-301F-11D3-BF4B-00C04F79EFBC}") = "BytecodeTranslator", "BytecodeTranslator\BytecodeTranslator.csproj", "{9C8E4D74-0251-479D-ADAC-A9A469977301}"
EndProject
Project("{FAE04EC0-301F-11D3-BF4B-00C04F79EFBC}") = "MetadataModel", "..\..\CCICodePlex\Ast\Metadata\Sources\MetadataModel\MetadataModel.csproj", "{33CAB640-0D03-43DF-81BD-22CDC6C0A597}"
EndProject
Project("{FAE04EC0-301F-11D3-BF4B-00C04F79EFBC}") = "MetadataHelper", "..\..\CCICodePlex\Ast\Metadata\Sources\MetadataHelper\MetadataHelper.csproj", "{4A34A3C5-6176-49D7-A4C5-B2B671247F8F}"
EndProject
Project("{FAE04EC0-301F-11D3-BF4B-00C04F79EFBC}") = "MutableMetadataModel", "..\..\CCICodePlex\Ast\Metadata\Sources\MutableMetadataModel\MutableMetadataModel.csproj", "{319E151C-8F33-49E7-81C9-30F02F9BA90A}"
EndProject
Project("{FAE04EC0-301F-11D3-BF4B-00C04F79EFBC}") = "PeReader", "..\..\CCICodePlex\Ast\Metadata\Sources\PeReader\PeReader.csproj", "{34B9A0CE-DF18-4CBC-8F7A-90C2B74338D5}"
EndProject
Project("{FAE04EC0-301F-11D3-BF4B-00C04F79EFBC}") = "PdbReader", "..\..\CCICodePlex\Ast\Metadata\Sources\PdbReader\PdbReader.csproj", "{A6A31B03-7C3D-4DE6-AA73-BE88116BC40A}"
EndProject
Project("{FAE04EC0-301F-11D3-BF4B-00C04F79EFBC}") = "SourceModel", "..\..\CCICodePlex\Ast\Metadata\Sources\SourceModel\SourceModel.csproj", "{4B0054FD-124A-4037-9965-BDB55E6BF389}"
EndProject
Project("{FAE04EC0-301F-11D3-BF4B-00C04F79EFBC}") = "ILToCodeModel", "..\..\CCICodePlex\Ast\Sources\ILToCodeModel\ILToCodeModel.csproj", "{27F2A417-B6ED-43AD-A38E-A0B6142216F6}"
EndProject
Project("{FAE04EC0-301F-11D3-BF4B-00C04F79EFBC}") = "CodeModel", "..\..\CCICodePlex\Ast\Sources\CodeModel\CodeModel.csproj", "{035FEA7F-0D36-4AE4-B694-EC45191B9AF2}"
EndProject
Project("{FAE04EC0-301F-11D3-BF4B-00C04F79EFBC}") = "MutableCodeModel", "..\..\CCICodePlex\Ast\Sources\MutableCodeModel\MutableCodeModel.csproj", "{319E150C-8F33-49E7-81CA-30F02F9BA90A}"
EndProject
Project("{FAE04EC0-301F-11D3-BF4B-00C04F79EFBC}") = "CodeModelToIL", "..\..\CCICodePlex\Ast\Sources\CodeModelToIL\CodeModelToIL.csproj", "{CEB76EA1-A168-49B0-A410-2C4195FEE86F}"
EndProject
Project("{FAE04EC0-301F-11D3-BF4B-00C04F79EFBC}") = "ILGenerator", "..\..\CCICodePlex\Ast\Metadata\Sources\ILGenerator\ILGenerator.csproj", "{08156C78-403A-4112-AD81-8646AC51CD2F}"
EndProject
Project("{2150E333-8FDC-42A3-9474-1A3956D46DE8}") = "RegressionTests", "RegressionTests", "{AA77A7CB-972F-4A5C-A16C-3810B448F6EA}"
EndProject
Project("{FAE04EC0-301F-11D3-BF4B-00C04F79EFBC}") = "RegressionTestInput", "RegressionTests\RegressionTestInput\RegressionTestInput.csproj", "{3D13D2CC-6387-46FA-BDC2-4BEEFC460118}"
EndProject
Project("{FAE04EC0-301F-11D3-BF4B-00C04F79EFBC}") = "TranslationTest", "RegressionTests\TranslationTest\TranslationTest.csproj", "{A112AFBA-D6F6-44A4-A683-C3D458A68D84}"
EndProject
Project("{2150E333-8FDC-42A3-9474-1A3956D46DE8}") = "Solution Items", "Solution Items", "{45E691A6-BFA4-4545-93AC-EA7290A6B565}"
	ProjectSection(SolutionItems) = preProject
		BCT.vsmdi = BCT.vsmdi
		Local.testsettings = Local.testsettings
		TraceAndTestImpact.testsettings = TraceAndTestImpact.testsettings
	EndProjectSection
EndProject
Project("{FAE04EC0-301F-11D3-BF4B-00C04F79EFBC}") = "ContractExtractor", "..\..\CCICodePlex\Ast\Sources\ContractExtractor\ContractExtractor.csproj", "{0703D916-A881-45E6-A5CD-6BC50E2E30E2}"
EndProject
Global
	GlobalSection(TestCaseManagementSettings) = postSolution
		CategoryFile = BCT.vsmdi
	EndGlobalSection
	GlobalSection(SolutionConfigurationPlatforms) = preSolution
		CompilerOnly|Any CPU = CompilerOnly|Any CPU
		Debug|Any CPU = Debug|Any CPU
		NightlyDebug|Any CPU = NightlyDebug|Any CPU
		NightlyRelease|Any CPU = NightlyRelease|Any CPU
		Release|Any CPU = Release|Any CPU
	EndGlobalSection
	GlobalSection(ProjectConfigurationPlatforms) = postSolution
		{9C8E4D74-0251-479D-ADAC-A9A469977301}.CompilerOnly|Any CPU.ActiveCfg = Release|Any CPU
		{9C8E4D74-0251-479D-ADAC-A9A469977301}.CompilerOnly|Any CPU.Build.0 = Release|Any CPU
		{9C8E4D74-0251-479D-ADAC-A9A469977301}.Debug|Any CPU.ActiveCfg = Debug|Any CPU
		{9C8E4D74-0251-479D-ADAC-A9A469977301}.Debug|Any CPU.Build.0 = Debug|Any CPU
		{9C8E4D74-0251-479D-ADAC-A9A469977301}.NightlyDebug|Any CPU.ActiveCfg = Debug|Any CPU
		{9C8E4D74-0251-479D-ADAC-A9A469977301}.NightlyDebug|Any CPU.Build.0 = Debug|Any CPU
		{9C8E4D74-0251-479D-ADAC-A9A469977301}.NightlyRelease|Any CPU.ActiveCfg = Release|Any CPU
		{9C8E4D74-0251-479D-ADAC-A9A469977301}.NightlyRelease|Any CPU.Build.0 = Release|Any CPU
		{9C8E4D74-0251-479D-ADAC-A9A469977301}.Release|Any CPU.ActiveCfg = Release|Any CPU
		{9C8E4D74-0251-479D-ADAC-A9A469977301}.Release|Any CPU.Build.0 = Release|Any CPU
		{33CAB640-0D03-43DF-81BD-22CDC6C0A597}.CompilerOnly|Any CPU.ActiveCfg = CompilerOnly|Any CPU
		{33CAB640-0D03-43DF-81BD-22CDC6C0A597}.CompilerOnly|Any CPU.Build.0 = CompilerOnly|Any CPU
		{33CAB640-0D03-43DF-81BD-22CDC6C0A597}.Debug|Any CPU.ActiveCfg = Debug|Any CPU
		{33CAB640-0D03-43DF-81BD-22CDC6C0A597}.Debug|Any CPU.Build.0 = Debug|Any CPU
		{33CAB640-0D03-43DF-81BD-22CDC6C0A597}.NightlyDebug|Any CPU.ActiveCfg = NightlyDebug|Any CPU
		{33CAB640-0D03-43DF-81BD-22CDC6C0A597}.NightlyDebug|Any CPU.Build.0 = NightlyDebug|Any CPU
		{33CAB640-0D03-43DF-81BD-22CDC6C0A597}.NightlyRelease|Any CPU.ActiveCfg = NightlyRelease|Any CPU
		{33CAB640-0D03-43DF-81BD-22CDC6C0A597}.NightlyRelease|Any CPU.Build.0 = NightlyRelease|Any CPU
		{33CAB640-0D03-43DF-81BD-22CDC6C0A597}.Release|Any CPU.ActiveCfg = Release|Any CPU
		{33CAB640-0D03-43DF-81BD-22CDC6C0A597}.Release|Any CPU.Build.0 = Release|Any CPU
		{4A34A3C5-6176-49D7-A4C5-B2B671247F8F}.CompilerOnly|Any CPU.ActiveCfg = CompilerOnly|Any CPU
		{4A34A3C5-6176-49D7-A4C5-B2B671247F8F}.CompilerOnly|Any CPU.Build.0 = CompilerOnly|Any CPU
		{4A34A3C5-6176-49D7-A4C5-B2B671247F8F}.Debug|Any CPU.ActiveCfg = Debug|Any CPU
		{4A34A3C5-6176-49D7-A4C5-B2B671247F8F}.Debug|Any CPU.Build.0 = Debug|Any CPU
		{4A34A3C5-6176-49D7-A4C5-B2B671247F8F}.NightlyDebug|Any CPU.ActiveCfg = NightlyDebug|Any CPU
		{4A34A3C5-6176-49D7-A4C5-B2B671247F8F}.NightlyDebug|Any CPU.Build.0 = NightlyDebug|Any CPU
		{4A34A3C5-6176-49D7-A4C5-B2B671247F8F}.NightlyRelease|Any CPU.ActiveCfg = NightlyRelease|Any CPU
		{4A34A3C5-6176-49D7-A4C5-B2B671247F8F}.NightlyRelease|Any CPU.Build.0 = NightlyRelease|Any CPU
		{4A34A3C5-6176-49D7-A4C5-B2B671247F8F}.Release|Any CPU.ActiveCfg = Release|Any CPU
		{4A34A3C5-6176-49D7-A4C5-B2B671247F8F}.Release|Any CPU.Build.0 = Release|Any CPU
		{319E151C-8F33-49E7-81C9-30F02F9BA90A}.CompilerOnly|Any CPU.ActiveCfg = CompilerOnly|Any CPU
		{319E151C-8F33-49E7-81C9-30F02F9BA90A}.CompilerOnly|Any CPU.Build.0 = CompilerOnly|Any CPU
		{319E151C-8F33-49E7-81C9-30F02F9BA90A}.Debug|Any CPU.ActiveCfg = Debug|Any CPU
		{319E151C-8F33-49E7-81C9-30F02F9BA90A}.Debug|Any CPU.Build.0 = Debug|Any CPU
		{319E151C-8F33-49E7-81C9-30F02F9BA90A}.NightlyDebug|Any CPU.ActiveCfg = NightlyDebug|Any CPU
		{319E151C-8F33-49E7-81C9-30F02F9BA90A}.NightlyDebug|Any CPU.Build.0 = NightlyDebug|Any CPU
		{319E151C-8F33-49E7-81C9-30F02F9BA90A}.NightlyRelease|Any CPU.ActiveCfg = NightlyRelease|Any CPU
		{319E151C-8F33-49E7-81C9-30F02F9BA90A}.NightlyRelease|Any CPU.Build.0 = NightlyRelease|Any CPU
		{319E151C-8F33-49E7-81C9-30F02F9BA90A}.Release|Any CPU.ActiveCfg = Release|Any CPU
		{319E151C-8F33-49E7-81C9-30F02F9BA90A}.Release|Any CPU.Build.0 = Release|Any CPU
		{34B9A0CE-DF18-4CBC-8F7A-90C2B74338D5}.CompilerOnly|Any CPU.ActiveCfg = CompilerOnly|Any CPU
		{34B9A0CE-DF18-4CBC-8F7A-90C2B74338D5}.CompilerOnly|Any CPU.Build.0 = CompilerOnly|Any CPU
		{34B9A0CE-DF18-4CBC-8F7A-90C2B74338D5}.Debug|Any CPU.ActiveCfg = Debug|Any CPU
		{34B9A0CE-DF18-4CBC-8F7A-90C2B74338D5}.Debug|Any CPU.Build.0 = Debug|Any CPU
		{34B9A0CE-DF18-4CBC-8F7A-90C2B74338D5}.NightlyDebug|Any CPU.ActiveCfg = Debug|Any CPU
		{34B9A0CE-DF18-4CBC-8F7A-90C2B74338D5}.NightlyDebug|Any CPU.Build.0 = Debug|Any CPU
		{34B9A0CE-DF18-4CBC-8F7A-90C2B74338D5}.NightlyRelease|Any CPU.ActiveCfg = Release|Any CPU
		{34B9A0CE-DF18-4CBC-8F7A-90C2B74338D5}.NightlyRelease|Any CPU.Build.0 = Release|Any CPU
		{34B9A0CE-DF18-4CBC-8F7A-90C2B74338D5}.Release|Any CPU.ActiveCfg = Release|Any CPU
		{34B9A0CE-DF18-4CBC-8F7A-90C2B74338D5}.Release|Any CPU.Build.0 = Release|Any CPU
		{A6A31B03-7C3D-4DE6-AA73-BE88116BC40A}.CompilerOnly|Any CPU.ActiveCfg = Release|Any CPU
		{A6A31B03-7C3D-4DE6-AA73-BE88116BC40A}.CompilerOnly|Any CPU.Build.0 = Release|Any CPU
		{A6A31B03-7C3D-4DE6-AA73-BE88116BC40A}.Debug|Any CPU.ActiveCfg = Debug|Any CPU
		{A6A31B03-7C3D-4DE6-AA73-BE88116BC40A}.Debug|Any CPU.Build.0 = Debug|Any CPU
		{A6A31B03-7C3D-4DE6-AA73-BE88116BC40A}.NightlyDebug|Any CPU.ActiveCfg = Debug|Any CPU
		{A6A31B03-7C3D-4DE6-AA73-BE88116BC40A}.NightlyDebug|Any CPU.Build.0 = Debug|Any CPU
		{A6A31B03-7C3D-4DE6-AA73-BE88116BC40A}.NightlyRelease|Any CPU.ActiveCfg = Release|Any CPU
		{A6A31B03-7C3D-4DE6-AA73-BE88116BC40A}.NightlyRelease|Any CPU.Build.0 = Release|Any CPU
		{A6A31B03-7C3D-4DE6-AA73-BE88116BC40A}.Release|Any CPU.ActiveCfg = Release|Any CPU
		{A6A31B03-7C3D-4DE6-AA73-BE88116BC40A}.Release|Any CPU.Build.0 = Release|Any CPU
		{4B0054FD-124A-4037-9965-BDB55E6BF389}.CompilerOnly|Any CPU.ActiveCfg = CompilerOnly|Any CPU
		{4B0054FD-124A-4037-9965-BDB55E6BF389}.CompilerOnly|Any CPU.Build.0 = CompilerOnly|Any CPU
		{4B0054FD-124A-4037-9965-BDB55E6BF389}.Debug|Any CPU.ActiveCfg = Debug|Any CPU
		{4B0054FD-124A-4037-9965-BDB55E6BF389}.Debug|Any CPU.Build.0 = Debug|Any CPU
		{4B0054FD-124A-4037-9965-BDB55E6BF389}.NightlyDebug|Any CPU.ActiveCfg = Debug|Any CPU
		{4B0054FD-124A-4037-9965-BDB55E6BF389}.NightlyDebug|Any CPU.Build.0 = Debug|Any CPU
		{4B0054FD-124A-4037-9965-BDB55E6BF389}.NightlyRelease|Any CPU.ActiveCfg = Release|Any CPU
		{4B0054FD-124A-4037-9965-BDB55E6BF389}.NightlyRelease|Any CPU.Build.0 = Release|Any CPU
		{4B0054FD-124A-4037-9965-BDB55E6BF389}.Release|Any CPU.ActiveCfg = Release|Any CPU
		{4B0054FD-124A-4037-9965-BDB55E6BF389}.Release|Any CPU.Build.0 = Release|Any CPU
		{27F2A417-B6ED-43AD-A38E-A0B6142216F6}.CompilerOnly|Any CPU.ActiveCfg = Release|Any CPU
		{27F2A417-B6ED-43AD-A38E-A0B6142216F6}.CompilerOnly|Any CPU.Build.0 = Release|Any CPU
		{27F2A417-B6ED-43AD-A38E-A0B6142216F6}.Debug|Any CPU.ActiveCfg = Debug|Any CPU
		{27F2A417-B6ED-43AD-A38E-A0B6142216F6}.Debug|Any CPU.Build.0 = Debug|Any CPU
		{27F2A417-B6ED-43AD-A38E-A0B6142216F6}.NightlyDebug|Any CPU.ActiveCfg = Debug|Any CPU
		{27F2A417-B6ED-43AD-A38E-A0B6142216F6}.NightlyDebug|Any CPU.Build.0 = Debug|Any CPU
		{27F2A417-B6ED-43AD-A38E-A0B6142216F6}.NightlyRelease|Any CPU.ActiveCfg = Release|Any CPU
		{27F2A417-B6ED-43AD-A38E-A0B6142216F6}.NightlyRelease|Any CPU.Build.0 = Release|Any CPU
		{27F2A417-B6ED-43AD-A38E-A0B6142216F6}.Release|Any CPU.ActiveCfg = Release|Any CPU
		{27F2A417-B6ED-43AD-A38E-A0B6142216F6}.Release|Any CPU.Build.0 = Release|Any CPU
		{035FEA7F-0D36-4AE4-B694-EC45191B9AF2}.CompilerOnly|Any CPU.ActiveCfg = CompilerOnly|Any CPU
		{035FEA7F-0D36-4AE4-B694-EC45191B9AF2}.CompilerOnly|Any CPU.Build.0 = CompilerOnly|Any CPU
		{035FEA7F-0D36-4AE4-B694-EC45191B9AF2}.Debug|Any CPU.ActiveCfg = Debug|Any CPU
		{035FEA7F-0D36-4AE4-B694-EC45191B9AF2}.Debug|Any CPU.Build.0 = Debug|Any CPU
		{035FEA7F-0D36-4AE4-B694-EC45191B9AF2}.NightlyDebug|Any CPU.ActiveCfg = Debug|Any CPU
		{035FEA7F-0D36-4AE4-B694-EC45191B9AF2}.NightlyDebug|Any CPU.Build.0 = Debug|Any CPU
		{035FEA7F-0D36-4AE4-B694-EC45191B9AF2}.NightlyRelease|Any CPU.ActiveCfg = Release|Any CPU
		{035FEA7F-0D36-4AE4-B694-EC45191B9AF2}.NightlyRelease|Any CPU.Build.0 = Release|Any CPU
		{035FEA7F-0D36-4AE4-B694-EC45191B9AF2}.Release|Any CPU.ActiveCfg = Release|Any CPU
		{035FEA7F-0D36-4AE4-B694-EC45191B9AF2}.Release|Any CPU.Build.0 = Release|Any CPU
		{319E150C-8F33-49E7-81CA-30F02F9BA90A}.CompilerOnly|Any CPU.ActiveCfg = CompilerOnly|Any CPU
		{319E150C-8F33-49E7-81CA-30F02F9BA90A}.CompilerOnly|Any CPU.Build.0 = CompilerOnly|Any CPU
		{319E150C-8F33-49E7-81CA-30F02F9BA90A}.Debug|Any CPU.ActiveCfg = Debug|Any CPU
		{319E150C-8F33-49E7-81CA-30F02F9BA90A}.Debug|Any CPU.Build.0 = Debug|Any CPU
		{319E150C-8F33-49E7-81CA-30F02F9BA90A}.NightlyDebug|Any CPU.ActiveCfg = NightlyDebug|Any CPU
		{319E150C-8F33-49E7-81CA-30F02F9BA90A}.NightlyDebug|Any CPU.Build.0 = NightlyDebug|Any CPU
		{319E150C-8F33-49E7-81CA-30F02F9BA90A}.NightlyRelease|Any CPU.ActiveCfg = NightlyRelease|Any CPU
		{319E150C-8F33-49E7-81CA-30F02F9BA90A}.NightlyRelease|Any CPU.Build.0 = NightlyRelease|Any CPU
		{319E150C-8F33-49E7-81CA-30F02F9BA90A}.Release|Any CPU.ActiveCfg = Release|Any CPU
		{319E150C-8F33-49E7-81CA-30F02F9BA90A}.Release|Any CPU.Build.0 = Release|Any CPU
		{CEB76EA1-A168-49B0-A410-2C4195FEE86F}.CompilerOnly|Any CPU.ActiveCfg = CompilerOnly|Any CPU
		{CEB76EA1-A168-49B0-A410-2C4195FEE86F}.CompilerOnly|Any CPU.Build.0 = CompilerOnly|Any CPU
		{CEB76EA1-A168-49B0-A410-2C4195FEE86F}.Debug|Any CPU.ActiveCfg = Debug|Any CPU
		{CEB76EA1-A168-49B0-A410-2C4195FEE86F}.Debug|Any CPU.Build.0 = Debug|Any CPU
		{CEB76EA1-A168-49B0-A410-2C4195FEE86F}.NightlyDebug|Any CPU.ActiveCfg = Debug|Any CPU
		{CEB76EA1-A168-49B0-A410-2C4195FEE86F}.NightlyDebug|Any CPU.Build.0 = Debug|Any CPU
		{CEB76EA1-A168-49B0-A410-2C4195FEE86F}.NightlyRelease|Any CPU.ActiveCfg = Release|Any CPU
		{CEB76EA1-A168-49B0-A410-2C4195FEE86F}.NightlyRelease|Any CPU.Build.0 = Release|Any CPU
		{CEB76EA1-A168-49B0-A410-2C4195FEE86F}.Release|Any CPU.ActiveCfg = Release|Any CPU
		{CEB76EA1-A168-49B0-A410-2C4195FEE86F}.Release|Any CPU.Build.0 = Release|Any CPU
		{08156C78-403A-4112-AD81-8646AC51CD2F}.CompilerOnly|Any CPU.ActiveCfg = CompilerOnly|Any CPU
		{08156C78-403A-4112-AD81-8646AC51CD2F}.CompilerOnly|Any CPU.Build.0 = CompilerOnly|Any CPU
		{08156C78-403A-4112-AD81-8646AC51CD2F}.Debug|Any CPU.ActiveCfg = Debug|Any CPU
		{08156C78-403A-4112-AD81-8646AC51CD2F}.Debug|Any CPU.Build.0 = Debug|Any CPU
		{08156C78-403A-4112-AD81-8646AC51CD2F}.NightlyDebug|Any CPU.ActiveCfg = Debug|Any CPU
		{08156C78-403A-4112-AD81-8646AC51CD2F}.NightlyDebug|Any CPU.Build.0 = Debug|Any CPU
		{08156C78-403A-4112-AD81-8646AC51CD2F}.NightlyRelease|Any CPU.ActiveCfg = Release|Any CPU
		{08156C78-403A-4112-AD81-8646AC51CD2F}.NightlyRelease|Any CPU.Build.0 = Release|Any CPU
		{08156C78-403A-4112-AD81-8646AC51CD2F}.Release|Any CPU.ActiveCfg = Release|Any CPU
		{08156C78-403A-4112-AD81-8646AC51CD2F}.Release|Any CPU.Build.0 = Release|Any CPU
		{3D13D2CC-6387-46FA-BDC2-4BEEFC460118}.CompilerOnly|Any CPU.ActiveCfg = Release|Any CPU
		{3D13D2CC-6387-46FA-BDC2-4BEEFC460118}.CompilerOnly|Any CPU.Build.0 = Release|Any CPU
		{3D13D2CC-6387-46FA-BDC2-4BEEFC460118}.Debug|Any CPU.ActiveCfg = Debug|Any CPU
		{3D13D2CC-6387-46FA-BDC2-4BEEFC460118}.Debug|Any CPU.Build.0 = Debug|Any CPU
		{3D13D2CC-6387-46FA-BDC2-4BEEFC460118}.NightlyDebug|Any CPU.ActiveCfg = Debug|Any CPU
		{3D13D2CC-6387-46FA-BDC2-4BEEFC460118}.NightlyDebug|Any CPU.Build.0 = Debug|Any CPU
		{3D13D2CC-6387-46FA-BDC2-4BEEFC460118}.NightlyRelease|Any CPU.ActiveCfg = Release|Any CPU
		{3D13D2CC-6387-46FA-BDC2-4BEEFC460118}.NightlyRelease|Any CPU.Build.0 = Release|Any CPU
		{3D13D2CC-6387-46FA-BDC2-4BEEFC460118}.Release|Any CPU.ActiveCfg = Release|Any CPU
		{3D13D2CC-6387-46FA-BDC2-4BEEFC460118}.Release|Any CPU.Build.0 = Release|Any CPU
		{A112AFBA-D6F6-44A4-A683-C3D458A68D84}.CompilerOnly|Any CPU.ActiveCfg = Release|Any CPU
		{A112AFBA-D6F6-44A4-A683-C3D458A68D84}.CompilerOnly|Any CPU.Build.0 = Release|Any CPU
		{A112AFBA-D6F6-44A4-A683-C3D458A68D84}.Debug|Any CPU.ActiveCfg = Debug|Any CPU
		{A112AFBA-D6F6-44A4-A683-C3D458A68D84}.Debug|Any CPU.Build.0 = Debug|Any CPU
		{A112AFBA-D6F6-44A4-A683-C3D458A68D84}.NightlyDebug|Any CPU.ActiveCfg = Debug|Any CPU
		{A112AFBA-D6F6-44A4-A683-C3D458A68D84}.NightlyDebug|Any CPU.Build.0 = Debug|Any CPU
		{A112AFBA-D6F6-44A4-A683-C3D458A68D84}.NightlyRelease|Any CPU.ActiveCfg = Release|Any CPU
		{A112AFBA-D6F6-44A4-A683-C3D458A68D84}.NightlyRelease|Any CPU.Build.0 = Release|Any CPU
		{A112AFBA-D6F6-44A4-A683-C3D458A68D84}.Release|Any CPU.ActiveCfg = Release|Any CPU
		{A112AFBA-D6F6-44A4-A683-C3D458A68D84}.Release|Any CPU.Build.0 = Release|Any CPU
		{0703D916-A881-45E6-A5CD-6BC50E2E30E2}.CompilerOnly|Any CPU.ActiveCfg = Release|Any CPU
		{0703D916-A881-45E6-A5CD-6BC50E2E30E2}.CompilerOnly|Any CPU.Build.0 = Release|Any CPU
		{0703D916-A881-45E6-A5CD-6BC50E2E30E2}.Debug|Any CPU.ActiveCfg = Debug|Any CPU
		{0703D916-A881-45E6-A5CD-6BC50E2E30E2}.Debug|Any CPU.Build.0 = Debug|Any CPU
		{0703D916-A881-45E6-A5CD-6BC50E2E30E2}.NightlyDebug|Any CPU.ActiveCfg = Debug|Any CPU
		{0703D916-A881-45E6-A5CD-6BC50E2E30E2}.NightlyDebug|Any CPU.Build.0 = Debug|Any CPU
		{0703D916-A881-45E6-A5CD-6BC50E2E30E2}.NightlyRelease|Any CPU.ActiveCfg = Release|Any CPU
		{0703D916-A881-45E6-A5CD-6BC50E2E30E2}.NightlyRelease|Any CPU.Build.0 = Release|Any CPU
		{0703D916-A881-45E6-A5CD-6BC50E2E30E2}.Release|Any CPU.ActiveCfg = Release|Any CPU
		{0703D916-A881-45E6-A5CD-6BC50E2E30E2}.Release|Any CPU.Build.0 = Release|Any CPU
	EndGlobalSection
	GlobalSection(SolutionProperties) = preSolution
		HideSolutionNode = FALSE
	EndGlobalSection
	GlobalSection(NestedProjects) = preSolution
		{3D13D2CC-6387-46FA-BDC2-4BEEFC460118} = {AA77A7CB-972F-4A5C-A16C-3810B448F6EA}
		{A112AFBA-D6F6-44A4-A683-C3D458A68D84} = {AA77A7CB-972F-4A5C-A16C-3810B448F6EA}
		{45E691A6-BFA4-4545-93AC-EA7290A6B565} = {AA77A7CB-972F-4A5C-A16C-3810B448F6EA}
	EndGlobalSection
EndGlobal
