
Microsoft Visual Studio Solution File, Format Version 12.00
# Visual Studio 15
VisualStudioVersion = 15.0.26124.0
MinimumVisualStudioVersion = 15.0.26124.0
Project("{FAE04EC0-301F-11D3-BF4B-00C04F79EFBC}") = "BoogieDriver", "BoogieDriver\BoogieDriver.csproj", "{FB1ECBFD-5805-4551-977D-0125F22E33E6}"
EndProject
Project("{FAE04EC0-301F-11D3-BF4B-00C04F79EFBC}") = "AbstractInterpretation", "AbstractInterpretation\AbstractInterpretation.csproj", "{C2A2C226-1511-4801-A7EC-B3140ED896ED}"
EndProject
Project("{2150E333-8FDC-42A3-9474-1A3956D46DE8}") = "Provers", "Provers", "{EC2B5ECD-B97D-43D6-86F8-28163710B717}"
EndProject
Project("{FAE04EC0-301F-11D3-BF4B-00C04F79EFBC}") = "SMTLib", "Provers\SMTLib\SMTLib.csproj", "{FDF25D38-01A2-4EAA-8A3E-6F8F7CD254D2}"
EndProject
Project("{FAE04EC0-301F-11D3-BF4B-00C04F79EFBC}") = "VCGeneration", "VCGeneration\VCGeneration.csproj", "{74DE6A7A-246C-402E-AE70-C45A73103FDD}"
EndProject
Project("{FAE04EC0-301F-11D3-BF4B-00C04F79EFBC}") = "VCExpr", "VCExpr\VCExpr.csproj", "{FACB777F-A996-47F4-8534-6CDE18C6B376}"
EndProject
Project("{FAE04EC0-301F-11D3-BF4B-00C04F79EFBC}") = "Core", "Core\Core.csproj", "{61E34566-8721-4F50-B99C-265811996A29}"
EndProject
Project("{FAE04EC0-301F-11D3-BF4B-00C04F79EFBC}") = "Graph", "Graph\Graph.csproj", "{02FF1986-288C-4C6C-993F-7FB45F132DC2}"
EndProject
Project("{FAE04EC0-301F-11D3-BF4B-00C04F79EFBC}") = "BaseTypes", "BaseTypes\BaseTypes.csproj", "{11F5844A-BA03-40B3-98F4-510889EC2127}"
EndProject
Project("{FAE04EC0-301F-11D3-BF4B-00C04F79EFBC}") = "CodeContractsExtender", "CodeContractsExtender\CodeContractsExtender.csproj", "{C6F8D957-8CD3-4CF9-8B5B-338C8A660A96}"
EndProject
Project("{FAE04EC0-301F-11D3-BF4B-00C04F79EFBC}") = "Model", "Model\Model.csproj", "{6DCA25DC-CE2D-499B-9217-8CA21FA3A084}"
EndProject
Project("{FAE04EC0-301F-11D3-BF4B-00C04F79EFBC}") = "Houdini", "Houdini\Houdini.csproj", "{76BF0C63-9A33-4B65-8A56-1B52E042725E}"
EndProject
Project("{FAE04EC0-301F-11D3-BF4B-00C04F79EFBC}") = "ExecutionEngine", "ExecutionEngine\ExecutionEngine.csproj", "{51768B2E-FFF9-49F0-96D7-022250A4BEB4}"
EndProject
Project("{FAE04EC0-301F-11D3-BF4B-00C04F79EFBC}") = "Concurrency", "Concurrency\Concurrency.csproj", "{4AC86856-E985-4DBC-B089-20D5B9317A99}"
EndProject
Project("{2150E333-8FDC-42A3-9474-1A3956D46DE8}") = "UnitTests", "UnitTests", "{91134A3E-0D5D-4017-B04E-48BA254B3CF8}"
EndProject
Project("{FAE04EC0-301F-11D3-BF4B-00C04F79EFBC}") = "TestUtil", "UnitTests\TestUtil\TestUtil.csproj", "{65A3F7E9-3E13-4C26-A72A-F60B9943E1B2}"
EndProject
Project("{FAE04EC0-301F-11D3-BF4B-00C04F79EFBC}") = "BaseTypesTests", "UnitTests\BaseTypesTests\BaseTypesTests.csproj", "{10F866A2-6A9B-4B3D-AEAB-43314BD0475D}"
EndProject
Project("{FAE04EC0-301F-11D3-BF4B-00C04F79EFBC}") = "CoreTests", "UnitTests\CoreTests\CoreTests.csproj", "{D2D77420-CFDB-4DA1-B7E7-844C8E8CC686}"
EndProject
Project("{FAE04EC0-301F-11D3-BF4B-00C04F79EFBC}") = "ExecutionEngineTests", "UnitTests\ExecutionEngineTests\ExecutionEngineTests.csproj", "{473CF455-4306-46E3-9A44-FB7DBA42CA38}"
EndProject
Global
	GlobalSection(SolutionConfigurationPlatforms) = preSolution
		Debug|Any CPU = Debug|Any CPU
		Debug|x64 = Debug|x64
		Debug|x86 = Debug|x86
		Release|Any CPU = Release|Any CPU
		Release|x64 = Release|x64
		Release|x86 = Release|x86
	EndGlobalSection
	GlobalSection(SolutionProperties) = preSolution
		HideSolutionNode = FALSE
	EndGlobalSection
	GlobalSection(ProjectConfigurationPlatforms) = postSolution
		{FB1ECBFD-5805-4551-977D-0125F22E33E6}.Debug|Any CPU.ActiveCfg = Debug|Any CPU
		{FB1ECBFD-5805-4551-977D-0125F22E33E6}.Debug|Any CPU.Build.0 = Debug|Any CPU
		{FB1ECBFD-5805-4551-977D-0125F22E33E6}.Debug|x64.ActiveCfg = Debug|Any CPU
		{FB1ECBFD-5805-4551-977D-0125F22E33E6}.Debug|x64.Build.0 = Debug|Any CPU
		{FB1ECBFD-5805-4551-977D-0125F22E33E6}.Debug|x86.ActiveCfg = Debug|Any CPU
		{FB1ECBFD-5805-4551-977D-0125F22E33E6}.Debug|x86.Build.0 = Debug|Any CPU
		{FB1ECBFD-5805-4551-977D-0125F22E33E6}.Release|Any CPU.ActiveCfg = Release|Any CPU
		{FB1ECBFD-5805-4551-977D-0125F22E33E6}.Release|Any CPU.Build.0 = Release|Any CPU
		{FB1ECBFD-5805-4551-977D-0125F22E33E6}.Release|x64.ActiveCfg = Release|Any CPU
		{FB1ECBFD-5805-4551-977D-0125F22E33E6}.Release|x64.Build.0 = Release|Any CPU
		{FB1ECBFD-5805-4551-977D-0125F22E33E6}.Release|x86.ActiveCfg = Release|Any CPU
		{FB1ECBFD-5805-4551-977D-0125F22E33E6}.Release|x86.Build.0 = Release|Any CPU
		{C2A2C226-1511-4801-A7EC-B3140ED896ED}.Debug|Any CPU.ActiveCfg = Debug|Any CPU
		{C2A2C226-1511-4801-A7EC-B3140ED896ED}.Debug|Any CPU.Build.0 = Debug|Any CPU
		{C2A2C226-1511-4801-A7EC-B3140ED896ED}.Debug|x64.ActiveCfg = Debug|Any CPU
		{C2A2C226-1511-4801-A7EC-B3140ED896ED}.Debug|x64.Build.0 = Debug|Any CPU
		{C2A2C226-1511-4801-A7EC-B3140ED896ED}.Debug|x86.ActiveCfg = Debug|Any CPU
		{C2A2C226-1511-4801-A7EC-B3140ED896ED}.Debug|x86.Build.0 = Debug|Any CPU
		{C2A2C226-1511-4801-A7EC-B3140ED896ED}.Release|Any CPU.ActiveCfg = Release|Any CPU
		{C2A2C226-1511-4801-A7EC-B3140ED896ED}.Release|Any CPU.Build.0 = Release|Any CPU
		{C2A2C226-1511-4801-A7EC-B3140ED896ED}.Release|x64.ActiveCfg = Release|Any CPU
		{C2A2C226-1511-4801-A7EC-B3140ED896ED}.Release|x64.Build.0 = Release|Any CPU
		{C2A2C226-1511-4801-A7EC-B3140ED896ED}.Release|x86.ActiveCfg = Release|Any CPU
		{C2A2C226-1511-4801-A7EC-B3140ED896ED}.Release|x86.Build.0 = Release|Any CPU
		{FDF25D38-01A2-4EAA-8A3E-6F8F7CD254D2}.Debug|Any CPU.ActiveCfg = Debug|Any CPU
		{FDF25D38-01A2-4EAA-8A3E-6F8F7CD254D2}.Debug|Any CPU.Build.0 = Debug|Any CPU
		{FDF25D38-01A2-4EAA-8A3E-6F8F7CD254D2}.Debug|x64.ActiveCfg = Debug|Any CPU
		{FDF25D38-01A2-4EAA-8A3E-6F8F7CD254D2}.Debug|x64.Build.0 = Debug|Any CPU
		{FDF25D38-01A2-4EAA-8A3E-6F8F7CD254D2}.Debug|x86.ActiveCfg = Debug|Any CPU
		{FDF25D38-01A2-4EAA-8A3E-6F8F7CD254D2}.Debug|x86.Build.0 = Debug|Any CPU
		{FDF25D38-01A2-4EAA-8A3E-6F8F7CD254D2}.Release|Any CPU.ActiveCfg = Release|Any CPU
		{FDF25D38-01A2-4EAA-8A3E-6F8F7CD254D2}.Release|Any CPU.Build.0 = Release|Any CPU
		{FDF25D38-01A2-4EAA-8A3E-6F8F7CD254D2}.Release|x64.ActiveCfg = Release|Any CPU
		{FDF25D38-01A2-4EAA-8A3E-6F8F7CD254D2}.Release|x64.Build.0 = Release|Any CPU
		{FDF25D38-01A2-4EAA-8A3E-6F8F7CD254D2}.Release|x86.ActiveCfg = Release|Any CPU
		{FDF25D38-01A2-4EAA-8A3E-6F8F7CD254D2}.Release|x86.Build.0 = Release|Any CPU
		{74DE6A7A-246C-402E-AE70-C45A73103FDD}.Debug|Any CPU.ActiveCfg = Debug|Any CPU
		{74DE6A7A-246C-402E-AE70-C45A73103FDD}.Debug|Any CPU.Build.0 = Debug|Any CPU
		{74DE6A7A-246C-402E-AE70-C45A73103FDD}.Debug|x64.ActiveCfg = Debug|Any CPU
		{74DE6A7A-246C-402E-AE70-C45A73103FDD}.Debug|x64.Build.0 = Debug|Any CPU
		{74DE6A7A-246C-402E-AE70-C45A73103FDD}.Debug|x86.ActiveCfg = Debug|Any CPU
		{74DE6A7A-246C-402E-AE70-C45A73103FDD}.Debug|x86.Build.0 = Debug|Any CPU
		{74DE6A7A-246C-402E-AE70-C45A73103FDD}.Release|Any CPU.ActiveCfg = Release|Any CPU
		{74DE6A7A-246C-402E-AE70-C45A73103FDD}.Release|Any CPU.Build.0 = Release|Any CPU
		{74DE6A7A-246C-402E-AE70-C45A73103FDD}.Release|x64.ActiveCfg = Release|Any CPU
		{74DE6A7A-246C-402E-AE70-C45A73103FDD}.Release|x64.Build.0 = Release|Any CPU
		{74DE6A7A-246C-402E-AE70-C45A73103FDD}.Release|x86.ActiveCfg = Release|Any CPU
		{74DE6A7A-246C-402E-AE70-C45A73103FDD}.Release|x86.Build.0 = Release|Any CPU
		{FACB777F-A996-47F4-8534-6CDE18C6B376}.Debug|Any CPU.ActiveCfg = Debug|Any CPU
		{FACB777F-A996-47F4-8534-6CDE18C6B376}.Debug|Any CPU.Build.0 = Debug|Any CPU
		{FACB777F-A996-47F4-8534-6CDE18C6B376}.Debug|x64.ActiveCfg = Debug|Any CPU
		{FACB777F-A996-47F4-8534-6CDE18C6B376}.Debug|x64.Build.0 = Debug|Any CPU
		{FACB777F-A996-47F4-8534-6CDE18C6B376}.Debug|x86.ActiveCfg = Debug|Any CPU
		{FACB777F-A996-47F4-8534-6CDE18C6B376}.Debug|x86.Build.0 = Debug|Any CPU
		{FACB777F-A996-47F4-8534-6CDE18C6B376}.Release|Any CPU.ActiveCfg = Release|Any CPU
		{FACB777F-A996-47F4-8534-6CDE18C6B376}.Release|Any CPU.Build.0 = Release|Any CPU
		{FACB777F-A996-47F4-8534-6CDE18C6B376}.Release|x64.ActiveCfg = Release|Any CPU
		{FACB777F-A996-47F4-8534-6CDE18C6B376}.Release|x64.Build.0 = Release|Any CPU
		{FACB777F-A996-47F4-8534-6CDE18C6B376}.Release|x86.ActiveCfg = Release|Any CPU
		{FACB777F-A996-47F4-8534-6CDE18C6B376}.Release|x86.Build.0 = Release|Any CPU
		{61E34566-8721-4F50-B99C-265811996A29}.Debug|Any CPU.ActiveCfg = Debug|Any CPU
		{61E34566-8721-4F50-B99C-265811996A29}.Debug|Any CPU.Build.0 = Debug|Any CPU
		{61E34566-8721-4F50-B99C-265811996A29}.Debug|x64.ActiveCfg = Debug|Any CPU
		{61E34566-8721-4F50-B99C-265811996A29}.Debug|x64.Build.0 = Debug|Any CPU
		{61E34566-8721-4F50-B99C-265811996A29}.Debug|x86.ActiveCfg = Debug|Any CPU
		{61E34566-8721-4F50-B99C-265811996A29}.Debug|x86.Build.0 = Debug|Any CPU
		{61E34566-8721-4F50-B99C-265811996A29}.Release|Any CPU.ActiveCfg = Release|Any CPU
		{61E34566-8721-4F50-B99C-265811996A29}.Release|Any CPU.Build.0 = Release|Any CPU
		{61E34566-8721-4F50-B99C-265811996A29}.Release|x64.ActiveCfg = Release|Any CPU
		{61E34566-8721-4F50-B99C-265811996A29}.Release|x64.Build.0 = Release|Any CPU
		{61E34566-8721-4F50-B99C-265811996A29}.Release|x86.ActiveCfg = Release|Any CPU
		{61E34566-8721-4F50-B99C-265811996A29}.Release|x86.Build.0 = Release|Any CPU
		{02FF1986-288C-4C6C-993F-7FB45F132DC2}.Debug|Any CPU.ActiveCfg = Debug|Any CPU
		{02FF1986-288C-4C6C-993F-7FB45F132DC2}.Debug|Any CPU.Build.0 = Debug|Any CPU
		{02FF1986-288C-4C6C-993F-7FB45F132DC2}.Debug|x64.ActiveCfg = Debug|Any CPU
		{02FF1986-288C-4C6C-993F-7FB45F132DC2}.Debug|x64.Build.0 = Debug|Any CPU
		{02FF1986-288C-4C6C-993F-7FB45F132DC2}.Debug|x86.ActiveCfg = Debug|Any CPU
		{02FF1986-288C-4C6C-993F-7FB45F132DC2}.Debug|x86.Build.0 = Debug|Any CPU
		{02FF1986-288C-4C6C-993F-7FB45F132DC2}.Release|Any CPU.ActiveCfg = Release|Any CPU
		{02FF1986-288C-4C6C-993F-7FB45F132DC2}.Release|Any CPU.Build.0 = Release|Any CPU
		{02FF1986-288C-4C6C-993F-7FB45F132DC2}.Release|x64.ActiveCfg = Release|Any CPU
		{02FF1986-288C-4C6C-993F-7FB45F132DC2}.Release|x64.Build.0 = Release|Any CPU
		{02FF1986-288C-4C6C-993F-7FB45F132DC2}.Release|x86.ActiveCfg = Release|Any CPU
		{02FF1986-288C-4C6C-993F-7FB45F132DC2}.Release|x86.Build.0 = Release|Any CPU
		{11F5844A-BA03-40B3-98F4-510889EC2127}.Debug|Any CPU.ActiveCfg = Debug|Any CPU
		{11F5844A-BA03-40B3-98F4-510889EC2127}.Debug|Any CPU.Build.0 = Debug|Any CPU
		{11F5844A-BA03-40B3-98F4-510889EC2127}.Debug|x64.ActiveCfg = Debug|Any CPU
		{11F5844A-BA03-40B3-98F4-510889EC2127}.Debug|x64.Build.0 = Debug|Any CPU
		{11F5844A-BA03-40B3-98F4-510889EC2127}.Debug|x86.ActiveCfg = Debug|Any CPU
		{11F5844A-BA03-40B3-98F4-510889EC2127}.Debug|x86.Build.0 = Debug|Any CPU
		{11F5844A-BA03-40B3-98F4-510889EC2127}.Release|Any CPU.ActiveCfg = Release|Any CPU
		{11F5844A-BA03-40B3-98F4-510889EC2127}.Release|Any CPU.Build.0 = Release|Any CPU
		{11F5844A-BA03-40B3-98F4-510889EC2127}.Release|x64.ActiveCfg = Release|Any CPU
		{11F5844A-BA03-40B3-98F4-510889EC2127}.Release|x64.Build.0 = Release|Any CPU
		{11F5844A-BA03-40B3-98F4-510889EC2127}.Release|x86.ActiveCfg = Release|Any CPU
		{11F5844A-BA03-40B3-98F4-510889EC2127}.Release|x86.Build.0 = Release|Any CPU
		{C6F8D957-8CD3-4CF9-8B5B-338C8A660A96}.Debug|Any CPU.ActiveCfg = Debug|Any CPU
		{C6F8D957-8CD3-4CF9-8B5B-338C8A660A96}.Debug|Any CPU.Build.0 = Debug|Any CPU
		{C6F8D957-8CD3-4CF9-8B5B-338C8A660A96}.Debug|x64.ActiveCfg = Debug|Any CPU
		{C6F8D957-8CD3-4CF9-8B5B-338C8A660A96}.Debug|x64.Build.0 = Debug|Any CPU
		{C6F8D957-8CD3-4CF9-8B5B-338C8A660A96}.Debug|x86.ActiveCfg = Debug|Any CPU
		{C6F8D957-8CD3-4CF9-8B5B-338C8A660A96}.Debug|x86.Build.0 = Debug|Any CPU
		{C6F8D957-8CD3-4CF9-8B5B-338C8A660A96}.Release|Any CPU.ActiveCfg = Release|Any CPU
		{C6F8D957-8CD3-4CF9-8B5B-338C8A660A96}.Release|Any CPU.Build.0 = Release|Any CPU
		{C6F8D957-8CD3-4CF9-8B5B-338C8A660A96}.Release|x64.ActiveCfg = Release|Any CPU
		{C6F8D957-8CD3-4CF9-8B5B-338C8A660A96}.Release|x64.Build.0 = Release|Any CPU
		{C6F8D957-8CD3-4CF9-8B5B-338C8A660A96}.Release|x86.ActiveCfg = Release|Any CPU
		{C6F8D957-8CD3-4CF9-8B5B-338C8A660A96}.Release|x86.Build.0 = Release|Any CPU
		{6DCA25DC-CE2D-499B-9217-8CA21FA3A084}.Debug|Any CPU.ActiveCfg = Debug|Any CPU
		{6DCA25DC-CE2D-499B-9217-8CA21FA3A084}.Debug|Any CPU.Build.0 = Debug|Any CPU
		{6DCA25DC-CE2D-499B-9217-8CA21FA3A084}.Debug|x64.ActiveCfg = Debug|Any CPU
		{6DCA25DC-CE2D-499B-9217-8CA21FA3A084}.Debug|x64.Build.0 = Debug|Any CPU
		{6DCA25DC-CE2D-499B-9217-8CA21FA3A084}.Debug|x86.ActiveCfg = Debug|Any CPU
		{6DCA25DC-CE2D-499B-9217-8CA21FA3A084}.Debug|x86.Build.0 = Debug|Any CPU
		{6DCA25DC-CE2D-499B-9217-8CA21FA3A084}.Release|Any CPU.ActiveCfg = Release|Any CPU
		{6DCA25DC-CE2D-499B-9217-8CA21FA3A084}.Release|Any CPU.Build.0 = Release|Any CPU
		{6DCA25DC-CE2D-499B-9217-8CA21FA3A084}.Release|x64.ActiveCfg = Release|Any CPU
		{6DCA25DC-CE2D-499B-9217-8CA21FA3A084}.Release|x64.Build.0 = Release|Any CPU
		{6DCA25DC-CE2D-499B-9217-8CA21FA3A084}.Release|x86.ActiveCfg = Release|Any CPU
		{6DCA25DC-CE2D-499B-9217-8CA21FA3A084}.Release|x86.Build.0 = Release|Any CPU
		{EF7F77AC-AE10-4388-92DD-D7988011D158}.Debug|Any CPU.ActiveCfg = Debug|Any CPU
		{EF7F77AC-AE10-4388-92DD-D7988011D158}.Debug|Any CPU.Build.0 = Debug|Any CPU
		{EF7F77AC-AE10-4388-92DD-D7988011D158}.Debug|x64.ActiveCfg = Debug|Any CPU
		{EF7F77AC-AE10-4388-92DD-D7988011D158}.Debug|x64.Build.0 = Debug|Any CPU
		{EF7F77AC-AE10-4388-92DD-D7988011D158}.Debug|x86.ActiveCfg = Debug|Any CPU
		{EF7F77AC-AE10-4388-92DD-D7988011D158}.Debug|x86.Build.0 = Debug|Any CPU
		{EF7F77AC-AE10-4388-92DD-D7988011D158}.Release|Any CPU.ActiveCfg = Release|Any CPU
		{EF7F77AC-AE10-4388-92DD-D7988011D158}.Release|Any CPU.Build.0 = Release|Any CPU
		{EF7F77AC-AE10-4388-92DD-D7988011D158}.Release|x64.ActiveCfg = Release|Any CPU
		{EF7F77AC-AE10-4388-92DD-D7988011D158}.Release|x64.Build.0 = Release|Any CPU
		{EF7F77AC-AE10-4388-92DD-D7988011D158}.Release|x86.ActiveCfg = Release|Any CPU
		{EF7F77AC-AE10-4388-92DD-D7988011D158}.Release|x86.Build.0 = Release|Any CPU
		{76BF0C63-9A33-4B65-8A56-1B52E042725E}.Debug|Any CPU.ActiveCfg = Debug|Any CPU
		{76BF0C63-9A33-4B65-8A56-1B52E042725E}.Debug|Any CPU.Build.0 = Debug|Any CPU
		{76BF0C63-9A33-4B65-8A56-1B52E042725E}.Debug|x64.ActiveCfg = Debug|Any CPU
		{76BF0C63-9A33-4B65-8A56-1B52E042725E}.Debug|x64.Build.0 = Debug|Any CPU
		{76BF0C63-9A33-4B65-8A56-1B52E042725E}.Debug|x86.ActiveCfg = Debug|Any CPU
		{76BF0C63-9A33-4B65-8A56-1B52E042725E}.Debug|x86.Build.0 = Debug|Any CPU
		{76BF0C63-9A33-4B65-8A56-1B52E042725E}.Release|Any CPU.ActiveCfg = Release|Any CPU
		{76BF0C63-9A33-4B65-8A56-1B52E042725E}.Release|Any CPU.Build.0 = Release|Any CPU
		{76BF0C63-9A33-4B65-8A56-1B52E042725E}.Release|x64.ActiveCfg = Release|Any CPU
		{76BF0C63-9A33-4B65-8A56-1B52E042725E}.Release|x64.Build.0 = Release|Any CPU
		{76BF0C63-9A33-4B65-8A56-1B52E042725E}.Release|x86.ActiveCfg = Release|Any CPU
		{76BF0C63-9A33-4B65-8A56-1B52E042725E}.Release|x86.Build.0 = Release|Any CPU
		{7A4B3721-D902-4265-94DB-CA8B0BB295B7}.Debug|Any CPU.ActiveCfg = Debug|Any CPU
		{7A4B3721-D902-4265-94DB-CA8B0BB295B7}.Debug|Any CPU.Build.0 = Debug|Any CPU
		{7A4B3721-D902-4265-94DB-CA8B0BB295B7}.Debug|x64.ActiveCfg = Debug|Any CPU
		{7A4B3721-D902-4265-94DB-CA8B0BB295B7}.Debug|x64.Build.0 = Debug|Any CPU
		{7A4B3721-D902-4265-94DB-CA8B0BB295B7}.Debug|x86.ActiveCfg = Debug|Any CPU
		{7A4B3721-D902-4265-94DB-CA8B0BB295B7}.Debug|x86.Build.0 = Debug|Any CPU
		{7A4B3721-D902-4265-94DB-CA8B0BB295B7}.Release|Any CPU.ActiveCfg = Release|Any CPU
		{7A4B3721-D902-4265-94DB-CA8B0BB295B7}.Release|Any CPU.Build.0 = Release|Any CPU
		{7A4B3721-D902-4265-94DB-CA8B0BB295B7}.Release|x64.ActiveCfg = Release|Any CPU
		{7A4B3721-D902-4265-94DB-CA8B0BB295B7}.Release|x64.Build.0 = Release|Any CPU
		{7A4B3721-D902-4265-94DB-CA8B0BB295B7}.Release|x86.ActiveCfg = Release|Any CPU
		{7A4B3721-D902-4265-94DB-CA8B0BB295B7}.Release|x86.Build.0 = Release|Any CPU
		{CE190976-D727-4038-8D8A-8C5579E48CCF}.Debug|Any CPU.ActiveCfg = Debug|Any CPU
		{CE190976-D727-4038-8D8A-8C5579E48CCF}.Debug|Any CPU.Build.0 = Debug|Any CPU
		{CE190976-D727-4038-8D8A-8C5579E48CCF}.Debug|x64.ActiveCfg = Debug|Any CPU
		{CE190976-D727-4038-8D8A-8C5579E48CCF}.Debug|x64.Build.0 = Debug|Any CPU
		{CE190976-D727-4038-8D8A-8C5579E48CCF}.Debug|x86.ActiveCfg = Debug|Any CPU
		{CE190976-D727-4038-8D8A-8C5579E48CCF}.Debug|x86.Build.0 = Debug|Any CPU
		{CE190976-D727-4038-8D8A-8C5579E48CCF}.Release|Any CPU.ActiveCfg = Release|Any CPU
		{CE190976-D727-4038-8D8A-8C5579E48CCF}.Release|Any CPU.Build.0 = Release|Any CPU
		{CE190976-D727-4038-8D8A-8C5579E48CCF}.Release|x64.ActiveCfg = Release|Any CPU
		{CE190976-D727-4038-8D8A-8C5579E48CCF}.Release|x64.Build.0 = Release|Any CPU
		{CE190976-D727-4038-8D8A-8C5579E48CCF}.Release|x86.ActiveCfg = Release|Any CPU
		{CE190976-D727-4038-8D8A-8C5579E48CCF}.Release|x86.Build.0 = Release|Any CPU
		{51768B2E-FFF9-49F0-96D7-022250A4BEB4}.Debug|Any CPU.ActiveCfg = Debug|Any CPU
		{51768B2E-FFF9-49F0-96D7-022250A4BEB4}.Debug|Any CPU.Build.0 = Debug|Any CPU
		{51768B2E-FFF9-49F0-96D7-022250A4BEB4}.Debug|x64.ActiveCfg = Debug|Any CPU
		{51768B2E-FFF9-49F0-96D7-022250A4BEB4}.Debug|x64.Build.0 = Debug|Any CPU
		{51768B2E-FFF9-49F0-96D7-022250A4BEB4}.Debug|x86.ActiveCfg = Debug|Any CPU
		{51768B2E-FFF9-49F0-96D7-022250A4BEB4}.Debug|x86.Build.0 = Debug|Any CPU
		{51768B2E-FFF9-49F0-96D7-022250A4BEB4}.Release|Any CPU.ActiveCfg = Release|Any CPU
		{51768B2E-FFF9-49F0-96D7-022250A4BEB4}.Release|Any CPU.Build.0 = Release|Any CPU
		{51768B2E-FFF9-49F0-96D7-022250A4BEB4}.Release|x64.ActiveCfg = Release|Any CPU
		{51768B2E-FFF9-49F0-96D7-022250A4BEB4}.Release|x64.Build.0 = Release|Any CPU
		{51768B2E-FFF9-49F0-96D7-022250A4BEB4}.Release|x86.ActiveCfg = Release|Any CPU
		{51768B2E-FFF9-49F0-96D7-022250A4BEB4}.Release|x86.Build.0 = Release|Any CPU
		{4AC86856-E985-4DBC-B089-20D5B9317A99}.Debug|Any CPU.ActiveCfg = Debug|Any CPU
		{4AC86856-E985-4DBC-B089-20D5B9317A99}.Debug|Any CPU.Build.0 = Debug|Any CPU
		{4AC86856-E985-4DBC-B089-20D5B9317A99}.Debug|x64.ActiveCfg = Debug|Any CPU
		{4AC86856-E985-4DBC-B089-20D5B9317A99}.Debug|x64.Build.0 = Debug|Any CPU
		{4AC86856-E985-4DBC-B089-20D5B9317A99}.Debug|x86.ActiveCfg = Debug|Any CPU
		{4AC86856-E985-4DBC-B089-20D5B9317A99}.Debug|x86.Build.0 = Debug|Any CPU
		{4AC86856-E985-4DBC-B089-20D5B9317A99}.Release|Any CPU.ActiveCfg = Release|Any CPU
		{4AC86856-E985-4DBC-B089-20D5B9317A99}.Release|Any CPU.Build.0 = Release|Any CPU
		{4AC86856-E985-4DBC-B089-20D5B9317A99}.Release|x64.ActiveCfg = Release|Any CPU
		{4AC86856-E985-4DBC-B089-20D5B9317A99}.Release|x64.Build.0 = Release|Any CPU
		{4AC86856-E985-4DBC-B089-20D5B9317A99}.Release|x86.ActiveCfg = Release|Any CPU
		{4AC86856-E985-4DBC-B089-20D5B9317A99}.Release|x86.Build.0 = Release|Any CPU
		{65A3F7E9-3E13-4C26-A72A-F60B9943E1B2}.Debug|Any CPU.ActiveCfg = Debug|Any CPU
		{65A3F7E9-3E13-4C26-A72A-F60B9943E1B2}.Debug|Any CPU.Build.0 = Debug|Any CPU
		{65A3F7E9-3E13-4C26-A72A-F60B9943E1B2}.Debug|x64.ActiveCfg = Debug|Any CPU
		{65A3F7E9-3E13-4C26-A72A-F60B9943E1B2}.Debug|x64.Build.0 = Debug|Any CPU
		{65A3F7E9-3E13-4C26-A72A-F60B9943E1B2}.Debug|x86.ActiveCfg = Debug|Any CPU
		{65A3F7E9-3E13-4C26-A72A-F60B9943E1B2}.Debug|x86.Build.0 = Debug|Any CPU
		{65A3F7E9-3E13-4C26-A72A-F60B9943E1B2}.Release|Any CPU.ActiveCfg = Release|Any CPU
		{65A3F7E9-3E13-4C26-A72A-F60B9943E1B2}.Release|Any CPU.Build.0 = Release|Any CPU
		{65A3F7E9-3E13-4C26-A72A-F60B9943E1B2}.Release|x64.ActiveCfg = Release|Any CPU
		{65A3F7E9-3E13-4C26-A72A-F60B9943E1B2}.Release|x64.Build.0 = Release|Any CPU
		{65A3F7E9-3E13-4C26-A72A-F60B9943E1B2}.Release|x86.ActiveCfg = Release|Any CPU
		{65A3F7E9-3E13-4C26-A72A-F60B9943E1B2}.Release|x86.Build.0 = Release|Any CPU
		{10F866A2-6A9B-4B3D-AEAB-43314BD0475D}.Debug|Any CPU.ActiveCfg = Debug|Any CPU
		{10F866A2-6A9B-4B3D-AEAB-43314BD0475D}.Debug|Any CPU.Build.0 = Debug|Any CPU
		{10F866A2-6A9B-4B3D-AEAB-43314BD0475D}.Debug|x64.ActiveCfg = Debug|Any CPU
		{10F866A2-6A9B-4B3D-AEAB-43314BD0475D}.Debug|x64.Build.0 = Debug|Any CPU
		{10F866A2-6A9B-4B3D-AEAB-43314BD0475D}.Debug|x86.ActiveCfg = Debug|Any CPU
		{10F866A2-6A9B-4B3D-AEAB-43314BD0475D}.Debug|x86.Build.0 = Debug|Any CPU
		{10F866A2-6A9B-4B3D-AEAB-43314BD0475D}.Release|Any CPU.ActiveCfg = Release|Any CPU
		{10F866A2-6A9B-4B3D-AEAB-43314BD0475D}.Release|Any CPU.Build.0 = Release|Any CPU
		{10F866A2-6A9B-4B3D-AEAB-43314BD0475D}.Release|x64.ActiveCfg = Release|Any CPU
		{10F866A2-6A9B-4B3D-AEAB-43314BD0475D}.Release|x64.Build.0 = Release|Any CPU
		{10F866A2-6A9B-4B3D-AEAB-43314BD0475D}.Release|x86.ActiveCfg = Release|Any CPU
		{10F866A2-6A9B-4B3D-AEAB-43314BD0475D}.Release|x86.Build.0 = Release|Any CPU
		{D2D77420-CFDB-4DA1-B7E7-844C8E8CC686}.Debug|Any CPU.ActiveCfg = Debug|Any CPU
		{D2D77420-CFDB-4DA1-B7E7-844C8E8CC686}.Debug|Any CPU.Build.0 = Debug|Any CPU
		{D2D77420-CFDB-4DA1-B7E7-844C8E8CC686}.Debug|x64.ActiveCfg = Debug|Any CPU
		{D2D77420-CFDB-4DA1-B7E7-844C8E8CC686}.Debug|x64.Build.0 = Debug|Any CPU
		{D2D77420-CFDB-4DA1-B7E7-844C8E8CC686}.Debug|x86.ActiveCfg = Debug|Any CPU
		{D2D77420-CFDB-4DA1-B7E7-844C8E8CC686}.Debug|x86.Build.0 = Debug|Any CPU
		{D2D77420-CFDB-4DA1-B7E7-844C8E8CC686}.Release|Any CPU.ActiveCfg = Release|Any CPU
		{D2D77420-CFDB-4DA1-B7E7-844C8E8CC686}.Release|Any CPU.Build.0 = Release|Any CPU
		{D2D77420-CFDB-4DA1-B7E7-844C8E8CC686}.Release|x64.ActiveCfg = Release|Any CPU
		{D2D77420-CFDB-4DA1-B7E7-844C8E8CC686}.Release|x64.Build.0 = Release|Any CPU
		{D2D77420-CFDB-4DA1-B7E7-844C8E8CC686}.Release|x86.ActiveCfg = Release|Any CPU
		{D2D77420-CFDB-4DA1-B7E7-844C8E8CC686}.Release|x86.Build.0 = Release|Any CPU
		{473CF455-4306-46E3-9A44-FB7DBA42CA38}.Debug|Any CPU.ActiveCfg = Debug|Any CPU
		{473CF455-4306-46E3-9A44-FB7DBA42CA38}.Debug|Any CPU.Build.0 = Debug|Any CPU
		{473CF455-4306-46E3-9A44-FB7DBA42CA38}.Debug|x64.ActiveCfg = Debug|Any CPU
		{473CF455-4306-46E3-9A44-FB7DBA42CA38}.Debug|x64.Build.0 = Debug|Any CPU
		{473CF455-4306-46E3-9A44-FB7DBA42CA38}.Debug|x86.ActiveCfg = Debug|Any CPU
		{473CF455-4306-46E3-9A44-FB7DBA42CA38}.Debug|x86.Build.0 = Debug|Any CPU
		{473CF455-4306-46E3-9A44-FB7DBA42CA38}.Release|Any CPU.ActiveCfg = Release|Any CPU
		{473CF455-4306-46E3-9A44-FB7DBA42CA38}.Release|Any CPU.Build.0 = Release|Any CPU
		{473CF455-4306-46E3-9A44-FB7DBA42CA38}.Release|x64.ActiveCfg = Release|Any CPU
		{473CF455-4306-46E3-9A44-FB7DBA42CA38}.Release|x64.Build.0 = Release|Any CPU
		{473CF455-4306-46E3-9A44-FB7DBA42CA38}.Release|x86.ActiveCfg = Release|Any CPU
		{473CF455-4306-46E3-9A44-FB7DBA42CA38}.Release|x86.Build.0 = Release|Any CPU
	EndGlobalSection
	GlobalSection(NestedProjects) = preSolution
		{FDF25D38-01A2-4EAA-8A3E-6F8F7CD254D2} = {EC2B5ECD-B97D-43D6-86F8-28163710B717}
		{65A3F7E9-3E13-4C26-A72A-F60B9943E1B2} = {91134A3E-0D5D-4017-B04E-48BA254B3CF8}
		{10F866A2-6A9B-4B3D-AEAB-43314BD0475D} = {91134A3E-0D5D-4017-B04E-48BA254B3CF8}
		{D2D77420-CFDB-4DA1-B7E7-844C8E8CC686} = {91134A3E-0D5D-4017-B04E-48BA254B3CF8}
		{473CF455-4306-46E3-9A44-FB7DBA42CA38} = {91134A3E-0D5D-4017-B04E-48BA254B3CF8}
	EndGlobalSection
EndGlobal
