
Microsoft Visual Studio Solution File, Format Version 11.00
# Visual Studio 2010
Project("{2150E333-8FDC-42A3-9474-1A3956D46DE8}") = "Provers", "Provers", "{B758C1E3-824A-439F-AA2F-0BA1143E8C8D}"
EndProject
Project("{FAE04EC0-301F-11D3-BF4B-00C04F79EFBC}") = "BoogieDriver", "BoogieDriver\BoogieDriver.csproj", "{DAB6BAA4-7AF7-449F-96AB-F58F34D03A7A}"
EndProject
Project("{FAE04EC0-301F-11D3-BF4B-00C04F79EFBC}") = "Isabelle", "Provers\Isabelle\Isabelle.csproj", "{435D5BD0-6F62-49F8-BB24-33E2257519AD}"
EndProject
Project("{FAE04EC0-301F-11D3-BF4B-00C04F79EFBC}") = "AbsInt", "AbsInt\AbsInt.csproj", "{0EFA3E43-690B-48DC-A72C-384A3EA7F31F}"
EndProject
Project("{FAE04EC0-301F-11D3-BF4B-00C04F79EFBC}") = "Z3", "Provers\Z3\Z3.csproj", "{BB49B90B-BE21-4BE8-85BA-359FDB55F4DF}"
EndProject
Project("{FAE04EC0-301F-11D3-BF4B-00C04F79EFBC}") = "SMTLib", "Provers\SMTLib\SMTLib.csproj", "{9B163AA3-36BC-4AFB-88AB-79BC9E97E401}"
EndProject
Project("{FAE04EC0-301F-11D3-BF4B-00C04F79EFBC}") = "Simplify", "Provers\Simplify\Simplify.csproj", "{FEE9F01B-9722-4A76-A24B-72A4016DFA8E}"
EndProject
Project("{FAE04EC0-301F-11D3-BF4B-00C04F79EFBC}") = "VCGeneration", "VCGeneration\VCGeneration.csproj", "{E1F10180-C7B9-4147-B51F-FA1B701966DC}"
EndProject
Project("{FAE04EC0-301F-11D3-BF4B-00C04F79EFBC}") = "VCExpr", "VCExpr\VCExpr.csproj", "{56FFDBCA-7D14-43B8-A6CA-22A20E417EE1}"
EndProject
Project("{FAE04EC0-301F-11D3-BF4B-00C04F79EFBC}") = "Core", "Core\Core.csproj", "{B230A69C-C466-4065-B9C1-84D80E76D802}"
EndProject
Project("{FAE04EC0-301F-11D3-BF4B-00C04F79EFBC}") = "Z3api", "Provers\Z3api\Z3api.csproj", "{966DD87B-A29D-4F3C-9406-F680A61DC0E0}"
EndProject
Project("{FAE04EC0-301F-11D3-BF4B-00C04F79EFBC}") = "AIFramework", "AIFramework\AIFramework.csproj", "{39B0658D-C955-41C5-9A43-48C97A1EF5FD}"
EndProject
Project("{FAE04EC0-301F-11D3-BF4B-00C04F79EFBC}") = "Graph", "Graph\Graph.csproj", "{69A2B0B8-BCAC-4101-AE7A-556FCC58C06E}"
EndProject
Project("{FAE04EC0-301F-11D3-BF4B-00C04F79EFBC}") = "Basetypes", "Basetypes\Basetypes.csproj", "{43DFAD18-3E35-4558-9BE2-CAFF6B5BA8A0}"
EndProject
Project("{FAE04EC0-301F-11D3-BF4B-00C04F79EFBC}") = "CodeContractsExtender", "CodeContractsExtender\CodeContractsExtender.csproj", "{ACCC0156-0921-43ED-8F67-AD8BDC8CDE31}"
EndProject
Project("{FAE04EC0-301F-11D3-BF4B-00C04F79EFBC}") = "ModelViewer", "ModelViewer\ModelViewer.csproj", "{A678C6EB-B329-46A9-BBFC-7585F01ACD7C}"
EndProject
Project("{FAE04EC0-301F-11D3-BF4B-00C04F79EFBC}") = "Model", "Model\Model.csproj", "{ACEF88D5-DADD-46DA-BAE1-2144D63F4C83}"
EndProject
Project("{FAE04EC0-301F-11D3-BF4B-00C04F79EFBC}") = "ParserHelper", "ParserHelper\ParserHelper.csproj", "{FCD3AC7F-9DFD-46C8-AB1E-09F0B0F16DC5}"
EndProject
Project("{FAE04EC0-301F-11D3-BF4B-00C04F79EFBC}") = "TPTP", "Provers\TPTP\TPTP.csproj", "{A598ED5A-93AD-4125-A555-3921A2F936FA}"
EndProject
Project("{FAE04EC0-301F-11D3-BF4B-00C04F79EFBC}") = "Houdini", "Houdini\Houdini.csproj", "{CF41E903-78EB-43BA-A355-E5FEB5ECECD4}"
EndProject
Global
	GlobalSection(SolutionConfigurationPlatforms) = preSolution
		Checked|.NET = Checked|.NET
		Checked|Any CPU = Checked|Any CPU
		Checked|Mixed Platforms = Checked|Mixed Platforms
		Checked|x86 = Checked|x86
		Debug|.NET = Debug|.NET
		Debug|Any CPU = Debug|Any CPU
		Debug|Mixed Platforms = Debug|Mixed Platforms
		Debug|x86 = Debug|x86
		Release|.NET = Release|.NET
		Release|Any CPU = Release|Any CPU
		Release|Mixed Platforms = Release|Mixed Platforms
		Release|x86 = Release|x86
		z3apidebug|.NET = z3apidebug|.NET
		z3apidebug|Any CPU = z3apidebug|Any CPU
		z3apidebug|Mixed Platforms = z3apidebug|Mixed Platforms
		z3apidebug|x86 = z3apidebug|x86
	EndGlobalSection
	GlobalSection(ProjectConfigurationPlatforms) = postSolution
		{DAB6BAA4-7AF7-449F-96AB-F58F34D03A7A}.Checked|.NET.ActiveCfg = Checked|Any CPU
		{DAB6BAA4-7AF7-449F-96AB-F58F34D03A7A}.Checked|Any CPU.ActiveCfg = Checked|Any CPU
		{DAB6BAA4-7AF7-449F-96AB-F58F34D03A7A}.Checked|Any CPU.Build.0 = Checked|Any CPU
		{DAB6BAA4-7AF7-449F-96AB-F58F34D03A7A}.Checked|Mixed Platforms.ActiveCfg = Checked|Any CPU
		{DAB6BAA4-7AF7-449F-96AB-F58F34D03A7A}.Checked|Mixed Platforms.Build.0 = Checked|Any CPU
		{DAB6BAA4-7AF7-449F-96AB-F58F34D03A7A}.Checked|x86.ActiveCfg = Checked|Any CPU
		{DAB6BAA4-7AF7-449F-96AB-F58F34D03A7A}.Debug|.NET.ActiveCfg = Debug|Any CPU
		{DAB6BAA4-7AF7-449F-96AB-F58F34D03A7A}.Debug|.NET.Build.0 = Debug|Any CPU
		{DAB6BAA4-7AF7-449F-96AB-F58F34D03A7A}.Debug|Any CPU.ActiveCfg = Debug|Any CPU
		{DAB6BAA4-7AF7-449F-96AB-F58F34D03A7A}.Debug|Any CPU.Build.0 = Debug|Any CPU
		{DAB6BAA4-7AF7-449F-96AB-F58F34D03A7A}.Debug|Mixed Platforms.ActiveCfg = Debug|Any CPU
		{DAB6BAA4-7AF7-449F-96AB-F58F34D03A7A}.Debug|Mixed Platforms.Build.0 = Debug|Any CPU
		{DAB6BAA4-7AF7-449F-96AB-F58F34D03A7A}.Debug|x86.ActiveCfg = Debug|Any CPU
		{DAB6BAA4-7AF7-449F-96AB-F58F34D03A7A}.Release|.NET.ActiveCfg = Release|Any CPU
		{DAB6BAA4-7AF7-449F-96AB-F58F34D03A7A}.Release|Any CPU.ActiveCfg = Release|Any CPU
		{DAB6BAA4-7AF7-449F-96AB-F58F34D03A7A}.Release|Any CPU.Build.0 = Release|Any CPU
		{DAB6BAA4-7AF7-449F-96AB-F58F34D03A7A}.Release|Mixed Platforms.ActiveCfg = Release|Any CPU
		{DAB6BAA4-7AF7-449F-96AB-F58F34D03A7A}.Release|Mixed Platforms.Build.0 = Release|Any CPU
		{DAB6BAA4-7AF7-449F-96AB-F58F34D03A7A}.Release|x86.ActiveCfg = Release|Any CPU
		{DAB6BAA4-7AF7-449F-96AB-F58F34D03A7A}.z3apidebug|.NET.ActiveCfg = z3apidebug|Any CPU
		{DAB6BAA4-7AF7-449F-96AB-F58F34D03A7A}.z3apidebug|Any CPU.ActiveCfg = z3apidebug|Any CPU
		{DAB6BAA4-7AF7-449F-96AB-F58F34D03A7A}.z3apidebug|Any CPU.Build.0 = z3apidebug|Any CPU
		{DAB6BAA4-7AF7-449F-96AB-F58F34D03A7A}.z3apidebug|Mixed Platforms.ActiveCfg = Debug|Any CPU
		{DAB6BAA4-7AF7-449F-96AB-F58F34D03A7A}.z3apidebug|Mixed Platforms.Build.0 = Debug|Any CPU
		{DAB6BAA4-7AF7-449F-96AB-F58F34D03A7A}.z3apidebug|x86.ActiveCfg = z3apidebug|Any CPU
		{435D5BD0-6F62-49F8-BB24-33E2257519AD}.Checked|.NET.ActiveCfg = Checked|Any CPU
		{435D5BD0-6F62-49F8-BB24-33E2257519AD}.Checked|Any CPU.ActiveCfg = Checked|Any CPU
		{435D5BD0-6F62-49F8-BB24-33E2257519AD}.Checked|Any CPU.Build.0 = Checked|Any CPU
		{435D5BD0-6F62-49F8-BB24-33E2257519AD}.Checked|Mixed Platforms.ActiveCfg = Checked|Any CPU
		{435D5BD0-6F62-49F8-BB24-33E2257519AD}.Checked|Mixed Platforms.Build.0 = Checked|Any CPU
		{435D5BD0-6F62-49F8-BB24-33E2257519AD}.Checked|x86.ActiveCfg = Checked|Any CPU
		{435D5BD0-6F62-49F8-BB24-33E2257519AD}.Debug|.NET.ActiveCfg = Debug|Any CPU
		{435D5BD0-6F62-49F8-BB24-33E2257519AD}.Debug|.NET.Build.0 = Debug|Any CPU
		{435D5BD0-6F62-49F8-BB24-33E2257519AD}.Debug|Any CPU.ActiveCfg = Debug|Any CPU
		{435D5BD0-6F62-49F8-BB24-33E2257519AD}.Debug|Any CPU.Build.0 = Debug|Any CPU
		{435D5BD0-6F62-49F8-BB24-33E2257519AD}.Debug|Mixed Platforms.ActiveCfg = Debug|Any CPU
		{435D5BD0-6F62-49F8-BB24-33E2257519AD}.Debug|Mixed Platforms.Build.0 = Debug|Any CPU
		{435D5BD0-6F62-49F8-BB24-33E2257519AD}.Debug|x86.ActiveCfg = Debug|Any CPU
		{435D5BD0-6F62-49F8-BB24-33E2257519AD}.Release|.NET.ActiveCfg = Release|Any CPU
		{435D5BD0-6F62-49F8-BB24-33E2257519AD}.Release|Any CPU.ActiveCfg = Release|Any CPU
		{435D5BD0-6F62-49F8-BB24-33E2257519AD}.Release|Any CPU.Build.0 = Release|Any CPU
		{435D5BD0-6F62-49F8-BB24-33E2257519AD}.Release|Mixed Platforms.ActiveCfg = Release|Any CPU
		{435D5BD0-6F62-49F8-BB24-33E2257519AD}.Release|Mixed Platforms.Build.0 = Release|Any CPU
		{435D5BD0-6F62-49F8-BB24-33E2257519AD}.Release|x86.ActiveCfg = Release|Any CPU
		{435D5BD0-6F62-49F8-BB24-33E2257519AD}.z3apidebug|.NET.ActiveCfg = z3apidebug|Any CPU
		{435D5BD0-6F62-49F8-BB24-33E2257519AD}.z3apidebug|Any CPU.ActiveCfg = z3apidebug|Any CPU
		{435D5BD0-6F62-49F8-BB24-33E2257519AD}.z3apidebug|Any CPU.Build.0 = z3apidebug|Any CPU
		{435D5BD0-6F62-49F8-BB24-33E2257519AD}.z3apidebug|Mixed Platforms.ActiveCfg = Debug|Any CPU
		{435D5BD0-6F62-49F8-BB24-33E2257519AD}.z3apidebug|Mixed Platforms.Build.0 = Debug|Any CPU
		{435D5BD0-6F62-49F8-BB24-33E2257519AD}.z3apidebug|x86.ActiveCfg = z3apidebug|Any CPU
		{0EFA3E43-690B-48DC-A72C-384A3EA7F31F}.Checked|.NET.ActiveCfg = Checked|Any CPU
		{0EFA3E43-690B-48DC-A72C-384A3EA7F31F}.Checked|Any CPU.ActiveCfg = Checked|Any CPU
		{0EFA3E43-690B-48DC-A72C-384A3EA7F31F}.Checked|Any CPU.Build.0 = Checked|Any CPU
		{0EFA3E43-690B-48DC-A72C-384A3EA7F31F}.Checked|Mixed Platforms.ActiveCfg = Checked|Any CPU
		{0EFA3E43-690B-48DC-A72C-384A3EA7F31F}.Checked|Mixed Platforms.Build.0 = Checked|Any CPU
		{0EFA3E43-690B-48DC-A72C-384A3EA7F31F}.Checked|x86.ActiveCfg = Checked|Any CPU
		{0EFA3E43-690B-48DC-A72C-384A3EA7F31F}.Debug|.NET.ActiveCfg = Debug|Any CPU
		{0EFA3E43-690B-48DC-A72C-384A3EA7F31F}.Debug|.NET.Build.0 = Debug|Any CPU
		{0EFA3E43-690B-48DC-A72C-384A3EA7F31F}.Debug|Any CPU.ActiveCfg = Debug|Any CPU
		{0EFA3E43-690B-48DC-A72C-384A3EA7F31F}.Debug|Any CPU.Build.0 = Debug|Any CPU
		{0EFA3E43-690B-48DC-A72C-384A3EA7F31F}.Debug|Mixed Platforms.ActiveCfg = Debug|Any CPU
		{0EFA3E43-690B-48DC-A72C-384A3EA7F31F}.Debug|Mixed Platforms.Build.0 = Debug|Any CPU
		{0EFA3E43-690B-48DC-A72C-384A3EA7F31F}.Debug|x86.ActiveCfg = Debug|Any CPU
		{0EFA3E43-690B-48DC-A72C-384A3EA7F31F}.Release|.NET.ActiveCfg = Release|Any CPU
		{0EFA3E43-690B-48DC-A72C-384A3EA7F31F}.Release|Any CPU.ActiveCfg = Release|Any CPU
		{0EFA3E43-690B-48DC-A72C-384A3EA7F31F}.Release|Any CPU.Build.0 = Release|Any CPU
		{0EFA3E43-690B-48DC-A72C-384A3EA7F31F}.Release|Mixed Platforms.ActiveCfg = Release|Any CPU
		{0EFA3E43-690B-48DC-A72C-384A3EA7F31F}.Release|Mixed Platforms.Build.0 = Release|Any CPU
		{0EFA3E43-690B-48DC-A72C-384A3EA7F31F}.Release|x86.ActiveCfg = Release|Any CPU
		{0EFA3E43-690B-48DC-A72C-384A3EA7F31F}.z3apidebug|.NET.ActiveCfg = z3apidebug|Any CPU
		{0EFA3E43-690B-48DC-A72C-384A3EA7F31F}.z3apidebug|Any CPU.ActiveCfg = z3apidebug|Any CPU
		{0EFA3E43-690B-48DC-A72C-384A3EA7F31F}.z3apidebug|Any CPU.Build.0 = z3apidebug|Any CPU
		{0EFA3E43-690B-48DC-A72C-384A3EA7F31F}.z3apidebug|Mixed Platforms.ActiveCfg = Debug|Any CPU
		{0EFA3E43-690B-48DC-A72C-384A3EA7F31F}.z3apidebug|Mixed Platforms.Build.0 = Debug|Any CPU
		{0EFA3E43-690B-48DC-A72C-384A3EA7F31F}.z3apidebug|x86.ActiveCfg = z3apidebug|Any CPU
		{BB49B90B-BE21-4BE8-85BA-359FDB55F4DF}.Checked|.NET.ActiveCfg = Checked|Any CPU
		{BB49B90B-BE21-4BE8-85BA-359FDB55F4DF}.Checked|Any CPU.ActiveCfg = Checked|Any CPU
		{BB49B90B-BE21-4BE8-85BA-359FDB55F4DF}.Checked|Any CPU.Build.0 = Checked|Any CPU
		{BB49B90B-BE21-4BE8-85BA-359FDB55F4DF}.Checked|Mixed Platforms.ActiveCfg = Checked|Any CPU
		{BB49B90B-BE21-4BE8-85BA-359FDB55F4DF}.Checked|Mixed Platforms.Build.0 = Checked|Any CPU
		{BB49B90B-BE21-4BE8-85BA-359FDB55F4DF}.Checked|x86.ActiveCfg = Checked|Any CPU
		{BB49B90B-BE21-4BE8-85BA-359FDB55F4DF}.Debug|.NET.ActiveCfg = Debug|Any CPU
		{BB49B90B-BE21-4BE8-85BA-359FDB55F4DF}.Debug|.NET.Build.0 = Debug|Any CPU
		{BB49B90B-BE21-4BE8-85BA-359FDB55F4DF}.Debug|Any CPU.ActiveCfg = Debug|Any CPU
		{BB49B90B-BE21-4BE8-85BA-359FDB55F4DF}.Debug|Any CPU.Build.0 = Debug|Any CPU
		{BB49B90B-BE21-4BE8-85BA-359FDB55F4DF}.Debug|Mixed Platforms.ActiveCfg = Debug|Any CPU
		{BB49B90B-BE21-4BE8-85BA-359FDB55F4DF}.Debug|Mixed Platforms.Build.0 = Debug|Any CPU
		{BB49B90B-BE21-4BE8-85BA-359FDB55F4DF}.Debug|x86.ActiveCfg = Debug|Any CPU
		{BB49B90B-BE21-4BE8-85BA-359FDB55F4DF}.Release|.NET.ActiveCfg = Release|Any CPU
		{BB49B90B-BE21-4BE8-85BA-359FDB55F4DF}.Release|Any CPU.ActiveCfg = Release|Any CPU
		{BB49B90B-BE21-4BE8-85BA-359FDB55F4DF}.Release|Any CPU.Build.0 = Release|Any CPU
		{BB49B90B-BE21-4BE8-85BA-359FDB55F4DF}.Release|Mixed Platforms.ActiveCfg = Release|Any CPU
		{BB49B90B-BE21-4BE8-85BA-359FDB55F4DF}.Release|Mixed Platforms.Build.0 = Release|Any CPU
		{BB49B90B-BE21-4BE8-85BA-359FDB55F4DF}.Release|x86.ActiveCfg = Release|Any CPU
		{BB49B90B-BE21-4BE8-85BA-359FDB55F4DF}.z3apidebug|.NET.ActiveCfg = z3apidebug|Any CPU
		{BB49B90B-BE21-4BE8-85BA-359FDB55F4DF}.z3apidebug|Any CPU.ActiveCfg = z3apidebug|Any CPU
		{BB49B90B-BE21-4BE8-85BA-359FDB55F4DF}.z3apidebug|Any CPU.Build.0 = z3apidebug|Any CPU
		{BB49B90B-BE21-4BE8-85BA-359FDB55F4DF}.z3apidebug|Mixed Platforms.ActiveCfg = Debug|Any CPU
		{BB49B90B-BE21-4BE8-85BA-359FDB55F4DF}.z3apidebug|Mixed Platforms.Build.0 = Debug|Any CPU
		{BB49B90B-BE21-4BE8-85BA-359FDB55F4DF}.z3apidebug|x86.ActiveCfg = z3apidebug|Any CPU
		{9B163AA3-36BC-4AFB-88AB-79BC9E97E401}.Checked|.NET.ActiveCfg = Checked|Any CPU
		{9B163AA3-36BC-4AFB-88AB-79BC9E97E401}.Checked|Any CPU.ActiveCfg = Checked|Any CPU
		{9B163AA3-36BC-4AFB-88AB-79BC9E97E401}.Checked|Any CPU.Build.0 = Checked|Any CPU
		{9B163AA3-36BC-4AFB-88AB-79BC9E97E401}.Checked|Mixed Platforms.ActiveCfg = Checked|Any CPU
		{9B163AA3-36BC-4AFB-88AB-79BC9E97E401}.Checked|Mixed Platforms.Build.0 = Checked|Any CPU
		{9B163AA3-36BC-4AFB-88AB-79BC9E97E401}.Checked|x86.ActiveCfg = Checked|Any CPU
		{9B163AA3-36BC-4AFB-88AB-79BC9E97E401}.Debug|.NET.ActiveCfg = Debug|Any CPU
		{9B163AA3-36BC-4AFB-88AB-79BC9E97E401}.Debug|.NET.Build.0 = Debug|Any CPU
		{9B163AA3-36BC-4AFB-88AB-79BC9E97E401}.Debug|Any CPU.ActiveCfg = Debug|Any CPU
		{9B163AA3-36BC-4AFB-88AB-79BC9E97E401}.Debug|Any CPU.Build.0 = Debug|Any CPU
		{9B163AA3-36BC-4AFB-88AB-79BC9E97E401}.Debug|Mixed Platforms.ActiveCfg = Debug|Any CPU
		{9B163AA3-36BC-4AFB-88AB-79BC9E97E401}.Debug|Mixed Platforms.Build.0 = Debug|Any CPU
		{9B163AA3-36BC-4AFB-88AB-79BC9E97E401}.Debug|x86.ActiveCfg = Debug|Any CPU
		{9B163AA3-36BC-4AFB-88AB-79BC9E97E401}.Release|.NET.ActiveCfg = Release|Any CPU
		{9B163AA3-36BC-4AFB-88AB-79BC9E97E401}.Release|Any CPU.ActiveCfg = Release|Any CPU
		{9B163AA3-36BC-4AFB-88AB-79BC9E97E401}.Release|Any CPU.Build.0 = Release|Any CPU
		{9B163AA3-36BC-4AFB-88AB-79BC9E97E401}.Release|Mixed Platforms.ActiveCfg = Release|Any CPU
		{9B163AA3-36BC-4AFB-88AB-79BC9E97E401}.Release|Mixed Platforms.Build.0 = Release|Any CPU
		{9B163AA3-36BC-4AFB-88AB-79BC9E97E401}.Release|x86.ActiveCfg = Release|Any CPU
		{9B163AA3-36BC-4AFB-88AB-79BC9E97E401}.z3apidebug|.NET.ActiveCfg = z3apidebug|Any CPU
		{9B163AA3-36BC-4AFB-88AB-79BC9E97E401}.z3apidebug|Any CPU.ActiveCfg = z3apidebug|Any CPU
		{9B163AA3-36BC-4AFB-88AB-79BC9E97E401}.z3apidebug|Any CPU.Build.0 = z3apidebug|Any CPU
		{9B163AA3-36BC-4AFB-88AB-79BC9E97E401}.z3apidebug|Mixed Platforms.ActiveCfg = Debug|Any CPU
		{9B163AA3-36BC-4AFB-88AB-79BC9E97E401}.z3apidebug|Mixed Platforms.Build.0 = Debug|Any CPU
		{9B163AA3-36BC-4AFB-88AB-79BC9E97E401}.z3apidebug|x86.ActiveCfg = z3apidebug|Any CPU
		{FEE9F01B-9722-4A76-A24B-72A4016DFA8E}.Checked|.NET.ActiveCfg = Checked|Any CPU
		{FEE9F01B-9722-4A76-A24B-72A4016DFA8E}.Checked|Any CPU.ActiveCfg = Checked|Any CPU
		{FEE9F01B-9722-4A76-A24B-72A4016DFA8E}.Checked|Any CPU.Build.0 = Checked|Any CPU
		{FEE9F01B-9722-4A76-A24B-72A4016DFA8E}.Checked|Mixed Platforms.ActiveCfg = Checked|Any CPU
		{FEE9F01B-9722-4A76-A24B-72A4016DFA8E}.Checked|Mixed Platforms.Build.0 = Checked|Any CPU
		{FEE9F01B-9722-4A76-A24B-72A4016DFA8E}.Checked|x86.ActiveCfg = Checked|Any CPU
		{FEE9F01B-9722-4A76-A24B-72A4016DFA8E}.Debug|.NET.ActiveCfg = Debug|Any CPU
		{FEE9F01B-9722-4A76-A24B-72A4016DFA8E}.Debug|.NET.Build.0 = Debug|Any CPU
		{FEE9F01B-9722-4A76-A24B-72A4016DFA8E}.Debug|Any CPU.ActiveCfg = Debug|Any CPU
		{FEE9F01B-9722-4A76-A24B-72A4016DFA8E}.Debug|Any CPU.Build.0 = Debug|Any CPU
		{FEE9F01B-9722-4A76-A24B-72A4016DFA8E}.Debug|Mixed Platforms.ActiveCfg = Debug|Any CPU
		{FEE9F01B-9722-4A76-A24B-72A4016DFA8E}.Debug|Mixed Platforms.Build.0 = Debug|Any CPU
		{FEE9F01B-9722-4A76-A24B-72A4016DFA8E}.Debug|x86.ActiveCfg = Debug|Any CPU
		{FEE9F01B-9722-4A76-A24B-72A4016DFA8E}.Release|.NET.ActiveCfg = Release|Any CPU
		{FEE9F01B-9722-4A76-A24B-72A4016DFA8E}.Release|Any CPU.ActiveCfg = Release|Any CPU
		{FEE9F01B-9722-4A76-A24B-72A4016DFA8E}.Release|Any CPU.Build.0 = Release|Any CPU
		{FEE9F01B-9722-4A76-A24B-72A4016DFA8E}.Release|Mixed Platforms.ActiveCfg = Release|Any CPU
		{FEE9F01B-9722-4A76-A24B-72A4016DFA8E}.Release|Mixed Platforms.Build.0 = Release|Any CPU
		{FEE9F01B-9722-4A76-A24B-72A4016DFA8E}.Release|x86.ActiveCfg = Release|Any CPU
		{FEE9F01B-9722-4A76-A24B-72A4016DFA8E}.z3apidebug|.NET.ActiveCfg = z3apidebug|Any CPU
		{FEE9F01B-9722-4A76-A24B-72A4016DFA8E}.z3apidebug|Any CPU.ActiveCfg = z3apidebug|Any CPU
		{FEE9F01B-9722-4A76-A24B-72A4016DFA8E}.z3apidebug|Any CPU.Build.0 = z3apidebug|Any CPU
		{FEE9F01B-9722-4A76-A24B-72A4016DFA8E}.z3apidebug|Mixed Platforms.ActiveCfg = Debug|Any CPU
		{FEE9F01B-9722-4A76-A24B-72A4016DFA8E}.z3apidebug|Mixed Platforms.Build.0 = Debug|Any CPU
		{FEE9F01B-9722-4A76-A24B-72A4016DFA8E}.z3apidebug|x86.ActiveCfg = z3apidebug|Any CPU
		{E1F10180-C7B9-4147-B51F-FA1B701966DC}.Checked|.NET.ActiveCfg = Checked|Any CPU
		{E1F10180-C7B9-4147-B51F-FA1B701966DC}.Checked|Any CPU.ActiveCfg = Checked|Any CPU
		{E1F10180-C7B9-4147-B51F-FA1B701966DC}.Checked|Any CPU.Build.0 = Checked|Any CPU
		{E1F10180-C7B9-4147-B51F-FA1B701966DC}.Checked|Mixed Platforms.ActiveCfg = Checked|Any CPU
		{E1F10180-C7B9-4147-B51F-FA1B701966DC}.Checked|Mixed Platforms.Build.0 = Checked|Any CPU
		{E1F10180-C7B9-4147-B51F-FA1B701966DC}.Checked|x86.ActiveCfg = Checked|Any CPU
		{E1F10180-C7B9-4147-B51F-FA1B701966DC}.Debug|.NET.ActiveCfg = Debug|Any CPU
		{E1F10180-C7B9-4147-B51F-FA1B701966DC}.Debug|.NET.Build.0 = Debug|Any CPU
		{E1F10180-C7B9-4147-B51F-FA1B701966DC}.Debug|Any CPU.ActiveCfg = Debug|Any CPU
		{E1F10180-C7B9-4147-B51F-FA1B701966DC}.Debug|Any CPU.Build.0 = Debug|Any CPU
		{E1F10180-C7B9-4147-B51F-FA1B701966DC}.Debug|Mixed Platforms.ActiveCfg = Debug|Any CPU
		{E1F10180-C7B9-4147-B51F-FA1B701966DC}.Debug|Mixed Platforms.Build.0 = Debug|Any CPU
		{E1F10180-C7B9-4147-B51F-FA1B701966DC}.Debug|x86.ActiveCfg = Debug|Any CPU
		{E1F10180-C7B9-4147-B51F-FA1B701966DC}.Release|.NET.ActiveCfg = Release|Any CPU
		{E1F10180-C7B9-4147-B51F-FA1B701966DC}.Release|Any CPU.ActiveCfg = Release|Any CPU
		{E1F10180-C7B9-4147-B51F-FA1B701966DC}.Release|Any CPU.Build.0 = Release|Any CPU
		{E1F10180-C7B9-4147-B51F-FA1B701966DC}.Release|Mixed Platforms.ActiveCfg = Release|Any CPU
		{E1F10180-C7B9-4147-B51F-FA1B701966DC}.Release|Mixed Platforms.Build.0 = Release|Any CPU
		{E1F10180-C7B9-4147-B51F-FA1B701966DC}.Release|x86.ActiveCfg = Release|Any CPU
		{E1F10180-C7B9-4147-B51F-FA1B701966DC}.z3apidebug|.NET.ActiveCfg = z3apidebug|Any CPU
		{E1F10180-C7B9-4147-B51F-FA1B701966DC}.z3apidebug|Any CPU.ActiveCfg = z3apidebug|Any CPU
		{E1F10180-C7B9-4147-B51F-FA1B701966DC}.z3apidebug|Any CPU.Build.0 = z3apidebug|Any CPU
		{E1F10180-C7B9-4147-B51F-FA1B701966DC}.z3apidebug|Mixed Platforms.ActiveCfg = Debug|Any CPU
		{E1F10180-C7B9-4147-B51F-FA1B701966DC}.z3apidebug|Mixed Platforms.Build.0 = Debug|Any CPU
		{E1F10180-C7B9-4147-B51F-FA1B701966DC}.z3apidebug|x86.ActiveCfg = z3apidebug|Any CPU
		{56FFDBCA-7D14-43B8-A6CA-22A20E417EE1}.Checked|.NET.ActiveCfg = Checked|Any CPU
		{56FFDBCA-7D14-43B8-A6CA-22A20E417EE1}.Checked|Any CPU.ActiveCfg = Checked|Any CPU
		{56FFDBCA-7D14-43B8-A6CA-22A20E417EE1}.Checked|Any CPU.Build.0 = Checked|Any CPU
		{56FFDBCA-7D14-43B8-A6CA-22A20E417EE1}.Checked|Mixed Platforms.ActiveCfg = Checked|Any CPU
		{56FFDBCA-7D14-43B8-A6CA-22A20E417EE1}.Checked|Mixed Platforms.Build.0 = Checked|Any CPU
		{56FFDBCA-7D14-43B8-A6CA-22A20E417EE1}.Checked|x86.ActiveCfg = Checked|Any CPU
		{56FFDBCA-7D14-43B8-A6CA-22A20E417EE1}.Debug|.NET.ActiveCfg = Debug|Any CPU
		{56FFDBCA-7D14-43B8-A6CA-22A20E417EE1}.Debug|Any CPU.ActiveCfg = Debug|Any CPU
		{56FFDBCA-7D14-43B8-A6CA-22A20E417EE1}.Debug|Any CPU.Build.0 = Debug|Any CPU
		{56FFDBCA-7D14-43B8-A6CA-22A20E417EE1}.Debug|Mixed Platforms.ActiveCfg = Debug|Any CPU
		{56FFDBCA-7D14-43B8-A6CA-22A20E417EE1}.Debug|Mixed Platforms.Build.0 = Debug|Any CPU
		{56FFDBCA-7D14-43B8-A6CA-22A20E417EE1}.Debug|x86.ActiveCfg = Debug|Any CPU
		{56FFDBCA-7D14-43B8-A6CA-22A20E417EE1}.Release|.NET.ActiveCfg = Release|Any CPU
		{56FFDBCA-7D14-43B8-A6CA-22A20E417EE1}.Release|Any CPU.ActiveCfg = Release|Any CPU
		{56FFDBCA-7D14-43B8-A6CA-22A20E417EE1}.Release|Any CPU.Build.0 = Release|Any CPU
		{56FFDBCA-7D14-43B8-A6CA-22A20E417EE1}.Release|Mixed Platforms.ActiveCfg = Release|Any CPU
		{56FFDBCA-7D14-43B8-A6CA-22A20E417EE1}.Release|Mixed Platforms.Build.0 = Release|Any CPU
		{56FFDBCA-7D14-43B8-A6CA-22A20E417EE1}.Release|x86.ActiveCfg = Release|Any CPU
		{56FFDBCA-7D14-43B8-A6CA-22A20E417EE1}.z3apidebug|.NET.ActiveCfg = z3apidebug|Any CPU
		{56FFDBCA-7D14-43B8-A6CA-22A20E417EE1}.z3apidebug|Any CPU.ActiveCfg = z3apidebug|Any CPU
		{56FFDBCA-7D14-43B8-A6CA-22A20E417EE1}.z3apidebug|Any CPU.Build.0 = z3apidebug|Any CPU
		{56FFDBCA-7D14-43B8-A6CA-22A20E417EE1}.z3apidebug|Mixed Platforms.ActiveCfg = Debug|Any CPU
		{56FFDBCA-7D14-43B8-A6CA-22A20E417EE1}.z3apidebug|Mixed Platforms.Build.0 = Debug|Any CPU
		{56FFDBCA-7D14-43B8-A6CA-22A20E417EE1}.z3apidebug|x86.ActiveCfg = z3apidebug|Any CPU
		{B230A69C-C466-4065-B9C1-84D80E76D802}.Checked|.NET.ActiveCfg = Checked|Any CPU
		{B230A69C-C466-4065-B9C1-84D80E76D802}.Checked|Any CPU.ActiveCfg = Checked|Any CPU
		{B230A69C-C466-4065-B9C1-84D80E76D802}.Checked|Any CPU.Build.0 = Checked|Any CPU
		{B230A69C-C466-4065-B9C1-84D80E76D802}.Checked|Mixed Platforms.ActiveCfg = Checked|Any CPU
		{B230A69C-C466-4065-B9C1-84D80E76D802}.Checked|Mixed Platforms.Build.0 = Checked|Any CPU
		{B230A69C-C466-4065-B9C1-84D80E76D802}.Checked|x86.ActiveCfg = Checked|Any CPU
		{B230A69C-C466-4065-B9C1-84D80E76D802}.Debug|.NET.ActiveCfg = Debug|Any CPU
		{B230A69C-C466-4065-B9C1-84D80E76D802}.Debug|Any CPU.ActiveCfg = Debug|Any CPU
		{B230A69C-C466-4065-B9C1-84D80E76D802}.Debug|Any CPU.Build.0 = Debug|Any CPU
		{B230A69C-C466-4065-B9C1-84D80E76D802}.Debug|Mixed Platforms.ActiveCfg = Debug|Any CPU
		{B230A69C-C466-4065-B9C1-84D80E76D802}.Debug|Mixed Platforms.Build.0 = Debug|Any CPU
		{B230A69C-C466-4065-B9C1-84D80E76D802}.Debug|x86.ActiveCfg = Debug|Any CPU
		{B230A69C-C466-4065-B9C1-84D80E76D802}.Release|.NET.ActiveCfg = Release|Any CPU
		{B230A69C-C466-4065-B9C1-84D80E76D802}.Release|Any CPU.ActiveCfg = Release|Any CPU
		{B230A69C-C466-4065-B9C1-84D80E76D802}.Release|Any CPU.Build.0 = Release|Any CPU
		{B230A69C-C466-4065-B9C1-84D80E76D802}.Release|Mixed Platforms.ActiveCfg = Release|Any CPU
		{B230A69C-C466-4065-B9C1-84D80E76D802}.Release|Mixed Platforms.Build.0 = Release|Any CPU
		{B230A69C-C466-4065-B9C1-84D80E76D802}.Release|x86.ActiveCfg = Release|Any CPU
		{B230A69C-C466-4065-B9C1-84D80E76D802}.z3apidebug|.NET.ActiveCfg = z3apidebug|Any CPU
		{B230A69C-C466-4065-B9C1-84D80E76D802}.z3apidebug|Any CPU.ActiveCfg = z3apidebug|Any CPU
		{B230A69C-C466-4065-B9C1-84D80E76D802}.z3apidebug|Any CPU.Build.0 = z3apidebug|Any CPU
		{B230A69C-C466-4065-B9C1-84D80E76D802}.z3apidebug|Mixed Platforms.ActiveCfg = Debug|Any CPU
		{B230A69C-C466-4065-B9C1-84D80E76D802}.z3apidebug|Mixed Platforms.Build.0 = Debug|Any CPU
		{B230A69C-C466-4065-B9C1-84D80E76D802}.z3apidebug|x86.ActiveCfg = z3apidebug|Any CPU
		{966DD87B-A29D-4F3C-9406-F680A61DC0E0}.Checked|.NET.ActiveCfg = Checked|Any CPU
		{966DD87B-A29D-4F3C-9406-F680A61DC0E0}.Checked|Any CPU.ActiveCfg = Checked|Any CPU
		{966DD87B-A29D-4F3C-9406-F680A61DC0E0}.Checked|Any CPU.Build.0 = Checked|Any CPU
		{966DD87B-A29D-4F3C-9406-F680A61DC0E0}.Checked|Mixed Platforms.ActiveCfg = Checked|Any CPU
		{966DD87B-A29D-4F3C-9406-F680A61DC0E0}.Checked|x86.ActiveCfg = Checked|Any CPU
		{966DD87B-A29D-4F3C-9406-F680A61DC0E0}.Debug|.NET.ActiveCfg = Debug|Any CPU
		{966DD87B-A29D-4F3C-9406-F680A61DC0E0}.Debug|Any CPU.ActiveCfg = Debug|Any CPU
		{966DD87B-A29D-4F3C-9406-F680A61DC0E0}.Debug|Any CPU.Build.0 = Debug|Any CPU
		{966DD87B-A29D-4F3C-9406-F680A61DC0E0}.Debug|Mixed Platforms.ActiveCfg = Debug|Any CPU
		{966DD87B-A29D-4F3C-9406-F680A61DC0E0}.Debug|x86.ActiveCfg = Debug|Any CPU
		{966DD87B-A29D-4F3C-9406-F680A61DC0E0}.Release|.NET.ActiveCfg = Release|Any CPU
		{966DD87B-A29D-4F3C-9406-F680A61DC0E0}.Release|Any CPU.ActiveCfg = Release|Any CPU
		{966DD87B-A29D-4F3C-9406-F680A61DC0E0}.Release|Any CPU.Build.0 = Release|Any CPU
		{966DD87B-A29D-4F3C-9406-F680A61DC0E0}.Release|Mixed Platforms.ActiveCfg = Release|Any CPU
		{966DD87B-A29D-4F3C-9406-F680A61DC0E0}.Release|x86.ActiveCfg = Release|Any CPU
		{966DD87B-A29D-4F3C-9406-F680A61DC0E0}.z3apidebug|.NET.ActiveCfg = z3apidebug|Any CPU
		{966DD87B-A29D-4F3C-9406-F680A61DC0E0}.z3apidebug|Any CPU.ActiveCfg = z3apidebug|Any CPU
		{966DD87B-A29D-4F3C-9406-F680A61DC0E0}.z3apidebug|Any CPU.Build.0 = z3apidebug|Any CPU
		{966DD87B-A29D-4F3C-9406-F680A61DC0E0}.z3apidebug|Mixed Platforms.ActiveCfg = z3apidebug|Any CPU
		{966DD87B-A29D-4F3C-9406-F680A61DC0E0}.z3apidebug|Mixed Platforms.Build.0 = z3apidebug|Any CPU
		{966DD87B-A29D-4F3C-9406-F680A61DC0E0}.z3apidebug|x86.ActiveCfg = z3apidebug|Any CPU
		{39B0658D-C955-41C5-9A43-48C97A1EF5FD}.Checked|.NET.ActiveCfg = Checked|Any CPU
		{39B0658D-C955-41C5-9A43-48C97A1EF5FD}.Checked|Any CPU.ActiveCfg = Checked|Any CPU
		{39B0658D-C955-41C5-9A43-48C97A1EF5FD}.Checked|Any CPU.Build.0 = Checked|Any CPU
		{39B0658D-C955-41C5-9A43-48C97A1EF5FD}.Checked|Mixed Platforms.ActiveCfg = Checked|Any CPU
		{39B0658D-C955-41C5-9A43-48C97A1EF5FD}.Checked|Mixed Platforms.Build.0 = Checked|Any CPU
		{39B0658D-C955-41C5-9A43-48C97A1EF5FD}.Checked|x86.ActiveCfg = Checked|Any CPU
		{39B0658D-C955-41C5-9A43-48C97A1EF5FD}.Debug|.NET.ActiveCfg = Debug|Any CPU
		{39B0658D-C955-41C5-9A43-48C97A1EF5FD}.Debug|Any CPU.ActiveCfg = Debug|Any CPU
		{39B0658D-C955-41C5-9A43-48C97A1EF5FD}.Debug|Any CPU.Build.0 = Debug|Any CPU
		{39B0658D-C955-41C5-9A43-48C97A1EF5FD}.Debug|Mixed Platforms.ActiveCfg = Debug|Any CPU
		{39B0658D-C955-41C5-9A43-48C97A1EF5FD}.Debug|Mixed Platforms.Build.0 = Debug|Any CPU
		{39B0658D-C955-41C5-9A43-48C97A1EF5FD}.Debug|x86.ActiveCfg = Debug|Any CPU
		{39B0658D-C955-41C5-9A43-48C97A1EF5FD}.Release|.NET.ActiveCfg = Release|Any CPU
		{39B0658D-C955-41C5-9A43-48C97A1EF5FD}.Release|Any CPU.ActiveCfg = Release|Any CPU
		{39B0658D-C955-41C5-9A43-48C97A1EF5FD}.Release|Any CPU.Build.0 = Release|Any CPU
		{39B0658D-C955-41C5-9A43-48C97A1EF5FD}.Release|Mixed Platforms.ActiveCfg = Release|Any CPU
		{39B0658D-C955-41C5-9A43-48C97A1EF5FD}.Release|Mixed Platforms.Build.0 = Release|Any CPU
		{39B0658D-C955-41C5-9A43-48C97A1EF5FD}.Release|x86.ActiveCfg = Release|Any CPU
		{39B0658D-C955-41C5-9A43-48C97A1EF5FD}.z3apidebug|.NET.ActiveCfg = z3apidebug|Any CPU
		{39B0658D-C955-41C5-9A43-48C97A1EF5FD}.z3apidebug|Any CPU.ActiveCfg = z3apidebug|Any CPU
		{39B0658D-C955-41C5-9A43-48C97A1EF5FD}.z3apidebug|Any CPU.Build.0 = z3apidebug|Any CPU
		{39B0658D-C955-41C5-9A43-48C97A1EF5FD}.z3apidebug|Mixed Platforms.ActiveCfg = Debug|Any CPU
		{39B0658D-C955-41C5-9A43-48C97A1EF5FD}.z3apidebug|Mixed Platforms.Build.0 = Debug|Any CPU
		{39B0658D-C955-41C5-9A43-48C97A1EF5FD}.z3apidebug|x86.ActiveCfg = z3apidebug|Any CPU
		{69A2B0B8-BCAC-4101-AE7A-556FCC58C06E}.Checked|.NET.ActiveCfg = Checked|Any CPU
		{69A2B0B8-BCAC-4101-AE7A-556FCC58C06E}.Checked|Any CPU.ActiveCfg = Checked|Any CPU
		{69A2B0B8-BCAC-4101-AE7A-556FCC58C06E}.Checked|Any CPU.Build.0 = Checked|Any CPU
		{69A2B0B8-BCAC-4101-AE7A-556FCC58C06E}.Checked|Mixed Platforms.ActiveCfg = Checked|Any CPU
		{69A2B0B8-BCAC-4101-AE7A-556FCC58C06E}.Checked|Mixed Platforms.Build.0 = Checked|Any CPU
		{69A2B0B8-BCAC-4101-AE7A-556FCC58C06E}.Checked|x86.ActiveCfg = Checked|Any CPU
		{69A2B0B8-BCAC-4101-AE7A-556FCC58C06E}.Debug|.NET.ActiveCfg = Debug|Any CPU
		{69A2B0B8-BCAC-4101-AE7A-556FCC58C06E}.Debug|Any CPU.ActiveCfg = Debug|Any CPU
		{69A2B0B8-BCAC-4101-AE7A-556FCC58C06E}.Debug|Any CPU.Build.0 = Debug|Any CPU
		{69A2B0B8-BCAC-4101-AE7A-556FCC58C06E}.Debug|Mixed Platforms.ActiveCfg = Debug|Any CPU
		{69A2B0B8-BCAC-4101-AE7A-556FCC58C06E}.Debug|Mixed Platforms.Build.0 = Debug|Any CPU
		{69A2B0B8-BCAC-4101-AE7A-556FCC58C06E}.Debug|x86.ActiveCfg = Debug|Any CPU
		{69A2B0B8-BCAC-4101-AE7A-556FCC58C06E}.Release|.NET.ActiveCfg = Release|Any CPU
		{69A2B0B8-BCAC-4101-AE7A-556FCC58C06E}.Release|Any CPU.ActiveCfg = Release|Any CPU
		{69A2B0B8-BCAC-4101-AE7A-556FCC58C06E}.Release|Any CPU.Build.0 = Release|Any CPU
		{69A2B0B8-BCAC-4101-AE7A-556FCC58C06E}.Release|Mixed Platforms.ActiveCfg = Release|Any CPU
		{69A2B0B8-BCAC-4101-AE7A-556FCC58C06E}.Release|Mixed Platforms.Build.0 = Release|Any CPU
		{69A2B0B8-BCAC-4101-AE7A-556FCC58C06E}.Release|x86.ActiveCfg = Release|Any CPU
		{69A2B0B8-BCAC-4101-AE7A-556FCC58C06E}.z3apidebug|.NET.ActiveCfg = z3apidebug|Any CPU
		{69A2B0B8-BCAC-4101-AE7A-556FCC58C06E}.z3apidebug|Any CPU.ActiveCfg = z3apidebug|Any CPU
		{69A2B0B8-BCAC-4101-AE7A-556FCC58C06E}.z3apidebug|Any CPU.Build.0 = z3apidebug|Any CPU
		{69A2B0B8-BCAC-4101-AE7A-556FCC58C06E}.z3apidebug|Mixed Platforms.ActiveCfg = Debug|Any CPU
		{69A2B0B8-BCAC-4101-AE7A-556FCC58C06E}.z3apidebug|Mixed Platforms.Build.0 = Debug|Any CPU
		{69A2B0B8-BCAC-4101-AE7A-556FCC58C06E}.z3apidebug|x86.ActiveCfg = z3apidebug|Any CPU
		{43DFAD18-3E35-4558-9BE2-CAFF6B5BA8A0}.Checked|.NET.ActiveCfg = Checked|Any CPU
		{43DFAD18-3E35-4558-9BE2-CAFF6B5BA8A0}.Checked|Any CPU.ActiveCfg = Checked|Any CPU
		{43DFAD18-3E35-4558-9BE2-CAFF6B5BA8A0}.Checked|Any CPU.Build.0 = Checked|Any CPU
		{43DFAD18-3E35-4558-9BE2-CAFF6B5BA8A0}.Checked|Mixed Platforms.ActiveCfg = Checked|Any CPU
		{43DFAD18-3E35-4558-9BE2-CAFF6B5BA8A0}.Checked|Mixed Platforms.Build.0 = Checked|Any CPU
		{43DFAD18-3E35-4558-9BE2-CAFF6B5BA8A0}.Checked|x86.ActiveCfg = Checked|Any CPU
		{43DFAD18-3E35-4558-9BE2-CAFF6B5BA8A0}.Debug|.NET.ActiveCfg = Debug|Any CPU
		{43DFAD18-3E35-4558-9BE2-CAFF6B5BA8A0}.Debug|Any CPU.ActiveCfg = Debug|Any CPU
		{43DFAD18-3E35-4558-9BE2-CAFF6B5BA8A0}.Debug|Any CPU.Build.0 = Debug|Any CPU
		{43DFAD18-3E35-4558-9BE2-CAFF6B5BA8A0}.Debug|Mixed Platforms.ActiveCfg = Debug|Any CPU
		{43DFAD18-3E35-4558-9BE2-CAFF6B5BA8A0}.Debug|Mixed Platforms.Build.0 = Debug|Any CPU
		{43DFAD18-3E35-4558-9BE2-CAFF6B5BA8A0}.Debug|x86.ActiveCfg = Debug|Any CPU
		{43DFAD18-3E35-4558-9BE2-CAFF6B5BA8A0}.Release|.NET.ActiveCfg = Release|Any CPU
		{43DFAD18-3E35-4558-9BE2-CAFF6B5BA8A0}.Release|Any CPU.ActiveCfg = Release|Any CPU
		{43DFAD18-3E35-4558-9BE2-CAFF6B5BA8A0}.Release|Any CPU.Build.0 = Release|Any CPU
		{43DFAD18-3E35-4558-9BE2-CAFF6B5BA8A0}.Release|Mixed Platforms.ActiveCfg = Release|Any CPU
		{43DFAD18-3E35-4558-9BE2-CAFF6B5BA8A0}.Release|Mixed Platforms.Build.0 = Release|Any CPU
		{43DFAD18-3E35-4558-9BE2-CAFF6B5BA8A0}.Release|x86.ActiveCfg = Release|Any CPU
		{43DFAD18-3E35-4558-9BE2-CAFF6B5BA8A0}.z3apidebug|.NET.ActiveCfg = z3apidebug|Any CPU
		{43DFAD18-3E35-4558-9BE2-CAFF6B5BA8A0}.z3apidebug|Any CPU.ActiveCfg = z3apidebug|Any CPU
		{43DFAD18-3E35-4558-9BE2-CAFF6B5BA8A0}.z3apidebug|Any CPU.Build.0 = z3apidebug|Any CPU
		{43DFAD18-3E35-4558-9BE2-CAFF6B5BA8A0}.z3apidebug|Mixed Platforms.ActiveCfg = Debug|Any CPU
		{43DFAD18-3E35-4558-9BE2-CAFF6B5BA8A0}.z3apidebug|Mixed Platforms.Build.0 = Debug|Any CPU
		{43DFAD18-3E35-4558-9BE2-CAFF6B5BA8A0}.z3apidebug|x86.ActiveCfg = z3apidebug|Any CPU
		{ACCC0156-0921-43ED-8F67-AD8BDC8CDE31}.Checked|.NET.ActiveCfg = Checked|Any CPU
		{ACCC0156-0921-43ED-8F67-AD8BDC8CDE31}.Checked|Any CPU.ActiveCfg = Checked|Any CPU
		{ACCC0156-0921-43ED-8F67-AD8BDC8CDE31}.Checked|Any CPU.Build.0 = Checked|Any CPU
		{ACCC0156-0921-43ED-8F67-AD8BDC8CDE31}.Checked|Mixed Platforms.ActiveCfg = Checked|Any CPU
		{ACCC0156-0921-43ED-8F67-AD8BDC8CDE31}.Checked|Mixed Platforms.Build.0 = Checked|Any CPU
		{ACCC0156-0921-43ED-8F67-AD8BDC8CDE31}.Checked|x86.ActiveCfg = Checked|Any CPU
		{ACCC0156-0921-43ED-8F67-AD8BDC8CDE31}.Debug|.NET.ActiveCfg = Debug|Any CPU
		{ACCC0156-0921-43ED-8F67-AD8BDC8CDE31}.Debug|Any CPU.ActiveCfg = Debug|Any CPU
		{ACCC0156-0921-43ED-8F67-AD8BDC8CDE31}.Debug|Any CPU.Build.0 = Debug|Any CPU
		{ACCC0156-0921-43ED-8F67-AD8BDC8CDE31}.Debug|Mixed Platforms.ActiveCfg = Debug|Any CPU
		{ACCC0156-0921-43ED-8F67-AD8BDC8CDE31}.Debug|Mixed Platforms.Build.0 = Debug|Any CPU
		{ACCC0156-0921-43ED-8F67-AD8BDC8CDE31}.Debug|x86.ActiveCfg = Debug|Any CPU
		{ACCC0156-0921-43ED-8F67-AD8BDC8CDE31}.Release|.NET.ActiveCfg = Release|Any CPU
		{ACCC0156-0921-43ED-8F67-AD8BDC8CDE31}.Release|Any CPU.ActiveCfg = Release|Any CPU
		{ACCC0156-0921-43ED-8F67-AD8BDC8CDE31}.Release|Any CPU.Build.0 = Release|Any CPU
		{ACCC0156-0921-43ED-8F67-AD8BDC8CDE31}.Release|Mixed Platforms.ActiveCfg = Release|Any CPU
		{ACCC0156-0921-43ED-8F67-AD8BDC8CDE31}.Release|Mixed Platforms.Build.0 = Release|Any CPU
		{ACCC0156-0921-43ED-8F67-AD8BDC8CDE31}.Release|x86.ActiveCfg = Release|Any CPU
		{ACCC0156-0921-43ED-8F67-AD8BDC8CDE31}.z3apidebug|.NET.ActiveCfg = z3apidebug|Any CPU
		{ACCC0156-0921-43ED-8F67-AD8BDC8CDE31}.z3apidebug|Any CPU.ActiveCfg = z3apidebug|Any CPU
		{ACCC0156-0921-43ED-8F67-AD8BDC8CDE31}.z3apidebug|Any CPU.Build.0 = z3apidebug|Any CPU
		{ACCC0156-0921-43ED-8F67-AD8BDC8CDE31}.z3apidebug|Mixed Platforms.ActiveCfg = Debug|Any CPU
		{ACCC0156-0921-43ED-8F67-AD8BDC8CDE31}.z3apidebug|Mixed Platforms.Build.0 = Debug|Any CPU
		{ACCC0156-0921-43ED-8F67-AD8BDC8CDE31}.z3apidebug|x86.ActiveCfg = z3apidebug|Any CPU
		{A678C6EB-B329-46A9-BBFC-7585F01ACD7C}.Checked|.NET.ActiveCfg = Checked|x86
		{A678C6EB-B329-46A9-BBFC-7585F01ACD7C}.Checked|Any CPU.ActiveCfg = Checked|x86
		{A678C6EB-B329-46A9-BBFC-7585F01ACD7C}.Checked|Mixed Platforms.ActiveCfg = Checked|x86
		{A678C6EB-B329-46A9-BBFC-7585F01ACD7C}.Checked|Mixed Platforms.Build.0 = Checked|x86
		{A678C6EB-B329-46A9-BBFC-7585F01ACD7C}.Checked|x86.ActiveCfg = Checked|x86
		{A678C6EB-B329-46A9-BBFC-7585F01ACD7C}.Checked|x86.Build.0 = Checked|x86
		{A678C6EB-B329-46A9-BBFC-7585F01ACD7C}.Debug|.NET.ActiveCfg = Debug|x86
		{A678C6EB-B329-46A9-BBFC-7585F01ACD7C}.Debug|Any CPU.ActiveCfg = Debug|x86
		{A678C6EB-B329-46A9-BBFC-7585F01ACD7C}.Debug|Mixed Platforms.ActiveCfg = Debug|x86
		{A678C6EB-B329-46A9-BBFC-7585F01ACD7C}.Debug|Mixed Platforms.Build.0 = Debug|x86
		{A678C6EB-B329-46A9-BBFC-7585F01ACD7C}.Debug|x86.ActiveCfg = Debug|x86
		{A678C6EB-B329-46A9-BBFC-7585F01ACD7C}.Debug|x86.Build.0 = Debug|x86
		{A678C6EB-B329-46A9-BBFC-7585F01ACD7C}.Release|.NET.ActiveCfg = Release|x86
		{A678C6EB-B329-46A9-BBFC-7585F01ACD7C}.Release|Any CPU.ActiveCfg = Release|x86
		{A678C6EB-B329-46A9-BBFC-7585F01ACD7C}.Release|Mixed Platforms.ActiveCfg = Release|x86
		{A678C6EB-B329-46A9-BBFC-7585F01ACD7C}.Release|Mixed Platforms.Build.0 = Release|x86
		{A678C6EB-B329-46A9-BBFC-7585F01ACD7C}.Release|x86.ActiveCfg = Release|x86
		{A678C6EB-B329-46A9-BBFC-7585F01ACD7C}.Release|x86.Build.0 = Release|x86
		{A678C6EB-B329-46A9-BBFC-7585F01ACD7C}.z3apidebug|.NET.ActiveCfg = Release|x86
		{A678C6EB-B329-46A9-BBFC-7585F01ACD7C}.z3apidebug|Any CPU.ActiveCfg = Release|x86
		{A678C6EB-B329-46A9-BBFC-7585F01ACD7C}.z3apidebug|Mixed Platforms.ActiveCfg = Release|x86
		{A678C6EB-B329-46A9-BBFC-7585F01ACD7C}.z3apidebug|Mixed Platforms.Build.0 = Release|x86
		{A678C6EB-B329-46A9-BBFC-7585F01ACD7C}.z3apidebug|x86.ActiveCfg = Release|x86
		{A678C6EB-B329-46A9-BBFC-7585F01ACD7C}.z3apidebug|x86.Build.0 = Release|x86
		{ACEF88D5-DADD-46DA-BAE1-2144D63F4C83}.Checked|.NET.ActiveCfg = Checked|Any CPU
		{ACEF88D5-DADD-46DA-BAE1-2144D63F4C83}.Checked|Any CPU.ActiveCfg = Checked|Any CPU
		{ACEF88D5-DADD-46DA-BAE1-2144D63F4C83}.Checked|Any CPU.Build.0 = Checked|Any CPU
		{ACEF88D5-DADD-46DA-BAE1-2144D63F4C83}.Checked|Mixed Platforms.ActiveCfg = Checked|Any CPU
		{ACEF88D5-DADD-46DA-BAE1-2144D63F4C83}.Checked|Mixed Platforms.Build.0 = Checked|Any CPU
		{ACEF88D5-DADD-46DA-BAE1-2144D63F4C83}.Checked|x86.ActiveCfg = Checked|Any CPU
		{ACEF88D5-DADD-46DA-BAE1-2144D63F4C83}.Debug|.NET.ActiveCfg = Debug|Any CPU
		{ACEF88D5-DADD-46DA-BAE1-2144D63F4C83}.Debug|Any CPU.ActiveCfg = Debug|Any CPU
		{ACEF88D5-DADD-46DA-BAE1-2144D63F4C83}.Debug|Any CPU.Build.0 = Debug|Any CPU
		{ACEF88D5-DADD-46DA-BAE1-2144D63F4C83}.Debug|Mixed Platforms.ActiveCfg = Debug|Any CPU
		{ACEF88D5-DADD-46DA-BAE1-2144D63F4C83}.Debug|Mixed Platforms.Build.0 = Debug|Any CPU
		{ACEF88D5-DADD-46DA-BAE1-2144D63F4C83}.Debug|x86.ActiveCfg = Debug|Any CPU
		{ACEF88D5-DADD-46DA-BAE1-2144D63F4C83}.Release|.NET.ActiveCfg = Release|Any CPU
		{ACEF88D5-DADD-46DA-BAE1-2144D63F4C83}.Release|Any CPU.ActiveCfg = Release|Any CPU
		{ACEF88D5-DADD-46DA-BAE1-2144D63F4C83}.Release|Any CPU.Build.0 = Release|Any CPU
		{ACEF88D5-DADD-46DA-BAE1-2144D63F4C83}.Release|Mixed Platforms.ActiveCfg = Release|Any CPU
		{ACEF88D5-DADD-46DA-BAE1-2144D63F4C83}.Release|Mixed Platforms.Build.0 = Release|Any CPU
		{ACEF88D5-DADD-46DA-BAE1-2144D63F4C83}.Release|x86.ActiveCfg = Release|Any CPU
		{ACEF88D5-DADD-46DA-BAE1-2144D63F4C83}.z3apidebug|.NET.ActiveCfg = Release|Any CPU
		{ACEF88D5-DADD-46DA-BAE1-2144D63F4C83}.z3apidebug|Any CPU.ActiveCfg = Release|Any CPU
		{ACEF88D5-DADD-46DA-BAE1-2144D63F4C83}.z3apidebug|Any CPU.Build.0 = Release|Any CPU
		{ACEF88D5-DADD-46DA-BAE1-2144D63F4C83}.z3apidebug|Mixed Platforms.ActiveCfg = Release|Any CPU
		{ACEF88D5-DADD-46DA-BAE1-2144D63F4C83}.z3apidebug|Mixed Platforms.Build.0 = Release|Any CPU
		{ACEF88D5-DADD-46DA-BAE1-2144D63F4C83}.z3apidebug|x86.ActiveCfg = Release|Any CPU
		{FCD3AC7F-9DFD-46C8-AB1E-09F0B0F16DC5}.Checked|.NET.ActiveCfg = Checked|Any CPU
		{FCD3AC7F-9DFD-46C8-AB1E-09F0B0F16DC5}.Checked|Any CPU.ActiveCfg = Checked|Any CPU
		{FCD3AC7F-9DFD-46C8-AB1E-09F0B0F16DC5}.Checked|Any CPU.Build.0 = Checked|Any CPU
		{FCD3AC7F-9DFD-46C8-AB1E-09F0B0F16DC5}.Checked|Mixed Platforms.ActiveCfg = Checked|Any CPU
		{FCD3AC7F-9DFD-46C8-AB1E-09F0B0F16DC5}.Checked|Mixed Platforms.Build.0 = Checked|Any CPU
		{FCD3AC7F-9DFD-46C8-AB1E-09F0B0F16DC5}.Checked|x86.ActiveCfg = Checked|Any CPU
		{FCD3AC7F-9DFD-46C8-AB1E-09F0B0F16DC5}.Debug|.NET.ActiveCfg = Debug|Any CPU
		{FCD3AC7F-9DFD-46C8-AB1E-09F0B0F16DC5}.Debug|Any CPU.ActiveCfg = Debug|Any CPU
		{FCD3AC7F-9DFD-46C8-AB1E-09F0B0F16DC5}.Debug|Any CPU.Build.0 = Debug|Any CPU
		{FCD3AC7F-9DFD-46C8-AB1E-09F0B0F16DC5}.Debug|Mixed Platforms.ActiveCfg = Debug|Any CPU
		{FCD3AC7F-9DFD-46C8-AB1E-09F0B0F16DC5}.Debug|Mixed Platforms.Build.0 = Debug|Any CPU
		{FCD3AC7F-9DFD-46C8-AB1E-09F0B0F16DC5}.Debug|x86.ActiveCfg = Debug|Any CPU
		{FCD3AC7F-9DFD-46C8-AB1E-09F0B0F16DC5}.Release|.NET.ActiveCfg = Release|Any CPU
		{FCD3AC7F-9DFD-46C8-AB1E-09F0B0F16DC5}.Release|Any CPU.ActiveCfg = Release|Any CPU
		{FCD3AC7F-9DFD-46C8-AB1E-09F0B0F16DC5}.Release|Any CPU.Build.0 = Release|Any CPU
		{FCD3AC7F-9DFD-46C8-AB1E-09F0B0F16DC5}.Release|Mixed Platforms.ActiveCfg = Release|Any CPU
		{FCD3AC7F-9DFD-46C8-AB1E-09F0B0F16DC5}.Release|Mixed Platforms.Build.0 = Release|Any CPU
		{FCD3AC7F-9DFD-46C8-AB1E-09F0B0F16DC5}.Release|x86.ActiveCfg = Release|Any CPU
		{FCD3AC7F-9DFD-46C8-AB1E-09F0B0F16DC5}.z3apidebug|.NET.ActiveCfg = Release|Any CPU
		{FCD3AC7F-9DFD-46C8-AB1E-09F0B0F16DC5}.z3apidebug|Any CPU.ActiveCfg = Release|Any CPU
		{FCD3AC7F-9DFD-46C8-AB1E-09F0B0F16DC5}.z3apidebug|Any CPU.Build.0 = Release|Any CPU
		{FCD3AC7F-9DFD-46C8-AB1E-09F0B0F16DC5}.z3apidebug|Mixed Platforms.ActiveCfg = Release|Any CPU
		{FCD3AC7F-9DFD-46C8-AB1E-09F0B0F16DC5}.z3apidebug|Mixed Platforms.Build.0 = Release|Any CPU
		{FCD3AC7F-9DFD-46C8-AB1E-09F0B0F16DC5}.z3apidebug|x86.ActiveCfg = Release|Any CPU
		{A598ED5A-93AD-4125-A555-3921A2F936FA}.Checked|.NET.ActiveCfg = Checked|Any CPU
		{A598ED5A-93AD-4125-A555-3921A2F936FA}.Checked|Any CPU.ActiveCfg = Checked|Any CPU
		{A598ED5A-93AD-4125-A555-3921A2F936FA}.Checked|Any CPU.Build.0 = Checked|Any CPU
		{A598ED5A-93AD-4125-A555-3921A2F936FA}.Checked|Mixed Platforms.ActiveCfg = Checked|Any CPU
		{A598ED5A-93AD-4125-A555-3921A2F936FA}.Checked|Mixed Platforms.Build.0 = Checked|Any CPU
		{A598ED5A-93AD-4125-A555-3921A2F936FA}.Checked|x86.ActiveCfg = Checked|Any CPU
		{A598ED5A-93AD-4125-A555-3921A2F936FA}.Debug|.NET.ActiveCfg = Debug|Any CPU
		{A598ED5A-93AD-4125-A555-3921A2F936FA}.Debug|Any CPU.ActiveCfg = Debug|Any CPU
		{A598ED5A-93AD-4125-A555-3921A2F936FA}.Debug|Any CPU.Build.0 = Debug|Any CPU
		{A598ED5A-93AD-4125-A555-3921A2F936FA}.Debug|Mixed Platforms.ActiveCfg = Debug|Any CPU
		{A598ED5A-93AD-4125-A555-3921A2F936FA}.Debug|Mixed Platforms.Build.0 = Debug|Any CPU
		{A598ED5A-93AD-4125-A555-3921A2F936FA}.Debug|x86.ActiveCfg = Debug|Any CPU
		{A598ED5A-93AD-4125-A555-3921A2F936FA}.Release|.NET.ActiveCfg = Release|Any CPU
		{A598ED5A-93AD-4125-A555-3921A2F936FA}.Release|Any CPU.ActiveCfg = Release|Any CPU
		{A598ED5A-93AD-4125-A555-3921A2F936FA}.Release|Any CPU.Build.0 = Release|Any CPU
		{A598ED5A-93AD-4125-A555-3921A2F936FA}.Release|Mixed Platforms.ActiveCfg = Release|Any CPU
		{A598ED5A-93AD-4125-A555-3921A2F936FA}.Release|Mixed Platforms.Build.0 = Release|Any CPU
		{A598ED5A-93AD-4125-A555-3921A2F936FA}.Release|x86.ActiveCfg = Release|Any CPU
		{A598ED5A-93AD-4125-A555-3921A2F936FA}.z3apidebug|.NET.ActiveCfg = Release|Any CPU
		{A598ED5A-93AD-4125-A555-3921A2F936FA}.z3apidebug|Any CPU.ActiveCfg = Release|Any CPU
		{A598ED5A-93AD-4125-A555-3921A2F936FA}.z3apidebug|Any CPU.Build.0 = Release|Any CPU
		{A598ED5A-93AD-4125-A555-3921A2F936FA}.z3apidebug|Mixed Platforms.ActiveCfg = Release|Any CPU
		{A598ED5A-93AD-4125-A555-3921A2F936FA}.z3apidebug|Mixed Platforms.Build.0 = Release|Any CPU
		{A598ED5A-93AD-4125-A555-3921A2F936FA}.z3apidebug|x86.ActiveCfg = Release|Any CPU
		{CF41E903-78EB-43BA-A355-E5FEB5ECECD4}.Checked|.NET.ActiveCfg = Release|Any CPU
		{CF41E903-78EB-43BA-A355-E5FEB5ECECD4}.Checked|Any CPU.ActiveCfg = Release|Any CPU
		{CF41E903-78EB-43BA-A355-E5FEB5ECECD4}.Checked|Any CPU.Build.0 = Release|Any CPU
		{CF41E903-78EB-43BA-A355-E5FEB5ECECD4}.Checked|Mixed Platforms.ActiveCfg = Checked|Any CPU
		{CF41E903-78EB-43BA-A355-E5FEB5ECECD4}.Checked|Mixed Platforms.Build.0 = Checked|Any CPU
		{CF41E903-78EB-43BA-A355-E5FEB5ECECD4}.Checked|x86.ActiveCfg = Release|Any CPU
		{CF41E903-78EB-43BA-A355-E5FEB5ECECD4}.Debug|.NET.ActiveCfg = Debug|Any CPU
		{CF41E903-78EB-43BA-A355-E5FEB5ECECD4}.Debug|Any CPU.ActiveCfg = Debug|Any CPU
		{CF41E903-78EB-43BA-A355-E5FEB5ECECD4}.Debug|Any CPU.Build.0 = Debug|Any CPU
		{CF41E903-78EB-43BA-A355-E5FEB5ECECD4}.Debug|Mixed Platforms.ActiveCfg = Debug|Any CPU
		{CF41E903-78EB-43BA-A355-E5FEB5ECECD4}.Debug|Mixed Platforms.Build.0 = Debug|Any CPU
		{CF41E903-78EB-43BA-A355-E5FEB5ECECD4}.Debug|x86.ActiveCfg = Debug|Any CPU
		{CF41E903-78EB-43BA-A355-E5FEB5ECECD4}.Release|.NET.ActiveCfg = Release|Any CPU
		{CF41E903-78EB-43BA-A355-E5FEB5ECECD4}.Release|Any CPU.ActiveCfg = Release|Any CPU
		{CF41E903-78EB-43BA-A355-E5FEB5ECECD4}.Release|Any CPU.Build.0 = Release|Any CPU
		{CF41E903-78EB-43BA-A355-E5FEB5ECECD4}.Release|Mixed Platforms.ActiveCfg = Release|Any CPU
		{CF41E903-78EB-43BA-A355-E5FEB5ECECD4}.Release|Mixed Platforms.Build.0 = Release|Any CPU
		{CF41E903-78EB-43BA-A355-E5FEB5ECECD4}.Release|x86.ActiveCfg = Release|Any CPU
		{CF41E903-78EB-43BA-A355-E5FEB5ECECD4}.z3apidebug|.NET.ActiveCfg = Release|Any CPU
		{CF41E903-78EB-43BA-A355-E5FEB5ECECD4}.z3apidebug|Any CPU.ActiveCfg = Release|Any CPU
		{CF41E903-78EB-43BA-A355-E5FEB5ECECD4}.z3apidebug|Any CPU.Build.0 = Release|Any CPU
		{CF41E903-78EB-43BA-A355-E5FEB5ECECD4}.z3apidebug|Mixed Platforms.ActiveCfg = Debug|Any CPU
		{CF41E903-78EB-43BA-A355-E5FEB5ECECD4}.z3apidebug|Mixed Platforms.Build.0 = Debug|Any CPU
		{CF41E903-78EB-43BA-A355-E5FEB5ECECD4}.z3apidebug|x86.ActiveCfg = Release|Any CPU
	EndGlobalSection
	GlobalSection(SolutionProperties) = preSolution
		HideSolutionNode = FALSE
	EndGlobalSection
	GlobalSection(NestedProjects) = preSolution
		{435D5BD0-6F62-49F8-BB24-33E2257519AD} = {B758C1E3-824A-439F-AA2F-0BA1143E8C8D}
		{BB49B90B-BE21-4BE8-85BA-359FDB55F4DF} = {B758C1E3-824A-439F-AA2F-0BA1143E8C8D}
		{9B163AA3-36BC-4AFB-88AB-79BC9E97E401} = {B758C1E3-824A-439F-AA2F-0BA1143E8C8D}
		{FEE9F01B-9722-4A76-A24B-72A4016DFA8E} = {B758C1E3-824A-439F-AA2F-0BA1143E8C8D}
		{966DD87B-A29D-4F3C-9406-F680A61DC0E0} = {B758C1E3-824A-439F-AA2F-0BA1143E8C8D}
		{A598ED5A-93AD-4125-A555-3921A2F936FA} = {B758C1E3-824A-439F-AA2F-0BA1143E8C8D}
	EndGlobalSection
EndGlobal
