
Microsoft Visual Studio Solution File, Format Version 10.00
# Visual Studio 2008
Project("{2150E333-8FDC-42A3-9474-1A3956D46DE8}") = "Provers", "Provers", "{B758C1E3-824A-439F-AA2F-0BA1143E8C8D}"
EndProject
Project("{07C4E3D1-6B67-4060-8A92-940DB82041ED}") = "Simplify", "Provers\Simplify\Simplify.sscproj", "{F75666DE-FB56-457C-8782-09BE243450FC}"
EndProject
Project("{07C4E3D1-6B67-4060-8A92-940DB82041ED}") = "Z3", "Provers\Z3\Z3.sscproj", "{F75666DE-CD56-457C-8782-09BE243450FC}"
EndProject
Project("{07C4E3D1-6B67-4060-8A92-940DB82041ED}") = "SMTLib", "Provers\SMTLib\SMTLib.sscproj", "{13C3A68C-462A-4CDA-A480-738046E37C5A}"
EndProject
Project("{07C4E3D1-6B67-4060-8A92-940DB82041ED}") = "AbsInt", "AbsInt\AbsInt.sscproj", "{11D06232-2039-4BCA-853B-C596E2A4EDB0}"
EndProject
Project("{07C4E3D1-6B67-4060-8A92-940DB82041ED}") = "AIFramework", "AIFramework\AIFramework.sscproj", "{24B55172-AD8B-47D1-8952-5A95CFDB9B31}"
EndProject
Project("{07C4E3D1-6B67-4060-8A92-940DB82041ED}") = "Basetypes", "Basetypes\Basetypes.sscproj", "{0C692837-77EC-415F-BF04-395E3ED06E9A}"
EndProject
Project("{07C4E3D1-6B67-4060-8A92-940DB82041ED}") = "Core", "Core\Core.sscproj", "{47BC34F1-A173-40BE-84C2-9332B4418387}"
EndProject
Project("{07C4E3D1-6B67-4060-8A92-940DB82041ED}") = "Graph", "Graph\Graph.sscproj", "{4C28FB90-630E-4B55-A937-11A011B79765}"
EndProject
Project("{07C4E3D1-6B67-4060-8A92-940DB82041ED}") = "VCExpr", "VCExpr\VCExpr.sscproj", "{CF42B700-10AA-4DA9-8992-48A800251C11}"
EndProject
Project("{07C4E3D1-6B67-4060-8A92-940DB82041ED}") = "VCGeneration", "VCGeneration\VCGeneration.sscproj", "{F65666DE-FB56-457C-8782-09BE243450FC}"
EndProject
Project("{07C4E3D1-6B67-4060-8A92-940DB82041ED}") = "BoogieDriver", "BoogieDriver\BoogieDriver.sscproj", "{D2B98E4A-2EAB-4065-ABFA-709AC5CA7D4C}"
	ProjectSection(ProjectDependencies) = postProject
		{CF42B700-10AA-4DA9-8992-48A800251C11} = {CF42B700-10AA-4DA9-8992-48A800251C11}
		{11D06232-2039-4BCA-853B-C596E2A4EDB0} = {11D06232-2039-4BCA-853B-C596E2A4EDB0}
		{0C692837-77EC-415F-BF04-395E3ED06E9A} = {0C692837-77EC-415F-BF04-395E3ED06E9A}
		{24B55172-AD8B-47D1-8952-5A95CFDB9B31} = {24B55172-AD8B-47D1-8952-5A95CFDB9B31}
		{13C3A68C-462A-4CDA-A480-738046E37C5A} = {13C3A68C-462A-4CDA-A480-738046E37C5A}
		{4C28FB90-630E-4B55-A937-11A011B79765} = {4C28FB90-630E-4B55-A937-11A011B79765}
		{F65666DE-FB56-457C-8782-09BE243450FC} = {F65666DE-FB56-457C-8782-09BE243450FC}
		{F75666DE-CD56-457C-8782-09BE243450FC} = {F75666DE-CD56-457C-8782-09BE243450FC}
		{F75666DE-FB56-457C-8782-09BE243450FC} = {F75666DE-FB56-457C-8782-09BE243450FC}
		{47BC34F1-A173-40BE-84C2-9332B4418387} = {47BC34F1-A173-40BE-84C2-9332B4418387}
	EndProjectSection
EndProject
Project("{07C4E3D1-6B67-4060-8A92-940DB82041ED}") = "Isabelle", "Provers\Isabelle\Isabelle.sscproj", "{C3C3BC4F-6AEB-41AB-A649-4A085DC6FB36}"
EndProject
Global
	GlobalSection(SolutionConfigurationPlatforms) = preSolution
		Debug|.NET = Debug|.NET
		Debug|Any CPU = Debug|Any CPU
		Debug|Mixed Platforms = Debug|Mixed Platforms
		Release|.NET = Release|.NET
		Release|Any CPU = Release|Any CPU
		Release|Mixed Platforms = Release|Mixed Platforms
	EndGlobalSection
	GlobalSection(ProjectConfigurationPlatforms) = postSolution
		{F75666DE-FB56-457C-8782-09BE243450FC}.Debug|.NET.ActiveCfg = Debug|.NET
		{F75666DE-FB56-457C-8782-09BE243450FC}.Debug|.NET.Build.0 = Debug|.NET
		{F75666DE-FB56-457C-8782-09BE243450FC}.Debug|Any CPU.ActiveCfg = Debug|.NET
		{F75666DE-FB56-457C-8782-09BE243450FC}.Debug|Mixed Platforms.ActiveCfg = Debug|.NET
		{F75666DE-FB56-457C-8782-09BE243450FC}.Debug|Mixed Platforms.Build.0 = Debug|.NET
		{F75666DE-FB56-457C-8782-09BE243450FC}.Release|.NET.ActiveCfg = Release|.NET
		{F75666DE-FB56-457C-8782-09BE243450FC}.Release|.NET.Build.0 = Release|.NET
		{F75666DE-FB56-457C-8782-09BE243450FC}.Release|Any CPU.ActiveCfg = Release|.NET
		{F75666DE-FB56-457C-8782-09BE243450FC}.Release|Mixed Platforms.ActiveCfg = Release|.NET
		{F75666DE-FB56-457C-8782-09BE243450FC}.Release|Mixed Platforms.Build.0 = Release|.NET
		{F75666DE-CD56-457C-8782-09BE243450FC}.Debug|.NET.ActiveCfg = Debug|.NET
		{F75666DE-CD56-457C-8782-09BE243450FC}.Debug|.NET.Build.0 = Debug|.NET
		{F75666DE-CD56-457C-8782-09BE243450FC}.Debug|Any CPU.ActiveCfg = Debug|.NET
		{F75666DE-CD56-457C-8782-09BE243450FC}.Debug|Mixed Platforms.ActiveCfg = Debug|.NET
		{F75666DE-CD56-457C-8782-09BE243450FC}.Debug|Mixed Platforms.Build.0 = Debug|.NET
		{F75666DE-CD56-457C-8782-09BE243450FC}.Release|.NET.ActiveCfg = Release|.NET
		{F75666DE-CD56-457C-8782-09BE243450FC}.Release|.NET.Build.0 = Release|.NET
		{F75666DE-CD56-457C-8782-09BE243450FC}.Release|Any CPU.ActiveCfg = Release|.NET
		{F75666DE-CD56-457C-8782-09BE243450FC}.Release|Mixed Platforms.ActiveCfg = Release|.NET
		{F75666DE-CD56-457C-8782-09BE243450FC}.Release|Mixed Platforms.Build.0 = Release|.NET
		{13C3A68C-462A-4CDA-A480-738046E37C5A}.Debug|.NET.ActiveCfg = Debug|.NET
		{13C3A68C-462A-4CDA-A480-738046E37C5A}.Debug|.NET.Build.0 = Debug|.NET
		{13C3A68C-462A-4CDA-A480-738046E37C5A}.Debug|Any CPU.ActiveCfg = Debug|.NET
		{13C3A68C-462A-4CDA-A480-738046E37C5A}.Debug|Mixed Platforms.ActiveCfg = Debug|.NET
		{13C3A68C-462A-4CDA-A480-738046E37C5A}.Debug|Mixed Platforms.Build.0 = Debug|.NET
		{13C3A68C-462A-4CDA-A480-738046E37C5A}.Release|.NET.ActiveCfg = Release|.NET
		{13C3A68C-462A-4CDA-A480-738046E37C5A}.Release|.NET.Build.0 = Release|.NET
		{13C3A68C-462A-4CDA-A480-738046E37C5A}.Release|Any CPU.ActiveCfg = Release|.NET
		{13C3A68C-462A-4CDA-A480-738046E37C5A}.Release|Mixed Platforms.ActiveCfg = Release|.NET
		{13C3A68C-462A-4CDA-A480-738046E37C5A}.Release|Mixed Platforms.Build.0 = Release|.NET
		{11D06232-2039-4BCA-853B-C596E2A4EDB0}.Debug|.NET.ActiveCfg = Debug|.NET
		{11D06232-2039-4BCA-853B-C596E2A4EDB0}.Debug|.NET.Build.0 = Debug|.NET
		{11D06232-2039-4BCA-853B-C596E2A4EDB0}.Debug|Any CPU.ActiveCfg = Debug|.NET
		{11D06232-2039-4BCA-853B-C596E2A4EDB0}.Debug|Mixed Platforms.ActiveCfg = Debug|.NET
		{11D06232-2039-4BCA-853B-C596E2A4EDB0}.Debug|Mixed Platforms.Build.0 = Debug|.NET
		{11D06232-2039-4BCA-853B-C596E2A4EDB0}.Release|.NET.ActiveCfg = Release|.NET
		{11D06232-2039-4BCA-853B-C596E2A4EDB0}.Release|.NET.Build.0 = Release|.NET
		{11D06232-2039-4BCA-853B-C596E2A4EDB0}.Release|Any CPU.ActiveCfg = Release|.NET
		{11D06232-2039-4BCA-853B-C596E2A4EDB0}.Release|Mixed Platforms.ActiveCfg = Release|.NET
		{11D06232-2039-4BCA-853B-C596E2A4EDB0}.Release|Mixed Platforms.Build.0 = Release|.NET
		{24B55172-AD8B-47D1-8952-5A95CFDB9B31}.Debug|.NET.ActiveCfg = Debug|.NET
		{24B55172-AD8B-47D1-8952-5A95CFDB9B31}.Debug|.NET.Build.0 = Debug|.NET
		{24B55172-AD8B-47D1-8952-5A95CFDB9B31}.Debug|Any CPU.ActiveCfg = Debug|.NET
		{24B55172-AD8B-47D1-8952-5A95CFDB9B31}.Debug|Mixed Platforms.ActiveCfg = Debug|.NET
		{24B55172-AD8B-47D1-8952-5A95CFDB9B31}.Debug|Mixed Platforms.Build.0 = Debug|.NET
		{24B55172-AD8B-47D1-8952-5A95CFDB9B31}.Release|.NET.ActiveCfg = Release|.NET
		{24B55172-AD8B-47D1-8952-5A95CFDB9B31}.Release|.NET.Build.0 = Release|.NET
		{24B55172-AD8B-47D1-8952-5A95CFDB9B31}.Release|Any CPU.ActiveCfg = Release|.NET
		{24B55172-AD8B-47D1-8952-5A95CFDB9B31}.Release|Mixed Platforms.ActiveCfg = Release|.NET
		{24B55172-AD8B-47D1-8952-5A95CFDB9B31}.Release|Mixed Platforms.Build.0 = Release|.NET
		{0C692837-77EC-415F-BF04-395E3ED06E9A}.Debug|.NET.ActiveCfg = Debug|.NET
		{0C692837-77EC-415F-BF04-395E3ED06E9A}.Debug|.NET.Build.0 = Debug|.NET
		{0C692837-77EC-415F-BF04-395E3ED06E9A}.Debug|Any CPU.ActiveCfg = Debug|.NET
		{0C692837-77EC-415F-BF04-395E3ED06E9A}.Debug|Mixed Platforms.ActiveCfg = Debug|.NET
		{0C692837-77EC-415F-BF04-395E3ED06E9A}.Debug|Mixed Platforms.Build.0 = Debug|.NET
		{0C692837-77EC-415F-BF04-395E3ED06E9A}.Release|.NET.ActiveCfg = Release|.NET
		{0C692837-77EC-415F-BF04-395E3ED06E9A}.Release|.NET.Build.0 = Release|.NET
		{0C692837-77EC-415F-BF04-395E3ED06E9A}.Release|Any CPU.ActiveCfg = Release|.NET
		{0C692837-77EC-415F-BF04-395E3ED06E9A}.Release|Mixed Platforms.ActiveCfg = Release|.NET
		{0C692837-77EC-415F-BF04-395E3ED06E9A}.Release|Mixed Platforms.Build.0 = Release|.NET
		{47BC34F1-A173-40BE-84C2-9332B4418387}.Debug|.NET.ActiveCfg = Debug|.NET
		{47BC34F1-A173-40BE-84C2-9332B4418387}.Debug|.NET.Build.0 = Debug|.NET
		{47BC34F1-A173-40BE-84C2-9332B4418387}.Debug|Any CPU.ActiveCfg = Debug|.NET
		{47BC34F1-A173-40BE-84C2-9332B4418387}.Debug|Mixed Platforms.ActiveCfg = Debug|.NET
		{47BC34F1-A173-40BE-84C2-9332B4418387}.Debug|Mixed Platforms.Build.0 = Debug|.NET
		{47BC34F1-A173-40BE-84C2-9332B4418387}.Release|.NET.ActiveCfg = Release|.NET
		{47BC34F1-A173-40BE-84C2-9332B4418387}.Release|.NET.Build.0 = Release|.NET
		{47BC34F1-A173-40BE-84C2-9332B4418387}.Release|Any CPU.ActiveCfg = Release|.NET
		{47BC34F1-A173-40BE-84C2-9332B4418387}.Release|Mixed Platforms.ActiveCfg = Release|.NET
		{47BC34F1-A173-40BE-84C2-9332B4418387}.Release|Mixed Platforms.Build.0 = Release|.NET
		{4C28FB90-630E-4B55-A937-11A011B79765}.Debug|.NET.ActiveCfg = Debug|.NET
		{4C28FB90-630E-4B55-A937-11A011B79765}.Debug|.NET.Build.0 = Debug|.NET
		{4C28FB90-630E-4B55-A937-11A011B79765}.Debug|Any CPU.ActiveCfg = Debug|.NET
		{4C28FB90-630E-4B55-A937-11A011B79765}.Debug|Mixed Platforms.ActiveCfg = Debug|.NET
		{4C28FB90-630E-4B55-A937-11A011B79765}.Debug|Mixed Platforms.Build.0 = Debug|.NET
		{4C28FB90-630E-4B55-A937-11A011B79765}.Release|.NET.ActiveCfg = Release|.NET
		{4C28FB90-630E-4B55-A937-11A011B79765}.Release|.NET.Build.0 = Release|.NET
		{4C28FB90-630E-4B55-A937-11A011B79765}.Release|Any CPU.ActiveCfg = Release|.NET
		{4C28FB90-630E-4B55-A937-11A011B79765}.Release|Mixed Platforms.ActiveCfg = Release|.NET
		{4C28FB90-630E-4B55-A937-11A011B79765}.Release|Mixed Platforms.Build.0 = Release|.NET
		{CF42B700-10AA-4DA9-8992-48A800251C11}.Debug|.NET.ActiveCfg = Debug|.NET
		{CF42B700-10AA-4DA9-8992-48A800251C11}.Debug|.NET.Build.0 = Debug|.NET
		{CF42B700-10AA-4DA9-8992-48A800251C11}.Debug|Any CPU.ActiveCfg = Debug|.NET
		{CF42B700-10AA-4DA9-8992-48A800251C11}.Debug|Mixed Platforms.ActiveCfg = Debug|.NET
		{CF42B700-10AA-4DA9-8992-48A800251C11}.Debug|Mixed Platforms.Build.0 = Debug|.NET
		{CF42B700-10AA-4DA9-8992-48A800251C11}.Release|.NET.ActiveCfg = Release|.NET
		{CF42B700-10AA-4DA9-8992-48A800251C11}.Release|.NET.Build.0 = Release|.NET
		{CF42B700-10AA-4DA9-8992-48A800251C11}.Release|Any CPU.ActiveCfg = Release|.NET
		{CF42B700-10AA-4DA9-8992-48A800251C11}.Release|Mixed Platforms.ActiveCfg = Release|.NET
		{CF42B700-10AA-4DA9-8992-48A800251C11}.Release|Mixed Platforms.Build.0 = Release|.NET
		{F65666DE-FB56-457C-8782-09BE243450FC}.Debug|.NET.ActiveCfg = Debug|.NET
		{F65666DE-FB56-457C-8782-09BE243450FC}.Debug|.NET.Build.0 = Debug|.NET
		{F65666DE-FB56-457C-8782-09BE243450FC}.Debug|Any CPU.ActiveCfg = Debug|.NET
		{F65666DE-FB56-457C-8782-09BE243450FC}.Debug|Mixed Platforms.ActiveCfg = Debug|.NET
		{F65666DE-FB56-457C-8782-09BE243450FC}.Debug|Mixed Platforms.Build.0 = Debug|.NET
		{F65666DE-FB56-457C-8782-09BE243450FC}.Release|.NET.ActiveCfg = Release|.NET
		{F65666DE-FB56-457C-8782-09BE243450FC}.Release|.NET.Build.0 = Release|.NET
		{F65666DE-FB56-457C-8782-09BE243450FC}.Release|Any CPU.ActiveCfg = Release|.NET
		{F65666DE-FB56-457C-8782-09BE243450FC}.Release|Mixed Platforms.ActiveCfg = Release|.NET
		{F65666DE-FB56-457C-8782-09BE243450FC}.Release|Mixed Platforms.Build.0 = Release|.NET
		{D2B98E4A-2EAB-4065-ABFA-709AC5CA7D4C}.Debug|.NET.ActiveCfg = Debug|.NET
		{D2B98E4A-2EAB-4065-ABFA-709AC5CA7D4C}.Debug|.NET.Build.0 = Debug|.NET
		{D2B98E4A-2EAB-4065-ABFA-709AC5CA7D4C}.Debug|Any CPU.ActiveCfg = Debug|.NET
		{D2B98E4A-2EAB-4065-ABFA-709AC5CA7D4C}.Debug|Mixed Platforms.ActiveCfg = Debug|.NET
		{D2B98E4A-2EAB-4065-ABFA-709AC5CA7D4C}.Debug|Mixed Platforms.Build.0 = Debug|.NET
		{D2B98E4A-2EAB-4065-ABFA-709AC5CA7D4C}.Release|.NET.ActiveCfg = Release|.NET
		{D2B98E4A-2EAB-4065-ABFA-709AC5CA7D4C}.Release|.NET.Build.0 = Release|.NET
		{D2B98E4A-2EAB-4065-ABFA-709AC5CA7D4C}.Release|Any CPU.ActiveCfg = Release|.NET
		{D2B98E4A-2EAB-4065-ABFA-709AC5CA7D4C}.Release|Mixed Platforms.ActiveCfg = Release|.NET
		{D2B98E4A-2EAB-4065-ABFA-709AC5CA7D4C}.Release|Mixed Platforms.Build.0 = Release|.NET
		{C3C3BC4F-6AEB-41AB-A649-4A085DC6FB36}.Debug|.NET.ActiveCfg = Debug|.NET
		{C3C3BC4F-6AEB-41AB-A649-4A085DC6FB36}.Debug|.NET.Build.0 = Debug|.NET
		{C3C3BC4F-6AEB-41AB-A649-4A085DC6FB36}.Debug|Any CPU.ActiveCfg = Debug|.NET
		{C3C3BC4F-6AEB-41AB-A649-4A085DC6FB36}.Debug|Mixed Platforms.ActiveCfg = Debug|.NET
		{C3C3BC4F-6AEB-41AB-A649-4A085DC6FB36}.Debug|Mixed Platforms.Build.0 = Debug|.NET
		{C3C3BC4F-6AEB-41AB-A649-4A085DC6FB36}.Release|.NET.ActiveCfg = Release|.NET
		{C3C3BC4F-6AEB-41AB-A649-4A085DC6FB36}.Release|.NET.Build.0 = Release|.NET
		{C3C3BC4F-6AEB-41AB-A649-4A085DC6FB36}.Release|Any CPU.ActiveCfg = Release|.NET
		{C3C3BC4F-6AEB-41AB-A649-4A085DC6FB36}.Release|Mixed Platforms.ActiveCfg = Release|.NET
		{C3C3BC4F-6AEB-41AB-A649-4A085DC6FB36}.Release|Mixed Platforms.Build.0 = Release|.NET
	EndGlobalSection
	GlobalSection(SolutionProperties) = preSolution
		HideSolutionNode = FALSE
	EndGlobalSection
	GlobalSection(NestedProjects) = preSolution
		{F75666DE-FB56-457C-8782-09BE243450FC} = {B758C1E3-824A-439F-AA2F-0BA1143E8C8D}
		{F75666DE-CD56-457C-8782-09BE243450FC} = {B758C1E3-824A-439F-AA2F-0BA1143E8C8D}
		{13C3A68C-462A-4CDA-A480-738046E37C5A} = {B758C1E3-824A-439F-AA2F-0BA1143E8C8D}
		{C3C3BC4F-6AEB-41AB-A649-4A085DC6FB36} = {B758C1E3-824A-439F-AA2F-0BA1143E8C8D}
	EndGlobalSection
EndGlobal
